
Microsoft Visual Studio Solution File, Format Version 12.00
# Visual Studio Version 16
VisualStudioVersion = 16.0.30114.105
MinimumVisualStudioVersion = 10.0.40219.1
Project("{FAE04EC0-301F-11D3-BF4B-00C04F79EFBC}") = "Penguin.Cms.Modules.Pages.Local", "Penguin.Cms.Modules.Pages.Local.csproj", "{61D503BF-1FBC-456B-8D46-06D7B3269390}"
EndProject
Project("{FAE04EC0-301F-11D3-BF4B-00C04F79EFBC}") = "Penguin.Cms.Web.Pages.Local", "..\Penguin.Cms.Web.Pages\Penguin.Cms.Web.Pages.Local.csproj", "{114DC7FA-E849-40C4-A8AB-1CA4154AC7EF}"
EndProject
Project("{FAE04EC0-301F-11D3-BF4B-00C04F79EFBC}") = "Penguin.Web.Abstractions.Local", "..\Penguin.Web.Abstractions\Penguin.Web.Abstractions.Local.csproj", "{B0777B6E-8CD1-4D1B-B26B-A9A0EA7D14AB}"
EndProject
Project("{FAE04EC0-301F-11D3-BF4B-00C04F79EFBC}") = "Penguin.Web.Templating.Local", "..\Penguin.Web.Templating\Penguin.Web.Templating.Local.csproj", "{5F78AA82-7C35-4FA2-B504-DB29133B4415}"
EndProject
Project("{FAE04EC0-301F-11D3-BF4B-00C04F79EFBC}") = "Penguin.Templating.Abstractions.Local", "..\Penguin.Templating.Abstractions\Penguin.Templating.Abstractions.Local.csproj", "{336CE623-80C9-43C6-B8D2-A2F39D4BA02C}"
EndProject
Project("{FAE04EC0-301F-11D3-BF4B-00C04F79EFBC}") = "Penguin.Reflection.Extensions.Local", "..\Penguin.Reflection.Extensions\Penguin.Reflection.Extensions.Local.csproj", "{98726BEB-1310-4210-9E4F-69E605DC6317}"
EndProject
Project("{FAE04EC0-301F-11D3-BF4B-00C04F79EFBC}") = "Penguin.Reflection.Abstractions.Local", "..\Penguin.Reflection.Abstractions\Penguin.Reflection.Abstractions.Local.csproj", "{E920B671-72A1-42B5-AB7B-7613290D003F}"
EndProject
Project("{FAE04EC0-301F-11D3-BF4B-00C04F79EFBC}") = "Penguin.Extensions.String.Local", "..\Penguin.Extensions.String\Penguin.Extensions.String.Local.csproj", "{75FB6ABB-0319-4D6A-A571-86F232F7D631}"
EndProject
Project("{FAE04EC0-301F-11D3-BF4B-00C04F79EFBC}") = "Penguin.Cms.Abstractions.Local", "..\Penguin.Cms.Abstractions\Penguin.Cms.Abstractions.Local.csproj", "{73993146-BB11-4951-8C0C-96DA46BB4944}"
EndProject
Project("{FAE04EC0-301F-11D3-BF4B-00C04F79EFBC}") = "Penguin.DependencyInjection.Abstractions.Local", "..\Penguin.DependencyInjection.Abstractions\Penguin.DependencyInjection.Abstractions.Local.csproj", "{BA908F11-C94C-44E1-B50E-2CC030FB9200}"
EndProject
Project("{FAE04EC0-301F-11D3-BF4B-00C04F79EFBC}") = "Penguin.Persistence.Abstractions.Local", "..\Penguin.Persistence.Abstractions\Penguin.Persistence.Abstractions.Local.csproj", "{BBEEA210-11A3-4520-9190-1ED89CD8FACE}"
EndProject
Project("{FAE04EC0-301F-11D3-BF4B-00C04F79EFBC}") = "Penguin.Entities.Abstractions.Local", "..\Penguin.Entities.Abstractions\Penguin.Entities.Abstractions.Local.csproj", "{7AB56FA9-A841-48A8-AE3D-D175F27C7A23}"
EndProject
Project("{FAE04EC0-301F-11D3-BF4B-00C04F79EFBC}") = "Penguin.Cms.Pages.Repositories.Local", "..\Penguin.Cms.Pages.Repositories\Penguin.Cms.Pages.Repositories.Local.csproj", "{C59DD136-F54E-47B8-8924-4B864A708876}"
EndProject
Project("{FAE04EC0-301F-11D3-BF4B-00C04F79EFBC}") = "Penguin.Cms.Pages.Local", "..\Penguin.Cms.Pages\Penguin.Cms.Pages.Local.csproj", "{EEFDEC86-7948-49FB-9ABB-1906B25F14C5}"
EndProject
Project("{FAE04EC0-301F-11D3-BF4B-00C04F79EFBC}") = "Penguin.Cms.Entities.Local", "..\Penguin.Cms.Entities\Penguin.Cms.Entities.Local.csproj", "{4ECB0AD1-04E4-4B37-A46D-2D0789D83584}"
EndProject
Project("{FAE04EC0-301F-11D3-BF4B-00C04F79EFBC}") = "Penguin.Cms.Repositories.Local", "..\Penguin.Cms.Repositories\Penguin.Cms.Repositories.Local.csproj", "{5087737A-1E3F-4935-B1B4-52B547F91A25}"
EndProject
Project("{FAE04EC0-301F-11D3-BF4B-00C04F79EFBC}") = "Penguin.Persistence.Repositories.Local", "..\Penguin.Persistence.Repositories\Penguin.Persistence.Repositories.Local.csproj", "{9521F55D-7888-49CF-ADCC-41C1D190A777}"
EndProject
Project("{FAE04EC0-301F-11D3-BF4B-00C04F79EFBC}") = "Penguin.Messaging.Persistence.Local", "..\Penguin.Messaging.Persistence\Penguin.Messaging.Persistence.Local.csproj", "{7D36CC22-D25F-43AB-9FF5-51FA52A4C782}"
EndProject
Project("{FAE04EC0-301F-11D3-BF4B-00C04F79EFBC}") = "Penguin.Messaging.Abstractions.Local", "..\Penguin.Messaging.Abstractions\Penguin.Messaging.Abstractions.Local.csproj", "{768F668A-48EF-4B92-B557-B459D6E1BB38}"
EndProject
Project("{FAE04EC0-301F-11D3-BF4B-00C04F79EFBC}") = "Penguin.Messaging.Core.Local", "..\Penguin.Messaging.Core\Penguin.Messaging.Core.Local.csproj", "{E509FEDC-04F2-403A-87FB-080F4C230376}"
EndProject
Project("{FAE04EC0-301F-11D3-BF4B-00C04F79EFBC}") = "Penguin.Debugging.Local", "..\Penguin.Debugging\Penguin.Debugging.Local.csproj", "{85E0652A-84BC-411B-BDC7-8D367C9A5641}"
EndProject
Project("{FAE04EC0-301F-11D3-BF4B-00C04F79EFBC}") = "Penguin.Extensions.Exceptions.Local", "..\Penguin.Extensions.Exceptions\Penguin.Extensions.Exceptions.Local.csproj", "{D7C3259C-C89B-48F7-84A4-353D474F71A3}"
EndProject
Project("{FAE04EC0-301F-11D3-BF4B-00C04F79EFBC}") = "Penguin.Reflection.Local", "..\Penguin.Reflection\Penguin.Reflection.Local.csproj", "{94590EA6-B173-4E0C-B02F-C836C9F2785B}"
EndProject
Project("{FAE04EC0-301F-11D3-BF4B-00C04F79EFBC}") = "Penguin.Cms.Modules.Dynamic.Local", "..\Penguin.Cms.Modules.Dynamic\Penguin.Cms.Modules.Dynamic.Local.csproj", "{670FC2DB-0130-40F0-99AB-0F7452F76DB9}"
EndProject
Project("{FAE04EC0-301F-11D3-BF4B-00C04F79EFBC}") = "Penguin.Shared.Objects.Local", "..\Penguin.Shared.Objects\Penguin.Shared.Objects.Local.csproj", "{4B98680E-685D-4D30-B78A-18A1B8F8B0FE}"
EndProject
Project("{FAE04EC0-301F-11D3-BF4B-00C04F79EFBC}") = "Penguin.Cms.Errors.Local", "..\Penguin.Cms.Errors\Penguin.Cms.Errors.Local.csproj", "{1661F063-8624-4A2C-B8B7-7AA7E172D952}"
EndProject
Project("{FAE04EC0-301F-11D3-BF4B-00C04F79EFBC}") = "Penguin.Auditing.Abstractions.Local", "..\Penguin.Auditing.Abstractions\Penguin.Auditing.Abstractions.Local.csproj", "{BEA16407-889E-42E7-8E26-ED29DA532612}"
EndProject
Project("{FAE04EC0-301F-11D3-BF4B-00C04F79EFBC}") = "Penguin.Web.Dynamic.Local", "..\Penguin.Web.Dynamic\Penguin.Web.Dynamic.Local.csproj", "{AC913F87-4401-4188-A42D-E8C47693547A}"
EndProject
Project("{FAE04EC0-301F-11D3-BF4B-00C04F79EFBC}") = "Penguin.Extensions.Collections.Local", "..\Penguin.Extensions.Collections\Penguin.Extensions.Collections.Local.csproj", "{1D27040D-F72A-49BC-A1D3-54C6843B1C33}"
EndProject
Project("{FAE04EC0-301F-11D3-BF4B-00C04F79EFBC}") = "Penguin.Reflection.Serialization.Local", "..\Penguin.Reflection.Serialization\Penguin.Reflection.Serialization.Local.csproj", "{5F7BA5A8-46C1-4597-A506-4457C8BF29FC}"
EndProject
Project("{FAE04EC0-301F-11D3-BF4B-00C04F79EFBC}") = "Penguin.Reflection.Serialization.Abstractions.Local", "..\Penguin.Reflection.Serialization.Abstractions\Penguin.Reflection.Serialization.Abstractions.Local.csproj", "{DC52EB38-3389-4C28-8DD6-7A7943B52E6F}"
EndProject
Project("{FAE04EC0-301F-11D3-BF4B-00C04F79EFBC}") = "Penguin.Cms.Modules.Admin.Local", "..\Penguin.Cms.Modules.Admin\Penguin.Cms.Modules.Admin.Local.csproj", "{64D5AC7D-8F5A-4DAD-A9FF-2F4807DDF265}"
EndProject
Project("{FAE04EC0-301F-11D3-BF4B-00C04F79EFBC}") = "Penguin.Web.Security.Local", "..\Penguin.Web.Security\Penguin.Web.Security.Local.csproj", "{75DC0FAD-07CF-4C0D-82D1-8F6835CFBFAD}"
EndProject
Project("{FAE04EC0-301F-11D3-BF4B-00C04F79EFBC}") = "Penguin.Security.Abstractions.Local", "..\Penguin.Security.Abstractions\Penguin.Security.Abstractions.Local.csproj", "{E8DB747E-176B-4FE1-9F88-306D0F104522}"
EndProject
Project("{FAE04EC0-301F-11D3-BF4B-00C04F79EFBC}") = "Penguin.Cms.Modules.Core.Local", "..\Penguin.Cms.Modules.Core\Penguin.Cms.Modules.Core.Local.csproj", "{467EF656-BACC-4152-8D71-8D6B10D67572}"
EndProject
Project("{FAE04EC0-301F-11D3-BF4B-00C04F79EFBC}") = "Penguin.Navigation.Abstractions.Local", "..\Penguin.Navigation.Abstractions\Penguin.Navigation.Abstractions.Local.csproj", "{E3608183-F334-4335-BF84-53A252E8C633}"
EndProject
Project("{FAE04EC0-301F-11D3-BF4B-00C04F79EFBC}") = "Penguin.Cms.Core.Local", "..\Penguin.Cms.Core\Penguin.Cms.Core.Local.csproj", "{5C6DA172-0FAB-4DF4-8A18-C4BD30410DB6}"
EndProject
Project("{FAE04EC0-301F-11D3-BF4B-00C04F79EFBC}") = "Penguin.Cms.Web.Local", "..\Penguin.Cms.Web\Penguin.Cms.Web.Local.csproj", "{C1F97567-D364-465B-9F12-653D8E696408}"
EndProject
Project("{FAE04EC0-301F-11D3-BF4B-00C04F79EFBC}") = "Penguin.Web.Mvc.Local", "..\Penguin.Web.Mvc\Penguin.Web.Mvc.Local.csproj", "{41C1E66D-0766-4B03-9D44-2B38BF31EC1A}"
EndProject
Project("{FAE04EC0-301F-11D3-BF4B-00C04F79EFBC}") = "Penguin.Web.Mvc.Abstractions.Local", "..\Penguin.Web.Mvc.Abstractions\Penguin.Web.Mvc.Abstractions.Local.csproj", "{8146C0D6-A906-42F7-B4C1-9618374487DC}"
EndProject
Project("{FAE04EC0-301F-11D3-BF4B-00C04F79EFBC}") = "Penguin.Configuration.Local", "..\Penguin.Configuration\Penguin.Configuration.Local.csproj", "{96B035EC-E7E0-42DC-88CB-2B545834848C}"
EndProject
Project("{FAE04EC0-301F-11D3-BF4B-00C04F79EFBC}") = "Penguin.Configuration.Abstractions.Local", "..\Penguin.Configuration.Abstractions\Penguin.Configuration.Abstractions.Local.csproj", "{3C474021-959E-4C34-9114-CE083BA83037}"
EndProject
Project("{FAE04EC0-301F-11D3-BF4B-00C04F79EFBC}") = "Penguin.Messaging.Application.Local", "..\Penguin.Messaging.Application\Penguin.Messaging.Application.Local.csproj", "{A3C7B1EC-3EA6-4D3F-A706-A2F9D7EF3BB0}"
EndProject
Project("{FAE04EC0-301F-11D3-BF4B-00C04F79EFBC}") = "Penguin.Testing.Local", "..\Penguin.Testing\Penguin.Testing.Local.csproj", "{CF88621F-2430-44E9-85C4-197C0C943CAA}"
EndProject
Project("{FAE04EC0-301F-11D3-BF4B-00C04F79EFBC}") = "Penguin.Web.Errors.Local", "..\Penguin.Web.Errors\Penguin.Web.Errors.Local.csproj", "{536E9B0E-1595-4DAE-9865-AF449F5E08F6}"
EndProject
Project("{FAE04EC0-301F-11D3-BF4B-00C04F79EFBC}") = "Penguin.Files.Local", "..\Penguin.Files\Penguin.Files.Local.csproj", "{7F5AFEC9-DD86-4DA6-9F71-64D01E4D6CF8}"
EndProject
Project("{FAE04EC0-301F-11D3-BF4B-00C04F79EFBC}") = "Penguin.Files.Abstractions.Local", "..\Penguin.Files.Abstractions\Penguin.Files.Abstractions.Local.csproj", "{F4A9D9F1-95FD-4C55-850F-CB92CC8BA64B}"
EndProject
Project("{FAE04EC0-301F-11D3-BF4B-00C04F79EFBC}") = "Penguin.Web.DependencyInjection.Local", "..\Penguin.Web.DependencyInjection\Penguin.Web.DependencyInjection.Local.csproj", "{7615E768-7171-4245-859D-95BA23CE5A10}"
EndProject
Project("{FAE04EC0-301F-11D3-BF4B-00C04F79EFBC}") = "Penguin.Web.Testing.Local", "..\Penguin.Web.Testing\Penguin.Web.Testing.Local.csproj", "{2C8AA71C-4608-4EC0-A5B0-0AB638881377}"
EndProject
Project("{FAE04EC0-301F-11D3-BF4B-00C04F79EFBC}") = "Penguin.DependencyInjection.Local", "..\Penguin.DependencyInjection\Penguin.DependencyInjection.Local.csproj", "{E547D77F-2589-4D0E-AD6D-FA1D85F5381E}"
EndProject
Project("{FAE04EC0-301F-11D3-BF4B-00C04F79EFBC}") = "Penguin.Reflection.Serialization.Extensions.Local", "..\Penguin.Reflection.Serialization.Extensions\Penguin.Reflection.Serialization.Extensions.Local.csproj", "{A8428B36-E7E4-49DC-A50B-294EC246BDF3}"
EndProject
Project("{FAE04EC0-301F-11D3-BF4B-00C04F79EFBC}") = "Penguin.Persistence.Database.Local", "..\Penguin.Persistence.Database\Penguin.Persistence.Database.Local.csproj", "{D13046EB-6B1C-45DD-A059-EF1ADC77D49B}"
EndProject
Project("{FAE04EC0-301F-11D3-BF4B-00C04F79EFBC}") = "Penguin.Threading.BackgroundWorker.Local", "..\Penguin.Threading.BackgroundWorker\Penguin.Threading.BackgroundWorker.Local.csproj", "{C0B7EB24-8532-4372-B3C9-2100E8B25CD2}"
EndProject
Project("{FAE04EC0-301F-11D3-BF4B-00C04F79EFBC}") = "Penguin.Json.Local", "..\Penguin.Json\Penguin.Json.Local.csproj", "{DF7BCEA6-DC18-4BCB-8A0B-41E2FCAC45EC}"
EndProject
Project("{FAE04EC0-301F-11D3-BF4B-00C04F79EFBC}") = "Penguin.SystemExtensions.Abstractions.Local", "..\Penguin.SystemExtensions.Abstractions\Penguin.SystemExtensions.Abstractions.Local.csproj", "{4D3E042C-997A-4B92-A3E8-235617891C29}"
EndProject
Project("{FAE04EC0-301F-11D3-BF4B-00C04F79EFBC}") = "Penguin.Json.Abstractions.Local", "..\Penguin.Json.Abstractions\Penguin.Json.Abstractions.Local.csproj", "{A40D0187-972E-4A78-A645-E3E80F072F02}"
EndProject
Global
	GlobalSection(SolutionConfigurationPlatforms) = preSolution
		Debug|Any CPU = Debug|Any CPU
		Debug|x64 = Debug|x64
		Debug|x86 = Debug|x86
		Release|Any CPU = Release|Any CPU
		Release|x64 = Release|x64
		Release|x86 = Release|x86
	EndGlobalSection
	GlobalSection(SolutionProperties) = preSolution
		HideSolutionNode = FALSE
	EndGlobalSection
	GlobalSection(ProjectConfigurationPlatforms) = postSolution
		{61D503BF-1FBC-456B-8D46-06D7B3269390}.Debug|Any CPU.ActiveCfg = Debug|Any CPU
		{61D503BF-1FBC-456B-8D46-06D7B3269390}.Debug|Any CPU.Build.0 = Debug|Any CPU
		{61D503BF-1FBC-456B-8D46-06D7B3269390}.Debug|x64.ActiveCfg = Debug|Any CPU
		{61D503BF-1FBC-456B-8D46-06D7B3269390}.Debug|x64.Build.0 = Debug|Any CPU
		{61D503BF-1FBC-456B-8D46-06D7B3269390}.Debug|x86.ActiveCfg = Debug|Any CPU
		{61D503BF-1FBC-456B-8D46-06D7B3269390}.Debug|x86.Build.0 = Debug|Any CPU
		{61D503BF-1FBC-456B-8D46-06D7B3269390}.Release|Any CPU.ActiveCfg = Release|Any CPU
		{61D503BF-1FBC-456B-8D46-06D7B3269390}.Release|Any CPU.Build.0 = Release|Any CPU
		{61D503BF-1FBC-456B-8D46-06D7B3269390}.Release|x64.ActiveCfg = Release|Any CPU
		{61D503BF-1FBC-456B-8D46-06D7B3269390}.Release|x64.Build.0 = Release|Any CPU
		{61D503BF-1FBC-456B-8D46-06D7B3269390}.Release|x86.ActiveCfg = Release|Any CPU
		{61D503BF-1FBC-456B-8D46-06D7B3269390}.Release|x86.Build.0 = Release|Any CPU
		{114DC7FA-E849-40C4-A8AB-1CA4154AC7EF}.Debug|Any CPU.ActiveCfg = Debug|Any CPU
		{114DC7FA-E849-40C4-A8AB-1CA4154AC7EF}.Debug|Any CPU.Build.0 = Debug|Any CPU
		{114DC7FA-E849-40C4-A8AB-1CA4154AC7EF}.Debug|x64.ActiveCfg = Debug|Any CPU
		{114DC7FA-E849-40C4-A8AB-1CA4154AC7EF}.Debug|x64.Build.0 = Debug|Any CPU
		{114DC7FA-E849-40C4-A8AB-1CA4154AC7EF}.Debug|x86.ActiveCfg = Debug|Any CPU
		{114DC7FA-E849-40C4-A8AB-1CA4154AC7EF}.Debug|x86.Build.0 = Debug|Any CPU
		{114DC7FA-E849-40C4-A8AB-1CA4154AC7EF}.Release|Any CPU.ActiveCfg = Release|Any CPU
		{114DC7FA-E849-40C4-A8AB-1CA4154AC7EF}.Release|Any CPU.Build.0 = Release|Any CPU
		{114DC7FA-E849-40C4-A8AB-1CA4154AC7EF}.Release|x64.ActiveCfg = Release|Any CPU
		{114DC7FA-E849-40C4-A8AB-1CA4154AC7EF}.Release|x64.Build.0 = Release|Any CPU
		{114DC7FA-E849-40C4-A8AB-1CA4154AC7EF}.Release|x86.ActiveCfg = Release|Any CPU
		{114DC7FA-E849-40C4-A8AB-1CA4154AC7EF}.Release|x86.Build.0 = Release|Any CPU
		{B0777B6E-8CD1-4D1B-B26B-A9A0EA7D14AB}.Debug|Any CPU.ActiveCfg = Debug|Any CPU
		{B0777B6E-8CD1-4D1B-B26B-A9A0EA7D14AB}.Debug|Any CPU.Build.0 = Debug|Any CPU
		{B0777B6E-8CD1-4D1B-B26B-A9A0EA7D14AB}.Debug|x64.ActiveCfg = Debug|Any CPU
		{B0777B6E-8CD1-4D1B-B26B-A9A0EA7D14AB}.Debug|x64.Build.0 = Debug|Any CPU
		{B0777B6E-8CD1-4D1B-B26B-A9A0EA7D14AB}.Debug|x86.ActiveCfg = Debug|Any CPU
		{B0777B6E-8CD1-4D1B-B26B-A9A0EA7D14AB}.Debug|x86.Build.0 = Debug|Any CPU
		{B0777B6E-8CD1-4D1B-B26B-A9A0EA7D14AB}.Release|Any CPU.ActiveCfg = Release|Any CPU
		{B0777B6E-8CD1-4D1B-B26B-A9A0EA7D14AB}.Release|Any CPU.Build.0 = Release|Any CPU
		{B0777B6E-8CD1-4D1B-B26B-A9A0EA7D14AB}.Release|x64.ActiveCfg = Release|Any CPU
		{B0777B6E-8CD1-4D1B-B26B-A9A0EA7D14AB}.Release|x64.Build.0 = Release|Any CPU
		{B0777B6E-8CD1-4D1B-B26B-A9A0EA7D14AB}.Release|x86.ActiveCfg = Release|Any CPU
		{B0777B6E-8CD1-4D1B-B26B-A9A0EA7D14AB}.Release|x86.Build.0 = Release|Any CPU
		{5F78AA82-7C35-4FA2-B504-DB29133B4415}.Debug|Any CPU.ActiveCfg = Debug|Any CPU
		{5F78AA82-7C35-4FA2-B504-DB29133B4415}.Debug|Any CPU.Build.0 = Debug|Any CPU
		{5F78AA82-7C35-4FA2-B504-DB29133B4415}.Debug|x64.ActiveCfg = Debug|Any CPU
		{5F78AA82-7C35-4FA2-B504-DB29133B4415}.Debug|x64.Build.0 = Debug|Any CPU
		{5F78AA82-7C35-4FA2-B504-DB29133B4415}.Debug|x86.ActiveCfg = Debug|Any CPU
		{5F78AA82-7C35-4FA2-B504-DB29133B4415}.Debug|x86.Build.0 = Debug|Any CPU
		{5F78AA82-7C35-4FA2-B504-DB29133B4415}.Release|Any CPU.ActiveCfg = Release|Any CPU
		{5F78AA82-7C35-4FA2-B504-DB29133B4415}.Release|Any CPU.Build.0 = Release|Any CPU
		{5F78AA82-7C35-4FA2-B504-DB29133B4415}.Release|x64.ActiveCfg = Release|Any CPU
		{5F78AA82-7C35-4FA2-B504-DB29133B4415}.Release|x64.Build.0 = Release|Any CPU
		{5F78AA82-7C35-4FA2-B504-DB29133B4415}.Release|x86.ActiveCfg = Release|Any CPU
		{5F78AA82-7C35-4FA2-B504-DB29133B4415}.Release|x86.Build.0 = Release|Any CPU
		{336CE623-80C9-43C6-B8D2-A2F39D4BA02C}.Debug|Any CPU.ActiveCfg = Debug|Any CPU
		{336CE623-80C9-43C6-B8D2-A2F39D4BA02C}.Debug|Any CPU.Build.0 = Debug|Any CPU
		{336CE623-80C9-43C6-B8D2-A2F39D4BA02C}.Debug|x64.ActiveCfg = Debug|Any CPU
		{336CE623-80C9-43C6-B8D2-A2F39D4BA02C}.Debug|x64.Build.0 = Debug|Any CPU
		{336CE623-80C9-43C6-B8D2-A2F39D4BA02C}.Debug|x86.ActiveCfg = Debug|Any CPU
		{336CE623-80C9-43C6-B8D2-A2F39D4BA02C}.Debug|x86.Build.0 = Debug|Any CPU
		{336CE623-80C9-43C6-B8D2-A2F39D4BA02C}.Release|Any CPU.ActiveCfg = Release|Any CPU
		{336CE623-80C9-43C6-B8D2-A2F39D4BA02C}.Release|Any CPU.Build.0 = Release|Any CPU
		{336CE623-80C9-43C6-B8D2-A2F39D4BA02C}.Release|x64.ActiveCfg = Release|Any CPU
		{336CE623-80C9-43C6-B8D2-A2F39D4BA02C}.Release|x64.Build.0 = Release|Any CPU
		{336CE623-80C9-43C6-B8D2-A2F39D4BA02C}.Release|x86.ActiveCfg = Release|Any CPU
		{336CE623-80C9-43C6-B8D2-A2F39D4BA02C}.Release|x86.Build.0 = Release|Any CPU
		{98726BEB-1310-4210-9E4F-69E605DC6317}.Debug|Any CPU.ActiveCfg = Debug|Any CPU
		{98726BEB-1310-4210-9E4F-69E605DC6317}.Debug|Any CPU.Build.0 = Debug|Any CPU
		{98726BEB-1310-4210-9E4F-69E605DC6317}.Debug|x64.ActiveCfg = Debug|Any CPU
		{98726BEB-1310-4210-9E4F-69E605DC6317}.Debug|x64.Build.0 = Debug|Any CPU
		{98726BEB-1310-4210-9E4F-69E605DC6317}.Debug|x86.ActiveCfg = Debug|Any CPU
		{98726BEB-1310-4210-9E4F-69E605DC6317}.Debug|x86.Build.0 = Debug|Any CPU
		{98726BEB-1310-4210-9E4F-69E605DC6317}.Release|Any CPU.ActiveCfg = Release|Any CPU
		{98726BEB-1310-4210-9E4F-69E605DC6317}.Release|Any CPU.Build.0 = Release|Any CPU
		{98726BEB-1310-4210-9E4F-69E605DC6317}.Release|x64.ActiveCfg = Release|Any CPU
		{98726BEB-1310-4210-9E4F-69E605DC6317}.Release|x64.Build.0 = Release|Any CPU
		{98726BEB-1310-4210-9E4F-69E605DC6317}.Release|x86.ActiveCfg = Release|Any CPU
		{98726BEB-1310-4210-9E4F-69E605DC6317}.Release|x86.Build.0 = Release|Any CPU
		{E920B671-72A1-42B5-AB7B-7613290D003F}.Debug|Any CPU.ActiveCfg = Debug|Any CPU
		{E920B671-72A1-42B5-AB7B-7613290D003F}.Debug|Any CPU.Build.0 = Debug|Any CPU
		{E920B671-72A1-42B5-AB7B-7613290D003F}.Debug|x64.ActiveCfg = Debug|Any CPU
		{E920B671-72A1-42B5-AB7B-7613290D003F}.Debug|x64.Build.0 = Debug|Any CPU
		{E920B671-72A1-42B5-AB7B-7613290D003F}.Debug|x86.ActiveCfg = Debug|Any CPU
		{E920B671-72A1-42B5-AB7B-7613290D003F}.Debug|x86.Build.0 = Debug|Any CPU
		{E920B671-72A1-42B5-AB7B-7613290D003F}.Release|Any CPU.ActiveCfg = Release|Any CPU
		{E920B671-72A1-42B5-AB7B-7613290D003F}.Release|Any CPU.Build.0 = Release|Any CPU
		{E920B671-72A1-42B5-AB7B-7613290D003F}.Release|x64.ActiveCfg = Release|Any CPU
		{E920B671-72A1-42B5-AB7B-7613290D003F}.Release|x64.Build.0 = Release|Any CPU
		{E920B671-72A1-42B5-AB7B-7613290D003F}.Release|x86.ActiveCfg = Release|Any CPU
		{E920B671-72A1-42B5-AB7B-7613290D003F}.Release|x86.Build.0 = Release|Any CPU
		{75FB6ABB-0319-4D6A-A571-86F232F7D631}.Debug|Any CPU.ActiveCfg = Debug|Any CPU
		{75FB6ABB-0319-4D6A-A571-86F232F7D631}.Debug|Any CPU.Build.0 = Debug|Any CPU
		{75FB6ABB-0319-4D6A-A571-86F232F7D631}.Debug|x64.ActiveCfg = Debug|Any CPU
		{75FB6ABB-0319-4D6A-A571-86F232F7D631}.Debug|x64.Build.0 = Debug|Any CPU
		{75FB6ABB-0319-4D6A-A571-86F232F7D631}.Debug|x86.ActiveCfg = Debug|Any CPU
		{75FB6ABB-0319-4D6A-A571-86F232F7D631}.Debug|x86.Build.0 = Debug|Any CPU
		{75FB6ABB-0319-4D6A-A571-86F232F7D631}.Release|Any CPU.ActiveCfg = Release|Any CPU
		{75FB6ABB-0319-4D6A-A571-86F232F7D631}.Release|Any CPU.Build.0 = Release|Any CPU
		{75FB6ABB-0319-4D6A-A571-86F232F7D631}.Release|x64.ActiveCfg = Release|Any CPU
		{75FB6ABB-0319-4D6A-A571-86F232F7D631}.Release|x64.Build.0 = Release|Any CPU
		{75FB6ABB-0319-4D6A-A571-86F232F7D631}.Release|x86.ActiveCfg = Release|Any CPU
		{75FB6ABB-0319-4D6A-A571-86F232F7D631}.Release|x86.Build.0 = Release|Any CPU
		{73993146-BB11-4951-8C0C-96DA46BB4944}.Debug|Any CPU.ActiveCfg = Debug|Any CPU
		{73993146-BB11-4951-8C0C-96DA46BB4944}.Debug|Any CPU.Build.0 = Debug|Any CPU
		{73993146-BB11-4951-8C0C-96DA46BB4944}.Debug|x64.ActiveCfg = Debug|Any CPU
		{73993146-BB11-4951-8C0C-96DA46BB4944}.Debug|x64.Build.0 = Debug|Any CPU
		{73993146-BB11-4951-8C0C-96DA46BB4944}.Debug|x86.ActiveCfg = Debug|Any CPU
		{73993146-BB11-4951-8C0C-96DA46BB4944}.Debug|x86.Build.0 = Debug|Any CPU
		{73993146-BB11-4951-8C0C-96DA46BB4944}.Release|Any CPU.ActiveCfg = Release|Any CPU
		{73993146-BB11-4951-8C0C-96DA46BB4944}.Release|Any CPU.Build.0 = Release|Any CPU
		{73993146-BB11-4951-8C0C-96DA46BB4944}.Release|x64.ActiveCfg = Release|Any CPU
		{73993146-BB11-4951-8C0C-96DA46BB4944}.Release|x64.Build.0 = Release|Any CPU
		{73993146-BB11-4951-8C0C-96DA46BB4944}.Release|x86.ActiveCfg = Release|Any CPU
		{73993146-BB11-4951-8C0C-96DA46BB4944}.Release|x86.Build.0 = Release|Any CPU
		{BA908F11-C94C-44E1-B50E-2CC030FB9200}.Debug|Any CPU.ActiveCfg = Debug|Any CPU
		{BA908F11-C94C-44E1-B50E-2CC030FB9200}.Debug|Any CPU.Build.0 = Debug|Any CPU
		{BA908F11-C94C-44E1-B50E-2CC030FB9200}.Debug|x64.ActiveCfg = Debug|Any CPU
		{BA908F11-C94C-44E1-B50E-2CC030FB9200}.Debug|x64.Build.0 = Debug|Any CPU
		{BA908F11-C94C-44E1-B50E-2CC030FB9200}.Debug|x86.ActiveCfg = Debug|Any CPU
		{BA908F11-C94C-44E1-B50E-2CC030FB9200}.Debug|x86.Build.0 = Debug|Any CPU
		{BA908F11-C94C-44E1-B50E-2CC030FB9200}.Release|Any CPU.ActiveCfg = Release|Any CPU
		{BA908F11-C94C-44E1-B50E-2CC030FB9200}.Release|Any CPU.Build.0 = Release|Any CPU
		{BA908F11-C94C-44E1-B50E-2CC030FB9200}.Release|x64.ActiveCfg = Release|Any CPU
		{BA908F11-C94C-44E1-B50E-2CC030FB9200}.Release|x64.Build.0 = Release|Any CPU
		{BA908F11-C94C-44E1-B50E-2CC030FB9200}.Release|x86.ActiveCfg = Release|Any CPU
		{BA908F11-C94C-44E1-B50E-2CC030FB9200}.Release|x86.Build.0 = Release|Any CPU
		{BBEEA210-11A3-4520-9190-1ED89CD8FACE}.Debug|Any CPU.ActiveCfg = Debug|Any CPU
		{BBEEA210-11A3-4520-9190-1ED89CD8FACE}.Debug|Any CPU.Build.0 = Debug|Any CPU
		{BBEEA210-11A3-4520-9190-1ED89CD8FACE}.Debug|x64.ActiveCfg = Debug|Any CPU
		{BBEEA210-11A3-4520-9190-1ED89CD8FACE}.Debug|x64.Build.0 = Debug|Any CPU
		{BBEEA210-11A3-4520-9190-1ED89CD8FACE}.Debug|x86.ActiveCfg = Debug|Any CPU
		{BBEEA210-11A3-4520-9190-1ED89CD8FACE}.Debug|x86.Build.0 = Debug|Any CPU
		{BBEEA210-11A3-4520-9190-1ED89CD8FACE}.Release|Any CPU.ActiveCfg = Release|Any CPU
		{BBEEA210-11A3-4520-9190-1ED89CD8FACE}.Release|Any CPU.Build.0 = Release|Any CPU
		{BBEEA210-11A3-4520-9190-1ED89CD8FACE}.Release|x64.ActiveCfg = Release|Any CPU
		{BBEEA210-11A3-4520-9190-1ED89CD8FACE}.Release|x64.Build.0 = Release|Any CPU
		{BBEEA210-11A3-4520-9190-1ED89CD8FACE}.Release|x86.ActiveCfg = Release|Any CPU
		{BBEEA210-11A3-4520-9190-1ED89CD8FACE}.Release|x86.Build.0 = Release|Any CPU
		{7AB56FA9-A841-48A8-AE3D-D175F27C7A23}.Debug|Any CPU.ActiveCfg = Debug|Any CPU
		{7AB56FA9-A841-48A8-AE3D-D175F27C7A23}.Debug|Any CPU.Build.0 = Debug|Any CPU
		{7AB56FA9-A841-48A8-AE3D-D175F27C7A23}.Debug|x64.ActiveCfg = Debug|Any CPU
		{7AB56FA9-A841-48A8-AE3D-D175F27C7A23}.Debug|x64.Build.0 = Debug|Any CPU
		{7AB56FA9-A841-48A8-AE3D-D175F27C7A23}.Debug|x86.ActiveCfg = Debug|Any CPU
		{7AB56FA9-A841-48A8-AE3D-D175F27C7A23}.Debug|x86.Build.0 = Debug|Any CPU
		{7AB56FA9-A841-48A8-AE3D-D175F27C7A23}.Release|Any CPU.ActiveCfg = Release|Any CPU
		{7AB56FA9-A841-48A8-AE3D-D175F27C7A23}.Release|Any CPU.Build.0 = Release|Any CPU
		{7AB56FA9-A841-48A8-AE3D-D175F27C7A23}.Release|x64.ActiveCfg = Release|Any CPU
		{7AB56FA9-A841-48A8-AE3D-D175F27C7A23}.Release|x64.Build.0 = Release|Any CPU
		{7AB56FA9-A841-48A8-AE3D-D175F27C7A23}.Release|x86.ActiveCfg = Release|Any CPU
		{7AB56FA9-A841-48A8-AE3D-D175F27C7A23}.Release|x86.Build.0 = Release|Any CPU
		{C59DD136-F54E-47B8-8924-4B864A708876}.Debug|Any CPU.ActiveCfg = Debug|Any CPU
		{C59DD136-F54E-47B8-8924-4B864A708876}.Debug|Any CPU.Build.0 = Debug|Any CPU
		{C59DD136-F54E-47B8-8924-4B864A708876}.Debug|x64.ActiveCfg = Debug|Any CPU
		{C59DD136-F54E-47B8-8924-4B864A708876}.Debug|x64.Build.0 = Debug|Any CPU
		{C59DD136-F54E-47B8-8924-4B864A708876}.Debug|x86.ActiveCfg = Debug|Any CPU
		{C59DD136-F54E-47B8-8924-4B864A708876}.Debug|x86.Build.0 = Debug|Any CPU
		{C59DD136-F54E-47B8-8924-4B864A708876}.Release|Any CPU.ActiveCfg = Release|Any CPU
		{C59DD136-F54E-47B8-8924-4B864A708876}.Release|Any CPU.Build.0 = Release|Any CPU
		{C59DD136-F54E-47B8-8924-4B864A708876}.Release|x64.ActiveCfg = Release|Any CPU
		{C59DD136-F54E-47B8-8924-4B864A708876}.Release|x64.Build.0 = Release|Any CPU
		{C59DD136-F54E-47B8-8924-4B864A708876}.Release|x86.ActiveCfg = Release|Any CPU
		{C59DD136-F54E-47B8-8924-4B864A708876}.Release|x86.Build.0 = Release|Any CPU
		{EEFDEC86-7948-49FB-9ABB-1906B25F14C5}.Debug|Any CPU.ActiveCfg = Debug|Any CPU
		{EEFDEC86-7948-49FB-9ABB-1906B25F14C5}.Debug|Any CPU.Build.0 = Debug|Any CPU
		{EEFDEC86-7948-49FB-9ABB-1906B25F14C5}.Debug|x64.ActiveCfg = Debug|Any CPU
		{EEFDEC86-7948-49FB-9ABB-1906B25F14C5}.Debug|x64.Build.0 = Debug|Any CPU
		{EEFDEC86-7948-49FB-9ABB-1906B25F14C5}.Debug|x86.ActiveCfg = Debug|Any CPU
		{EEFDEC86-7948-49FB-9ABB-1906B25F14C5}.Debug|x86.Build.0 = Debug|Any CPU
		{EEFDEC86-7948-49FB-9ABB-1906B25F14C5}.Release|Any CPU.ActiveCfg = Release|Any CPU
		{EEFDEC86-7948-49FB-9ABB-1906B25F14C5}.Release|Any CPU.Build.0 = Release|Any CPU
		{EEFDEC86-7948-49FB-9ABB-1906B25F14C5}.Release|x64.ActiveCfg = Release|Any CPU
		{EEFDEC86-7948-49FB-9ABB-1906B25F14C5}.Release|x64.Build.0 = Release|Any CPU
		{EEFDEC86-7948-49FB-9ABB-1906B25F14C5}.Release|x86.ActiveCfg = Release|Any CPU
		{EEFDEC86-7948-49FB-9ABB-1906B25F14C5}.Release|x86.Build.0 = Release|Any CPU
		{4ECB0AD1-04E4-4B37-A46D-2D0789D83584}.Debug|Any CPU.ActiveCfg = Debug|Any CPU
		{4ECB0AD1-04E4-4B37-A46D-2D0789D83584}.Debug|Any CPU.Build.0 = Debug|Any CPU
		{4ECB0AD1-04E4-4B37-A46D-2D0789D83584}.Debug|x64.ActiveCfg = Debug|Any CPU
		{4ECB0AD1-04E4-4B37-A46D-2D0789D83584}.Debug|x64.Build.0 = Debug|Any CPU
		{4ECB0AD1-04E4-4B37-A46D-2D0789D83584}.Debug|x86.ActiveCfg = Debug|Any CPU
		{4ECB0AD1-04E4-4B37-A46D-2D0789D83584}.Debug|x86.Build.0 = Debug|Any CPU
		{4ECB0AD1-04E4-4B37-A46D-2D0789D83584}.Release|Any CPU.ActiveCfg = Release|Any CPU
		{4ECB0AD1-04E4-4B37-A46D-2D0789D83584}.Release|Any CPU.Build.0 = Release|Any CPU
		{4ECB0AD1-04E4-4B37-A46D-2D0789D83584}.Release|x64.ActiveCfg = Release|Any CPU
		{4ECB0AD1-04E4-4B37-A46D-2D0789D83584}.Release|x64.Build.0 = Release|Any CPU
		{4ECB0AD1-04E4-4B37-A46D-2D0789D83584}.Release|x86.ActiveCfg = Release|Any CPU
		{4ECB0AD1-04E4-4B37-A46D-2D0789D83584}.Release|x86.Build.0 = Release|Any CPU
		{5087737A-1E3F-4935-B1B4-52B547F91A25}.Debug|Any CPU.ActiveCfg = Debug|Any CPU
		{5087737A-1E3F-4935-B1B4-52B547F91A25}.Debug|Any CPU.Build.0 = Debug|Any CPU
		{5087737A-1E3F-4935-B1B4-52B547F91A25}.Debug|x64.ActiveCfg = Debug|Any CPU
		{5087737A-1E3F-4935-B1B4-52B547F91A25}.Debug|x64.Build.0 = Debug|Any CPU
		{5087737A-1E3F-4935-B1B4-52B547F91A25}.Debug|x86.ActiveCfg = Debug|Any CPU
		{5087737A-1E3F-4935-B1B4-52B547F91A25}.Debug|x86.Build.0 = Debug|Any CPU
		{5087737A-1E3F-4935-B1B4-52B547F91A25}.Release|Any CPU.ActiveCfg = Release|Any CPU
		{5087737A-1E3F-4935-B1B4-52B547F91A25}.Release|Any CPU.Build.0 = Release|Any CPU
		{5087737A-1E3F-4935-B1B4-52B547F91A25}.Release|x64.ActiveCfg = Release|Any CPU
		{5087737A-1E3F-4935-B1B4-52B547F91A25}.Release|x64.Build.0 = Release|Any CPU
		{5087737A-1E3F-4935-B1B4-52B547F91A25}.Release|x86.ActiveCfg = Release|Any CPU
		{5087737A-1E3F-4935-B1B4-52B547F91A25}.Release|x86.Build.0 = Release|Any CPU
		{9521F55D-7888-49CF-ADCC-41C1D190A777}.Debug|Any CPU.ActiveCfg = Debug|Any CPU
		{9521F55D-7888-49CF-ADCC-41C1D190A777}.Debug|Any CPU.Build.0 = Debug|Any CPU
		{9521F55D-7888-49CF-ADCC-41C1D190A777}.Debug|x64.ActiveCfg = Debug|Any CPU
		{9521F55D-7888-49CF-ADCC-41C1D190A777}.Debug|x64.Build.0 = Debug|Any CPU
		{9521F55D-7888-49CF-ADCC-41C1D190A777}.Debug|x86.ActiveCfg = Debug|Any CPU
		{9521F55D-7888-49CF-ADCC-41C1D190A777}.Debug|x86.Build.0 = Debug|Any CPU
		{9521F55D-7888-49CF-ADCC-41C1D190A777}.Release|Any CPU.ActiveCfg = Release|Any CPU
		{9521F55D-7888-49CF-ADCC-41C1D190A777}.Release|Any CPU.Build.0 = Release|Any CPU
		{9521F55D-7888-49CF-ADCC-41C1D190A777}.Release|x64.ActiveCfg = Release|Any CPU
		{9521F55D-7888-49CF-ADCC-41C1D190A777}.Release|x64.Build.0 = Release|Any CPU
		{9521F55D-7888-49CF-ADCC-41C1D190A777}.Release|x86.ActiveCfg = Release|Any CPU
		{9521F55D-7888-49CF-ADCC-41C1D190A777}.Release|x86.Build.0 = Release|Any CPU
		{7D36CC22-D25F-43AB-9FF5-51FA52A4C782}.Debug|Any CPU.ActiveCfg = Debug|Any CPU
		{7D36CC22-D25F-43AB-9FF5-51FA52A4C782}.Debug|Any CPU.Build.0 = Debug|Any CPU
		{7D36CC22-D25F-43AB-9FF5-51FA52A4C782}.Debug|x64.ActiveCfg = Debug|Any CPU
		{7D36CC22-D25F-43AB-9FF5-51FA52A4C782}.Debug|x64.Build.0 = Debug|Any CPU
		{7D36CC22-D25F-43AB-9FF5-51FA52A4C782}.Debug|x86.ActiveCfg = Debug|Any CPU
		{7D36CC22-D25F-43AB-9FF5-51FA52A4C782}.Debug|x86.Build.0 = Debug|Any CPU
		{7D36CC22-D25F-43AB-9FF5-51FA52A4C782}.Release|Any CPU.ActiveCfg = Release|Any CPU
		{7D36CC22-D25F-43AB-9FF5-51FA52A4C782}.Release|Any CPU.Build.0 = Release|Any CPU
		{7D36CC22-D25F-43AB-9FF5-51FA52A4C782}.Release|x64.ActiveCfg = Release|Any CPU
		{7D36CC22-D25F-43AB-9FF5-51FA52A4C782}.Release|x64.Build.0 = Release|Any CPU
		{7D36CC22-D25F-43AB-9FF5-51FA52A4C782}.Release|x86.ActiveCfg = Release|Any CPU
		{7D36CC22-D25F-43AB-9FF5-51FA52A4C782}.Release|x86.Build.0 = Release|Any CPU
		{768F668A-48EF-4B92-B557-B459D6E1BB38}.Debug|Any CPU.ActiveCfg = Debug|Any CPU
		{768F668A-48EF-4B92-B557-B459D6E1BB38}.Debug|Any CPU.Build.0 = Debug|Any CPU
		{768F668A-48EF-4B92-B557-B459D6E1BB38}.Debug|x64.ActiveCfg = Debug|Any CPU
		{768F668A-48EF-4B92-B557-B459D6E1BB38}.Debug|x64.Build.0 = Debug|Any CPU
		{768F668A-48EF-4B92-B557-B459D6E1BB38}.Debug|x86.ActiveCfg = Debug|Any CPU
		{768F668A-48EF-4B92-B557-B459D6E1BB38}.Debug|x86.Build.0 = Debug|Any CPU
		{768F668A-48EF-4B92-B557-B459D6E1BB38}.Release|Any CPU.ActiveCfg = Release|Any CPU
		{768F668A-48EF-4B92-B557-B459D6E1BB38}.Release|Any CPU.Build.0 = Release|Any CPU
		{768F668A-48EF-4B92-B557-B459D6E1BB38}.Release|x64.ActiveCfg = Release|Any CPU
		{768F668A-48EF-4B92-B557-B459D6E1BB38}.Release|x64.Build.0 = Release|Any CPU
		{768F668A-48EF-4B92-B557-B459D6E1BB38}.Release|x86.ActiveCfg = Release|Any CPU
		{768F668A-48EF-4B92-B557-B459D6E1BB38}.Release|x86.Build.0 = Release|Any CPU
		{E509FEDC-04F2-403A-87FB-080F4C230376}.Debug|Any CPU.ActiveCfg = Debug|Any CPU
		{E509FEDC-04F2-403A-87FB-080F4C230376}.Debug|Any CPU.Build.0 = Debug|Any CPU
		{E509FEDC-04F2-403A-87FB-080F4C230376}.Debug|x64.ActiveCfg = Debug|Any CPU
		{E509FEDC-04F2-403A-87FB-080F4C230376}.Debug|x64.Build.0 = Debug|Any CPU
		{E509FEDC-04F2-403A-87FB-080F4C230376}.Debug|x86.ActiveCfg = Debug|Any CPU
		{E509FEDC-04F2-403A-87FB-080F4C230376}.Debug|x86.Build.0 = Debug|Any CPU
		{E509FEDC-04F2-403A-87FB-080F4C230376}.Release|Any CPU.ActiveCfg = Release|Any CPU
		{E509FEDC-04F2-403A-87FB-080F4C230376}.Release|Any CPU.Build.0 = Release|Any CPU
		{E509FEDC-04F2-403A-87FB-080F4C230376}.Release|x64.ActiveCfg = Release|Any CPU
		{E509FEDC-04F2-403A-87FB-080F4C230376}.Release|x64.Build.0 = Release|Any CPU
		{E509FEDC-04F2-403A-87FB-080F4C230376}.Release|x86.ActiveCfg = Release|Any CPU
		{E509FEDC-04F2-403A-87FB-080F4C230376}.Release|x86.Build.0 = Release|Any CPU
		{85E0652A-84BC-411B-BDC7-8D367C9A5641}.Debug|Any CPU.ActiveCfg = Debug|Any CPU
		{85E0652A-84BC-411B-BDC7-8D367C9A5641}.Debug|Any CPU.Build.0 = Debug|Any CPU
		{85E0652A-84BC-411B-BDC7-8D367C9A5641}.Debug|x64.ActiveCfg = Debug|Any CPU
		{85E0652A-84BC-411B-BDC7-8D367C9A5641}.Debug|x64.Build.0 = Debug|Any CPU
		{85E0652A-84BC-411B-BDC7-8D367C9A5641}.Debug|x86.ActiveCfg = Debug|Any CPU
		{85E0652A-84BC-411B-BDC7-8D367C9A5641}.Debug|x86.Build.0 = Debug|Any CPU
		{85E0652A-84BC-411B-BDC7-8D367C9A5641}.Release|Any CPU.ActiveCfg = Release|Any CPU
		{85E0652A-84BC-411B-BDC7-8D367C9A5641}.Release|Any CPU.Build.0 = Release|Any CPU
		{85E0652A-84BC-411B-BDC7-8D367C9A5641}.Release|x64.ActiveCfg = Release|Any CPU
		{85E0652A-84BC-411B-BDC7-8D367C9A5641}.Release|x64.Build.0 = Release|Any CPU
		{85E0652A-84BC-411B-BDC7-8D367C9A5641}.Release|x86.ActiveCfg = Release|Any CPU
		{85E0652A-84BC-411B-BDC7-8D367C9A5641}.Release|x86.Build.0 = Release|Any CPU
		{D7C3259C-C89B-48F7-84A4-353D474F71A3}.Debug|Any CPU.ActiveCfg = Debug|Any CPU
		{D7C3259C-C89B-48F7-84A4-353D474F71A3}.Debug|Any CPU.Build.0 = Debug|Any CPU
		{D7C3259C-C89B-48F7-84A4-353D474F71A3}.Debug|x64.ActiveCfg = Debug|Any CPU
		{D7C3259C-C89B-48F7-84A4-353D474F71A3}.Debug|x64.Build.0 = Debug|Any CPU
		{D7C3259C-C89B-48F7-84A4-353D474F71A3}.Debug|x86.ActiveCfg = Debug|Any CPU
		{D7C3259C-C89B-48F7-84A4-353D474F71A3}.Debug|x86.Build.0 = Debug|Any CPU
		{D7C3259C-C89B-48F7-84A4-353D474F71A3}.Release|Any CPU.ActiveCfg = Release|Any CPU
		{D7C3259C-C89B-48F7-84A4-353D474F71A3}.Release|Any CPU.Build.0 = Release|Any CPU
		{D7C3259C-C89B-48F7-84A4-353D474F71A3}.Release|x64.ActiveCfg = Release|Any CPU
		{D7C3259C-C89B-48F7-84A4-353D474F71A3}.Release|x64.Build.0 = Release|Any CPU
		{D7C3259C-C89B-48F7-84A4-353D474F71A3}.Release|x86.ActiveCfg = Release|Any CPU
		{D7C3259C-C89B-48F7-84A4-353D474F71A3}.Release|x86.Build.0 = Release|Any CPU
		{94590EA6-B173-4E0C-B02F-C836C9F2785B}.Debug|Any CPU.ActiveCfg = Debug|Any CPU
		{94590EA6-B173-4E0C-B02F-C836C9F2785B}.Debug|Any CPU.Build.0 = Debug|Any CPU
		{94590EA6-B173-4E0C-B02F-C836C9F2785B}.Debug|x64.ActiveCfg = Debug|Any CPU
		{94590EA6-B173-4E0C-B02F-C836C9F2785B}.Debug|x64.Build.0 = Debug|Any CPU
		{94590EA6-B173-4E0C-B02F-C836C9F2785B}.Debug|x86.ActiveCfg = Debug|Any CPU
		{94590EA6-B173-4E0C-B02F-C836C9F2785B}.Debug|x86.Build.0 = Debug|Any CPU
		{94590EA6-B173-4E0C-B02F-C836C9F2785B}.Release|Any CPU.ActiveCfg = Release|Any CPU
		{94590EA6-B173-4E0C-B02F-C836C9F2785B}.Release|Any CPU.Build.0 = Release|Any CPU
		{94590EA6-B173-4E0C-B02F-C836C9F2785B}.Release|x64.ActiveCfg = Release|Any CPU
		{94590EA6-B173-4E0C-B02F-C836C9F2785B}.Release|x64.Build.0 = Release|Any CPU
		{94590EA6-B173-4E0C-B02F-C836C9F2785B}.Release|x86.ActiveCfg = Release|Any CPU
		{94590EA6-B173-4E0C-B02F-C836C9F2785B}.Release|x86.Build.0 = Release|Any CPU
		{670FC2DB-0130-40F0-99AB-0F7452F76DB9}.Debug|Any CPU.ActiveCfg = Debug|Any CPU
		{670FC2DB-0130-40F0-99AB-0F7452F76DB9}.Debug|Any CPU.Build.0 = Debug|Any CPU
		{670FC2DB-0130-40F0-99AB-0F7452F76DB9}.Debug|x64.ActiveCfg = Debug|Any CPU
		{670FC2DB-0130-40F0-99AB-0F7452F76DB9}.Debug|x64.Build.0 = Debug|Any CPU
		{670FC2DB-0130-40F0-99AB-0F7452F76DB9}.Debug|x86.ActiveCfg = Debug|Any CPU
		{670FC2DB-0130-40F0-99AB-0F7452F76DB9}.Debug|x86.Build.0 = Debug|Any CPU
		{670FC2DB-0130-40F0-99AB-0F7452F76DB9}.Release|Any CPU.ActiveCfg = Release|Any CPU
		{670FC2DB-0130-40F0-99AB-0F7452F76DB9}.Release|Any CPU.Build.0 = Release|Any CPU
		{670FC2DB-0130-40F0-99AB-0F7452F76DB9}.Release|x64.ActiveCfg = Release|Any CPU
		{670FC2DB-0130-40F0-99AB-0F7452F76DB9}.Release|x64.Build.0 = Release|Any CPU
		{670FC2DB-0130-40F0-99AB-0F7452F76DB9}.Release|x86.ActiveCfg = Release|Any CPU
		{670FC2DB-0130-40F0-99AB-0F7452F76DB9}.Release|x86.Build.0 = Release|Any CPU
		{4B98680E-685D-4D30-B78A-18A1B8F8B0FE}.Debug|Any CPU.ActiveCfg = Debug|Any CPU
		{4B98680E-685D-4D30-B78A-18A1B8F8B0FE}.Debug|Any CPU.Build.0 = Debug|Any CPU
		{4B98680E-685D-4D30-B78A-18A1B8F8B0FE}.Debug|x64.ActiveCfg = Debug|Any CPU
		{4B98680E-685D-4D30-B78A-18A1B8F8B0FE}.Debug|x64.Build.0 = Debug|Any CPU
		{4B98680E-685D-4D30-B78A-18A1B8F8B0FE}.Debug|x86.ActiveCfg = Debug|Any CPU
		{4B98680E-685D-4D30-B78A-18A1B8F8B0FE}.Debug|x86.Build.0 = Debug|Any CPU
		{4B98680E-685D-4D30-B78A-18A1B8F8B0FE}.Release|Any CPU.ActiveCfg = Release|Any CPU
		{4B98680E-685D-4D30-B78A-18A1B8F8B0FE}.Release|Any CPU.Build.0 = Release|Any CPU
		{4B98680E-685D-4D30-B78A-18A1B8F8B0FE}.Release|x64.ActiveCfg = Release|Any CPU
		{4B98680E-685D-4D30-B78A-18A1B8F8B0FE}.Release|x64.Build.0 = Release|Any CPU
		{4B98680E-685D-4D30-B78A-18A1B8F8B0FE}.Release|x86.ActiveCfg = Release|Any CPU
		{4B98680E-685D-4D30-B78A-18A1B8F8B0FE}.Release|x86.Build.0 = Release|Any CPU
		{1661F063-8624-4A2C-B8B7-7AA7E172D952}.Debug|Any CPU.ActiveCfg = Debug|Any CPU
		{1661F063-8624-4A2C-B8B7-7AA7E172D952}.Debug|Any CPU.Build.0 = Debug|Any CPU
		{1661F063-8624-4A2C-B8B7-7AA7E172D952}.Debug|x64.ActiveCfg = Debug|Any CPU
		{1661F063-8624-4A2C-B8B7-7AA7E172D952}.Debug|x64.Build.0 = Debug|Any CPU
		{1661F063-8624-4A2C-B8B7-7AA7E172D952}.Debug|x86.ActiveCfg = Debug|Any CPU
		{1661F063-8624-4A2C-B8B7-7AA7E172D952}.Debug|x86.Build.0 = Debug|Any CPU
		{1661F063-8624-4A2C-B8B7-7AA7E172D952}.Release|Any CPU.ActiveCfg = Release|Any CPU
		{1661F063-8624-4A2C-B8B7-7AA7E172D952}.Release|Any CPU.Build.0 = Release|Any CPU
		{1661F063-8624-4A2C-B8B7-7AA7E172D952}.Release|x64.ActiveCfg = Release|Any CPU
		{1661F063-8624-4A2C-B8B7-7AA7E172D952}.Release|x64.Build.0 = Release|Any CPU
		{1661F063-8624-4A2C-B8B7-7AA7E172D952}.Release|x86.ActiveCfg = Release|Any CPU
		{1661F063-8624-4A2C-B8B7-7AA7E172D952}.Release|x86.Build.0 = Release|Any CPU
		{BEA16407-889E-42E7-8E26-ED29DA532612}.Debug|Any CPU.ActiveCfg = Debug|Any CPU
		{BEA16407-889E-42E7-8E26-ED29DA532612}.Debug|Any CPU.Build.0 = Debug|Any CPU
		{BEA16407-889E-42E7-8E26-ED29DA532612}.Debug|x64.ActiveCfg = Debug|Any CPU
		{BEA16407-889E-42E7-8E26-ED29DA532612}.Debug|x64.Build.0 = Debug|Any CPU
		{BEA16407-889E-42E7-8E26-ED29DA532612}.Debug|x86.ActiveCfg = Debug|Any CPU
		{BEA16407-889E-42E7-8E26-ED29DA532612}.Debug|x86.Build.0 = Debug|Any CPU
		{BEA16407-889E-42E7-8E26-ED29DA532612}.Release|Any CPU.ActiveCfg = Release|Any CPU
		{BEA16407-889E-42E7-8E26-ED29DA532612}.Release|Any CPU.Build.0 = Release|Any CPU
		{BEA16407-889E-42E7-8E26-ED29DA532612}.Release|x64.ActiveCfg = Release|Any CPU
		{BEA16407-889E-42E7-8E26-ED29DA532612}.Release|x64.Build.0 = Release|Any CPU
		{BEA16407-889E-42E7-8E26-ED29DA532612}.Release|x86.ActiveCfg = Release|Any CPU
		{BEA16407-889E-42E7-8E26-ED29DA532612}.Release|x86.Build.0 = Release|Any CPU
		{AC913F87-4401-4188-A42D-E8C47693547A}.Debug|Any CPU.ActiveCfg = Debug|Any CPU
		{AC913F87-4401-4188-A42D-E8C47693547A}.Debug|Any CPU.Build.0 = Debug|Any CPU
		{AC913F87-4401-4188-A42D-E8C47693547A}.Debug|x64.ActiveCfg = Debug|Any CPU
		{AC913F87-4401-4188-A42D-E8C47693547A}.Debug|x64.Build.0 = Debug|Any CPU
		{AC913F87-4401-4188-A42D-E8C47693547A}.Debug|x86.ActiveCfg = Debug|Any CPU
		{AC913F87-4401-4188-A42D-E8C47693547A}.Debug|x86.Build.0 = Debug|Any CPU
		{AC913F87-4401-4188-A42D-E8C47693547A}.Release|Any CPU.ActiveCfg = Release|Any CPU
		{AC913F87-4401-4188-A42D-E8C47693547A}.Release|Any CPU.Build.0 = Release|Any CPU
		{AC913F87-4401-4188-A42D-E8C47693547A}.Release|x64.ActiveCfg = Release|Any CPU
		{AC913F87-4401-4188-A42D-E8C47693547A}.Release|x64.Build.0 = Release|Any CPU
		{AC913F87-4401-4188-A42D-E8C47693547A}.Release|x86.ActiveCfg = Release|Any CPU
		{AC913F87-4401-4188-A42D-E8C47693547A}.Release|x86.Build.0 = Release|Any CPU
		{1D27040D-F72A-49BC-A1D3-54C6843B1C33}.Debug|Any CPU.ActiveCfg = Debug|Any CPU
		{1D27040D-F72A-49BC-A1D3-54C6843B1C33}.Debug|Any CPU.Build.0 = Debug|Any CPU
		{1D27040D-F72A-49BC-A1D3-54C6843B1C33}.Debug|x64.ActiveCfg = Debug|Any CPU
		{1D27040D-F72A-49BC-A1D3-54C6843B1C33}.Debug|x64.Build.0 = Debug|Any CPU
		{1D27040D-F72A-49BC-A1D3-54C6843B1C33}.Debug|x86.ActiveCfg = Debug|Any CPU
		{1D27040D-F72A-49BC-A1D3-54C6843B1C33}.Debug|x86.Build.0 = Debug|Any CPU
		{1D27040D-F72A-49BC-A1D3-54C6843B1C33}.Release|Any CPU.ActiveCfg = Release|Any CPU
		{1D27040D-F72A-49BC-A1D3-54C6843B1C33}.Release|Any CPU.Build.0 = Release|Any CPU
		{1D27040D-F72A-49BC-A1D3-54C6843B1C33}.Release|x64.ActiveCfg = Release|Any CPU
		{1D27040D-F72A-49BC-A1D3-54C6843B1C33}.Release|x64.Build.0 = Release|Any CPU
		{1D27040D-F72A-49BC-A1D3-54C6843B1C33}.Release|x86.ActiveCfg = Release|Any CPU
		{1D27040D-F72A-49BC-A1D3-54C6843B1C33}.Release|x86.Build.0 = Release|Any CPU
		{5F7BA5A8-46C1-4597-A506-4457C8BF29FC}.Debug|Any CPU.ActiveCfg = Debug|Any CPU
		{5F7BA5A8-46C1-4597-A506-4457C8BF29FC}.Debug|Any CPU.Build.0 = Debug|Any CPU
		{5F7BA5A8-46C1-4597-A506-4457C8BF29FC}.Debug|x64.ActiveCfg = Debug|Any CPU
		{5F7BA5A8-46C1-4597-A506-4457C8BF29FC}.Debug|x64.Build.0 = Debug|Any CPU
		{5F7BA5A8-46C1-4597-A506-4457C8BF29FC}.Debug|x86.ActiveCfg = Debug|Any CPU
		{5F7BA5A8-46C1-4597-A506-4457C8BF29FC}.Debug|x86.Build.0 = Debug|Any CPU
		{5F7BA5A8-46C1-4597-A506-4457C8BF29FC}.Release|Any CPU.ActiveCfg = Release|Any CPU
		{5F7BA5A8-46C1-4597-A506-4457C8BF29FC}.Release|Any CPU.Build.0 = Release|Any CPU
		{5F7BA5A8-46C1-4597-A506-4457C8BF29FC}.Release|x64.ActiveCfg = Release|Any CPU
		{5F7BA5A8-46C1-4597-A506-4457C8BF29FC}.Release|x64.Build.0 = Release|Any CPU
		{5F7BA5A8-46C1-4597-A506-4457C8BF29FC}.Release|x86.ActiveCfg = Release|Any CPU
		{5F7BA5A8-46C1-4597-A506-4457C8BF29FC}.Release|x86.Build.0 = Release|Any CPU
		{DC52EB38-3389-4C28-8DD6-7A7943B52E6F}.Debug|Any CPU.ActiveCfg = Debug|Any CPU
		{DC52EB38-3389-4C28-8DD6-7A7943B52E6F}.Debug|Any CPU.Build.0 = Debug|Any CPU
		{DC52EB38-3389-4C28-8DD6-7A7943B52E6F}.Debug|x64.ActiveCfg = Debug|Any CPU
		{DC52EB38-3389-4C28-8DD6-7A7943B52E6F}.Debug|x64.Build.0 = Debug|Any CPU
		{DC52EB38-3389-4C28-8DD6-7A7943B52E6F}.Debug|x86.ActiveCfg = Debug|Any CPU
		{DC52EB38-3389-4C28-8DD6-7A7943B52E6F}.Debug|x86.Build.0 = Debug|Any CPU
		{DC52EB38-3389-4C28-8DD6-7A7943B52E6F}.Release|Any CPU.ActiveCfg = Release|Any CPU
		{DC52EB38-3389-4C28-8DD6-7A7943B52E6F}.Release|Any CPU.Build.0 = Release|Any CPU
		{DC52EB38-3389-4C28-8DD6-7A7943B52E6F}.Release|x64.ActiveCfg = Release|Any CPU
		{DC52EB38-3389-4C28-8DD6-7A7943B52E6F}.Release|x64.Build.0 = Release|Any CPU
		{DC52EB38-3389-4C28-8DD6-7A7943B52E6F}.Release|x86.ActiveCfg = Release|Any CPU
		{DC52EB38-3389-4C28-8DD6-7A7943B52E6F}.Release|x86.Build.0 = Release|Any CPU
		{64D5AC7D-8F5A-4DAD-A9FF-2F4807DDF265}.Debug|Any CPU.ActiveCfg = Debug|Any CPU
		{64D5AC7D-8F5A-4DAD-A9FF-2F4807DDF265}.Debug|Any CPU.Build.0 = Debug|Any CPU
		{64D5AC7D-8F5A-4DAD-A9FF-2F4807DDF265}.Debug|x64.ActiveCfg = Debug|Any CPU
		{64D5AC7D-8F5A-4DAD-A9FF-2F4807DDF265}.Debug|x64.Build.0 = Debug|Any CPU
		{64D5AC7D-8F5A-4DAD-A9FF-2F4807DDF265}.Debug|x86.ActiveCfg = Debug|Any CPU
		{64D5AC7D-8F5A-4DAD-A9FF-2F4807DDF265}.Debug|x86.Build.0 = Debug|Any CPU
		{64D5AC7D-8F5A-4DAD-A9FF-2F4807DDF265}.Release|Any CPU.ActiveCfg = Release|Any CPU
		{64D5AC7D-8F5A-4DAD-A9FF-2F4807DDF265}.Release|Any CPU.Build.0 = Release|Any CPU
		{64D5AC7D-8F5A-4DAD-A9FF-2F4807DDF265}.Release|x64.ActiveCfg = Release|Any CPU
		{64D5AC7D-8F5A-4DAD-A9FF-2F4807DDF265}.Release|x64.Build.0 = Release|Any CPU
		{64D5AC7D-8F5A-4DAD-A9FF-2F4807DDF265}.Release|x86.ActiveCfg = Release|Any CPU
		{64D5AC7D-8F5A-4DAD-A9FF-2F4807DDF265}.Release|x86.Build.0 = Release|Any CPU
		{75DC0FAD-07CF-4C0D-82D1-8F6835CFBFAD}.Debug|Any CPU.ActiveCfg = Debug|Any CPU
		{75DC0FAD-07CF-4C0D-82D1-8F6835CFBFAD}.Debug|Any CPU.Build.0 = Debug|Any CPU
		{75DC0FAD-07CF-4C0D-82D1-8F6835CFBFAD}.Debug|x64.ActiveCfg = Debug|Any CPU
		{75DC0FAD-07CF-4C0D-82D1-8F6835CFBFAD}.Debug|x64.Build.0 = Debug|Any CPU
		{75DC0FAD-07CF-4C0D-82D1-8F6835CFBFAD}.Debug|x86.ActiveCfg = Debug|Any CPU
		{75DC0FAD-07CF-4C0D-82D1-8F6835CFBFAD}.Debug|x86.Build.0 = Debug|Any CPU
		{75DC0FAD-07CF-4C0D-82D1-8F6835CFBFAD}.Release|Any CPU.ActiveCfg = Release|Any CPU
		{75DC0FAD-07CF-4C0D-82D1-8F6835CFBFAD}.Release|Any CPU.Build.0 = Release|Any CPU
		{75DC0FAD-07CF-4C0D-82D1-8F6835CFBFAD}.Release|x64.ActiveCfg = Release|Any CPU
		{75DC0FAD-07CF-4C0D-82D1-8F6835CFBFAD}.Release|x64.Build.0 = Release|Any CPU
		{75DC0FAD-07CF-4C0D-82D1-8F6835CFBFAD}.Release|x86.ActiveCfg = Release|Any CPU
		{75DC0FAD-07CF-4C0D-82D1-8F6835CFBFAD}.Release|x86.Build.0 = Release|Any CPU
		{E8DB747E-176B-4FE1-9F88-306D0F104522}.Debug|Any CPU.ActiveCfg = Debug|Any CPU
		{E8DB747E-176B-4FE1-9F88-306D0F104522}.Debug|Any CPU.Build.0 = Debug|Any CPU
		{E8DB747E-176B-4FE1-9F88-306D0F104522}.Debug|x64.ActiveCfg = Debug|Any CPU
		{E8DB747E-176B-4FE1-9F88-306D0F104522}.Debug|x64.Build.0 = Debug|Any CPU
		{E8DB747E-176B-4FE1-9F88-306D0F104522}.Debug|x86.ActiveCfg = Debug|Any CPU
		{E8DB747E-176B-4FE1-9F88-306D0F104522}.Debug|x86.Build.0 = Debug|Any CPU
		{E8DB747E-176B-4FE1-9F88-306D0F104522}.Release|Any CPU.ActiveCfg = Release|Any CPU
		{E8DB747E-176B-4FE1-9F88-306D0F104522}.Release|Any CPU.Build.0 = Release|Any CPU
		{E8DB747E-176B-4FE1-9F88-306D0F104522}.Release|x64.ActiveCfg = Release|Any CPU
		{E8DB747E-176B-4FE1-9F88-306D0F104522}.Release|x64.Build.0 = Release|Any CPU
		{E8DB747E-176B-4FE1-9F88-306D0F104522}.Release|x86.ActiveCfg = Release|Any CPU
		{E8DB747E-176B-4FE1-9F88-306D0F104522}.Release|x86.Build.0 = Release|Any CPU
		{467EF656-BACC-4152-8D71-8D6B10D67572}.Debug|Any CPU.ActiveCfg = Debug|Any CPU
		{467EF656-BACC-4152-8D71-8D6B10D67572}.Debug|Any CPU.Build.0 = Debug|Any CPU
		{467EF656-BACC-4152-8D71-8D6B10D67572}.Debug|x64.ActiveCfg = Debug|Any CPU
		{467EF656-BACC-4152-8D71-8D6B10D67572}.Debug|x64.Build.0 = Debug|Any CPU
		{467EF656-BACC-4152-8D71-8D6B10D67572}.Debug|x86.ActiveCfg = Debug|Any CPU
		{467EF656-BACC-4152-8D71-8D6B10D67572}.Debug|x86.Build.0 = Debug|Any CPU
		{467EF656-BACC-4152-8D71-8D6B10D67572}.Release|Any CPU.ActiveCfg = Release|Any CPU
		{467EF656-BACC-4152-8D71-8D6B10D67572}.Release|Any CPU.Build.0 = Release|Any CPU
		{467EF656-BACC-4152-8D71-8D6B10D67572}.Release|x64.ActiveCfg = Release|Any CPU
		{467EF656-BACC-4152-8D71-8D6B10D67572}.Release|x64.Build.0 = Release|Any CPU
		{467EF656-BACC-4152-8D71-8D6B10D67572}.Release|x86.ActiveCfg = Release|Any CPU
		{467EF656-BACC-4152-8D71-8D6B10D67572}.Release|x86.Build.0 = Release|Any CPU
		{E3608183-F334-4335-BF84-53A252E8C633}.Debug|Any CPU.ActiveCfg = Debug|Any CPU
		{E3608183-F334-4335-BF84-53A252E8C633}.Debug|Any CPU.Build.0 = Debug|Any CPU
		{E3608183-F334-4335-BF84-53A252E8C633}.Debug|x64.ActiveCfg = Debug|Any CPU
		{E3608183-F334-4335-BF84-53A252E8C633}.Debug|x64.Build.0 = Debug|Any CPU
		{E3608183-F334-4335-BF84-53A252E8C633}.Debug|x86.ActiveCfg = Debug|Any CPU
		{E3608183-F334-4335-BF84-53A252E8C633}.Debug|x86.Build.0 = Debug|Any CPU
		{E3608183-F334-4335-BF84-53A252E8C633}.Release|Any CPU.ActiveCfg = Release|Any CPU
		{E3608183-F334-4335-BF84-53A252E8C633}.Release|Any CPU.Build.0 = Release|Any CPU
		{E3608183-F334-4335-BF84-53A252E8C633}.Release|x64.ActiveCfg = Release|Any CPU
		{E3608183-F334-4335-BF84-53A252E8C633}.Release|x64.Build.0 = Release|Any CPU
		{E3608183-F334-4335-BF84-53A252E8C633}.Release|x86.ActiveCfg = Release|Any CPU
		{E3608183-F334-4335-BF84-53A252E8C633}.Release|x86.Build.0 = Release|Any CPU
		{5C6DA172-0FAB-4DF4-8A18-C4BD30410DB6}.Debug|Any CPU.ActiveCfg = Debug|Any CPU
		{5C6DA172-0FAB-4DF4-8A18-C4BD30410DB6}.Debug|Any CPU.Build.0 = Debug|Any CPU
		{5C6DA172-0FAB-4DF4-8A18-C4BD30410DB6}.Debug|x64.ActiveCfg = Debug|Any CPU
		{5C6DA172-0FAB-4DF4-8A18-C4BD30410DB6}.Debug|x64.Build.0 = Debug|Any CPU
		{5C6DA172-0FAB-4DF4-8A18-C4BD30410DB6}.Debug|x86.ActiveCfg = Debug|Any CPU
		{5C6DA172-0FAB-4DF4-8A18-C4BD30410DB6}.Debug|x86.Build.0 = Debug|Any CPU
		{5C6DA172-0FAB-4DF4-8A18-C4BD30410DB6}.Release|Any CPU.ActiveCfg = Release|Any CPU
		{5C6DA172-0FAB-4DF4-8A18-C4BD30410DB6}.Release|Any CPU.Build.0 = Release|Any CPU
		{5C6DA172-0FAB-4DF4-8A18-C4BD30410DB6}.Release|x64.ActiveCfg = Release|Any CPU
		{5C6DA172-0FAB-4DF4-8A18-C4BD30410DB6}.Release|x64.Build.0 = Release|Any CPU
		{5C6DA172-0FAB-4DF4-8A18-C4BD30410DB6}.Release|x86.ActiveCfg = Release|Any CPU
		{5C6DA172-0FAB-4DF4-8A18-C4BD30410DB6}.Release|x86.Build.0 = Release|Any CPU
		{C1F97567-D364-465B-9F12-653D8E696408}.Debug|Any CPU.ActiveCfg = Debug|Any CPU
		{C1F97567-D364-465B-9F12-653D8E696408}.Debug|Any CPU.Build.0 = Debug|Any CPU
		{C1F97567-D364-465B-9F12-653D8E696408}.Debug|x64.ActiveCfg = Debug|Any CPU
		{C1F97567-D364-465B-9F12-653D8E696408}.Debug|x64.Build.0 = Debug|Any CPU
		{C1F97567-D364-465B-9F12-653D8E696408}.Debug|x86.ActiveCfg = Debug|Any CPU
		{C1F97567-D364-465B-9F12-653D8E696408}.Debug|x86.Build.0 = Debug|Any CPU
		{C1F97567-D364-465B-9F12-653D8E696408}.Release|Any CPU.ActiveCfg = Release|Any CPU
		{C1F97567-D364-465B-9F12-653D8E696408}.Release|Any CPU.Build.0 = Release|Any CPU
		{C1F97567-D364-465B-9F12-653D8E696408}.Release|x64.ActiveCfg = Release|Any CPU
		{C1F97567-D364-465B-9F12-653D8E696408}.Release|x64.Build.0 = Release|Any CPU
		{C1F97567-D364-465B-9F12-653D8E696408}.Release|x86.ActiveCfg = Release|Any CPU
		{C1F97567-D364-465B-9F12-653D8E696408}.Release|x86.Build.0 = Release|Any CPU
		{41C1E66D-0766-4B03-9D44-2B38BF31EC1A}.Debug|Any CPU.ActiveCfg = Debug|Any CPU
		{41C1E66D-0766-4B03-9D44-2B38BF31EC1A}.Debug|Any CPU.Build.0 = Debug|Any CPU
		{41C1E66D-0766-4B03-9D44-2B38BF31EC1A}.Debug|x64.ActiveCfg = Debug|Any CPU
		{41C1E66D-0766-4B03-9D44-2B38BF31EC1A}.Debug|x64.Build.0 = Debug|Any CPU
		{41C1E66D-0766-4B03-9D44-2B38BF31EC1A}.Debug|x86.ActiveCfg = Debug|Any CPU
		{41C1E66D-0766-4B03-9D44-2B38BF31EC1A}.Debug|x86.Build.0 = Debug|Any CPU
		{41C1E66D-0766-4B03-9D44-2B38BF31EC1A}.Release|Any CPU.ActiveCfg = Release|Any CPU
		{41C1E66D-0766-4B03-9D44-2B38BF31EC1A}.Release|Any CPU.Build.0 = Release|Any CPU
		{41C1E66D-0766-4B03-9D44-2B38BF31EC1A}.Release|x64.ActiveCfg = Release|Any CPU
		{41C1E66D-0766-4B03-9D44-2B38BF31EC1A}.Release|x64.Build.0 = Release|Any CPU
		{41C1E66D-0766-4B03-9D44-2B38BF31EC1A}.Release|x86.ActiveCfg = Release|Any CPU
		{41C1E66D-0766-4B03-9D44-2B38BF31EC1A}.Release|x86.Build.0 = Release|Any CPU
		{8146C0D6-A906-42F7-B4C1-9618374487DC}.Debug|Any CPU.ActiveCfg = Debug|Any CPU
		{8146C0D6-A906-42F7-B4C1-9618374487DC}.Debug|Any CPU.Build.0 = Debug|Any CPU
		{8146C0D6-A906-42F7-B4C1-9618374487DC}.Debug|x64.ActiveCfg = Debug|Any CPU
		{8146C0D6-A906-42F7-B4C1-9618374487DC}.Debug|x64.Build.0 = Debug|Any CPU
		{8146C0D6-A906-42F7-B4C1-9618374487DC}.Debug|x86.ActiveCfg = Debug|Any CPU
		{8146C0D6-A906-42F7-B4C1-9618374487DC}.Debug|x86.Build.0 = Debug|Any CPU
		{8146C0D6-A906-42F7-B4C1-9618374487DC}.Release|Any CPU.ActiveCfg = Release|Any CPU
		{8146C0D6-A906-42F7-B4C1-9618374487DC}.Release|Any CPU.Build.0 = Release|Any CPU
		{8146C0D6-A906-42F7-B4C1-9618374487DC}.Release|x64.ActiveCfg = Release|Any CPU
		{8146C0D6-A906-42F7-B4C1-9618374487DC}.Release|x64.Build.0 = Release|Any CPU
		{8146C0D6-A906-42F7-B4C1-9618374487DC}.Release|x86.ActiveCfg = Release|Any CPU
		{8146C0D6-A906-42F7-B4C1-9618374487DC}.Release|x86.Build.0 = Release|Any CPU
		{96B035EC-E7E0-42DC-88CB-2B545834848C}.Debug|Any CPU.ActiveCfg = Debug|Any CPU
		{96B035EC-E7E0-42DC-88CB-2B545834848C}.Debug|Any CPU.Build.0 = Debug|Any CPU
		{96B035EC-E7E0-42DC-88CB-2B545834848C}.Debug|x64.ActiveCfg = Debug|Any CPU
		{96B035EC-E7E0-42DC-88CB-2B545834848C}.Debug|x64.Build.0 = Debug|Any CPU
		{96B035EC-E7E0-42DC-88CB-2B545834848C}.Debug|x86.ActiveCfg = Debug|Any CPU
		{96B035EC-E7E0-42DC-88CB-2B545834848C}.Debug|x86.Build.0 = Debug|Any CPU
		{96B035EC-E7E0-42DC-88CB-2B545834848C}.Release|Any CPU.ActiveCfg = Release|Any CPU
		{96B035EC-E7E0-42DC-88CB-2B545834848C}.Release|Any CPU.Build.0 = Release|Any CPU
		{96B035EC-E7E0-42DC-88CB-2B545834848C}.Release|x64.ActiveCfg = Release|Any CPU
		{96B035EC-E7E0-42DC-88CB-2B545834848C}.Release|x64.Build.0 = Release|Any CPU
		{96B035EC-E7E0-42DC-88CB-2B545834848C}.Release|x86.ActiveCfg = Release|Any CPU
		{96B035EC-E7E0-42DC-88CB-2B545834848C}.Release|x86.Build.0 = Release|Any CPU
		{3C474021-959E-4C34-9114-CE083BA83037}.Debug|Any CPU.ActiveCfg = Debug|Any CPU
		{3C474021-959E-4C34-9114-CE083BA83037}.Debug|Any CPU.Build.0 = Debug|Any CPU
		{3C474021-959E-4C34-9114-CE083BA83037}.Debug|x64.ActiveCfg = Debug|Any CPU
		{3C474021-959E-4C34-9114-CE083BA83037}.Debug|x64.Build.0 = Debug|Any CPU
		{3C474021-959E-4C34-9114-CE083BA83037}.Debug|x86.ActiveCfg = Debug|Any CPU
		{3C474021-959E-4C34-9114-CE083BA83037}.Debug|x86.Build.0 = Debug|Any CPU
		{3C474021-959E-4C34-9114-CE083BA83037}.Release|Any CPU.ActiveCfg = Release|Any CPU
		{3C474021-959E-4C34-9114-CE083BA83037}.Release|Any CPU.Build.0 = Release|Any CPU
		{3C474021-959E-4C34-9114-CE083BA83037}.Release|x64.ActiveCfg = Release|Any CPU
		{3C474021-959E-4C34-9114-CE083BA83037}.Release|x64.Build.0 = Release|Any CPU
		{3C474021-959E-4C34-9114-CE083BA83037}.Release|x86.ActiveCfg = Release|Any CPU
		{3C474021-959E-4C34-9114-CE083BA83037}.Release|x86.Build.0 = Release|Any CPU
		{A3C7B1EC-3EA6-4D3F-A706-A2F9D7EF3BB0}.Debug|Any CPU.ActiveCfg = Debug|Any CPU
		{A3C7B1EC-3EA6-4D3F-A706-A2F9D7EF3BB0}.Debug|Any CPU.Build.0 = Debug|Any CPU
		{A3C7B1EC-3EA6-4D3F-A706-A2F9D7EF3BB0}.Debug|x64.ActiveCfg = Debug|Any CPU
		{A3C7B1EC-3EA6-4D3F-A706-A2F9D7EF3BB0}.Debug|x64.Build.0 = Debug|Any CPU
		{A3C7B1EC-3EA6-4D3F-A706-A2F9D7EF3BB0}.Debug|x86.ActiveCfg = Debug|Any CPU
		{A3C7B1EC-3EA6-4D3F-A706-A2F9D7EF3BB0}.Debug|x86.Build.0 = Debug|Any CPU
		{A3C7B1EC-3EA6-4D3F-A706-A2F9D7EF3BB0}.Release|Any CPU.ActiveCfg = Release|Any CPU
		{A3C7B1EC-3EA6-4D3F-A706-A2F9D7EF3BB0}.Release|Any CPU.Build.0 = Release|Any CPU
		{A3C7B1EC-3EA6-4D3F-A706-A2F9D7EF3BB0}.Release|x64.ActiveCfg = Release|Any CPU
		{A3C7B1EC-3EA6-4D3F-A706-A2F9D7EF3BB0}.Release|x64.Build.0 = Release|Any CPU
		{A3C7B1EC-3EA6-4D3F-A706-A2F9D7EF3BB0}.Release|x86.ActiveCfg = Release|Any CPU
		{A3C7B1EC-3EA6-4D3F-A706-A2F9D7EF3BB0}.Release|x86.Build.0 = Release|Any CPU
		{CF88621F-2430-44E9-85C4-197C0C943CAA}.Debug|Any CPU.ActiveCfg = Debug|Any CPU
		{CF88621F-2430-44E9-85C4-197C0C943CAA}.Debug|Any CPU.Build.0 = Debug|Any CPU
		{CF88621F-2430-44E9-85C4-197C0C943CAA}.Debug|x64.ActiveCfg = Debug|Any CPU
		{CF88621F-2430-44E9-85C4-197C0C943CAA}.Debug|x64.Build.0 = Debug|Any CPU
		{CF88621F-2430-44E9-85C4-197C0C943CAA}.Debug|x86.ActiveCfg = Debug|Any CPU
		{CF88621F-2430-44E9-85C4-197C0C943CAA}.Debug|x86.Build.0 = Debug|Any CPU
		{CF88621F-2430-44E9-85C4-197C0C943CAA}.Release|Any CPU.ActiveCfg = Release|Any CPU
		{CF88621F-2430-44E9-85C4-197C0C943CAA}.Release|Any CPU.Build.0 = Release|Any CPU
		{CF88621F-2430-44E9-85C4-197C0C943CAA}.Release|x64.ActiveCfg = Release|Any CPU
		{CF88621F-2430-44E9-85C4-197C0C943CAA}.Release|x64.Build.0 = Release|Any CPU
		{CF88621F-2430-44E9-85C4-197C0C943CAA}.Release|x86.ActiveCfg = Release|Any CPU
		{CF88621F-2430-44E9-85C4-197C0C943CAA}.Release|x86.Build.0 = Release|Any CPU
		{536E9B0E-1595-4DAE-9865-AF449F5E08F6}.Debug|Any CPU.ActiveCfg = Debug|Any CPU
		{536E9B0E-1595-4DAE-9865-AF449F5E08F6}.Debug|Any CPU.Build.0 = Debug|Any CPU
		{536E9B0E-1595-4DAE-9865-AF449F5E08F6}.Debug|x64.ActiveCfg = Debug|Any CPU
		{536E9B0E-1595-4DAE-9865-AF449F5E08F6}.Debug|x64.Build.0 = Debug|Any CPU
		{536E9B0E-1595-4DAE-9865-AF449F5E08F6}.Debug|x86.ActiveCfg = Debug|Any CPU
		{536E9B0E-1595-4DAE-9865-AF449F5E08F6}.Debug|x86.Build.0 = Debug|Any CPU
		{536E9B0E-1595-4DAE-9865-AF449F5E08F6}.Release|Any CPU.ActiveCfg = Release|Any CPU
		{536E9B0E-1595-4DAE-9865-AF449F5E08F6}.Release|Any CPU.Build.0 = Release|Any CPU
		{536E9B0E-1595-4DAE-9865-AF449F5E08F6}.Release|x64.ActiveCfg = Release|Any CPU
		{536E9B0E-1595-4DAE-9865-AF449F5E08F6}.Release|x64.Build.0 = Release|Any CPU
		{536E9B0E-1595-4DAE-9865-AF449F5E08F6}.Release|x86.ActiveCfg = Release|Any CPU
		{536E9B0E-1595-4DAE-9865-AF449F5E08F6}.Release|x86.Build.0 = Release|Any CPU
		{7F5AFEC9-DD86-4DA6-9F71-64D01E4D6CF8}.Debug|Any CPU.ActiveCfg = Debug|Any CPU
		{7F5AFEC9-DD86-4DA6-9F71-64D01E4D6CF8}.Debug|Any CPU.Build.0 = Debug|Any CPU
		{7F5AFEC9-DD86-4DA6-9F71-64D01E4D6CF8}.Debug|x64.ActiveCfg = Debug|Any CPU
		{7F5AFEC9-DD86-4DA6-9F71-64D01E4D6CF8}.Debug|x64.Build.0 = Debug|Any CPU
		{7F5AFEC9-DD86-4DA6-9F71-64D01E4D6CF8}.Debug|x86.ActiveCfg = Debug|Any CPU
		{7F5AFEC9-DD86-4DA6-9F71-64D01E4D6CF8}.Debug|x86.Build.0 = Debug|Any CPU
		{7F5AFEC9-DD86-4DA6-9F71-64D01E4D6CF8}.Release|Any CPU.ActiveCfg = Release|Any CPU
		{7F5AFEC9-DD86-4DA6-9F71-64D01E4D6CF8}.Release|Any CPU.Build.0 = Release|Any CPU
		{7F5AFEC9-DD86-4DA6-9F71-64D01E4D6CF8}.Release|x64.ActiveCfg = Release|Any CPU
		{7F5AFEC9-DD86-4DA6-9F71-64D01E4D6CF8}.Release|x64.Build.0 = Release|Any CPU
		{7F5AFEC9-DD86-4DA6-9F71-64D01E4D6CF8}.Release|x86.ActiveCfg = Release|Any CPU
		{7F5AFEC9-DD86-4DA6-9F71-64D01E4D6CF8}.Release|x86.Build.0 = Release|Any CPU
		{F4A9D9F1-95FD-4C55-850F-CB92CC8BA64B}.Debug|Any CPU.ActiveCfg = Debug|Any CPU
		{F4A9D9F1-95FD-4C55-850F-CB92CC8BA64B}.Debug|Any CPU.Build.0 = Debug|Any CPU
		{F4A9D9F1-95FD-4C55-850F-CB92CC8BA64B}.Debug|x64.ActiveCfg = Debug|Any CPU
		{F4A9D9F1-95FD-4C55-850F-CB92CC8BA64B}.Debug|x64.Build.0 = Debug|Any CPU
		{F4A9D9F1-95FD-4C55-850F-CB92CC8BA64B}.Debug|x86.ActiveCfg = Debug|Any CPU
		{F4A9D9F1-95FD-4C55-850F-CB92CC8BA64B}.Debug|x86.Build.0 = Debug|Any CPU
		{F4A9D9F1-95FD-4C55-850F-CB92CC8BA64B}.Release|Any CPU.ActiveCfg = Release|Any CPU
		{F4A9D9F1-95FD-4C55-850F-CB92CC8BA64B}.Release|Any CPU.Build.0 = Release|Any CPU
		{F4A9D9F1-95FD-4C55-850F-CB92CC8BA64B}.Release|x64.ActiveCfg = Release|Any CPU
		{F4A9D9F1-95FD-4C55-850F-CB92CC8BA64B}.Release|x64.Build.0 = Release|Any CPU
		{F4A9D9F1-95FD-4C55-850F-CB92CC8BA64B}.Release|x86.ActiveCfg = Release|Any CPU
		{F4A9D9F1-95FD-4C55-850F-CB92CC8BA64B}.Release|x86.Build.0 = Release|Any CPU
		{7615E768-7171-4245-859D-95BA23CE5A10}.Debug|Any CPU.ActiveCfg = Debug|Any CPU
		{7615E768-7171-4245-859D-95BA23CE5A10}.Debug|Any CPU.Build.0 = Debug|Any CPU
		{7615E768-7171-4245-859D-95BA23CE5A10}.Debug|x64.ActiveCfg = Debug|Any CPU
		{7615E768-7171-4245-859D-95BA23CE5A10}.Debug|x64.Build.0 = Debug|Any CPU
		{7615E768-7171-4245-859D-95BA23CE5A10}.Debug|x86.ActiveCfg = Debug|Any CPU
		{7615E768-7171-4245-859D-95BA23CE5A10}.Debug|x86.Build.0 = Debug|Any CPU
		{7615E768-7171-4245-859D-95BA23CE5A10}.Release|Any CPU.ActiveCfg = Release|Any CPU
		{7615E768-7171-4245-859D-95BA23CE5A10}.Release|Any CPU.Build.0 = Release|Any CPU
		{7615E768-7171-4245-859D-95BA23CE5A10}.Release|x64.ActiveCfg = Release|Any CPU
		{7615E768-7171-4245-859D-95BA23CE5A10}.Release|x64.Build.0 = Release|Any CPU
		{7615E768-7171-4245-859D-95BA23CE5A10}.Release|x86.ActiveCfg = Release|Any CPU
		{7615E768-7171-4245-859D-95BA23CE5A10}.Release|x86.Build.0 = Release|Any CPU
		{2C8AA71C-4608-4EC0-A5B0-0AB638881377}.Debug|Any CPU.ActiveCfg = Debug|Any CPU
		{2C8AA71C-4608-4EC0-A5B0-0AB638881377}.Debug|Any CPU.Build.0 = Debug|Any CPU
		{2C8AA71C-4608-4EC0-A5B0-0AB638881377}.Debug|x64.ActiveCfg = Debug|Any CPU
		{2C8AA71C-4608-4EC0-A5B0-0AB638881377}.Debug|x64.Build.0 = Debug|Any CPU
		{2C8AA71C-4608-4EC0-A5B0-0AB638881377}.Debug|x86.ActiveCfg = Debug|Any CPU
		{2C8AA71C-4608-4EC0-A5B0-0AB638881377}.Debug|x86.Build.0 = Debug|Any CPU
		{2C8AA71C-4608-4EC0-A5B0-0AB638881377}.Release|Any CPU.ActiveCfg = Release|Any CPU
		{2C8AA71C-4608-4EC0-A5B0-0AB638881377}.Release|Any CPU.Build.0 = Release|Any CPU
		{2C8AA71C-4608-4EC0-A5B0-0AB638881377}.Release|x64.ActiveCfg = Release|Any CPU
		{2C8AA71C-4608-4EC0-A5B0-0AB638881377}.Release|x64.Build.0 = Release|Any CPU
		{2C8AA71C-4608-4EC0-A5B0-0AB638881377}.Release|x86.ActiveCfg = Release|Any CPU
		{2C8AA71C-4608-4EC0-A5B0-0AB638881377}.Release|x86.Build.0 = Release|Any CPU
		{E547D77F-2589-4D0E-AD6D-FA1D85F5381E}.Debug|Any CPU.ActiveCfg = Debug|Any CPU
		{E547D77F-2589-4D0E-AD6D-FA1D85F5381E}.Debug|Any CPU.Build.0 = Debug|Any CPU
		{E547D77F-2589-4D0E-AD6D-FA1D85F5381E}.Debug|x64.ActiveCfg = Debug|Any CPU
		{E547D77F-2589-4D0E-AD6D-FA1D85F5381E}.Debug|x64.Build.0 = Debug|Any CPU
		{E547D77F-2589-4D0E-AD6D-FA1D85F5381E}.Debug|x86.ActiveCfg = Debug|Any CPU
		{E547D77F-2589-4D0E-AD6D-FA1D85F5381E}.Debug|x86.Build.0 = Debug|Any CPU
		{E547D77F-2589-4D0E-AD6D-FA1D85F5381E}.Release|Any CPU.ActiveCfg = Release|Any CPU
		{E547D77F-2589-4D0E-AD6D-FA1D85F5381E}.Release|Any CPU.Build.0 = Release|Any CPU
		{E547D77F-2589-4D0E-AD6D-FA1D85F5381E}.Release|x64.ActiveCfg = Release|Any CPU
		{E547D77F-2589-4D0E-AD6D-FA1D85F5381E}.Release|x64.Build.0 = Release|Any CPU
		{E547D77F-2589-4D0E-AD6D-FA1D85F5381E}.Release|x86.ActiveCfg = Release|Any CPU
		{E547D77F-2589-4D0E-AD6D-FA1D85F5381E}.Release|x86.Build.0 = Release|Any CPU
		{A8428B36-E7E4-49DC-A50B-294EC246BDF3}.Debug|Any CPU.ActiveCfg = Debug|Any CPU
		{A8428B36-E7E4-49DC-A50B-294EC246BDF3}.Debug|Any CPU.Build.0 = Debug|Any CPU
		{A8428B36-E7E4-49DC-A50B-294EC246BDF3}.Debug|x64.ActiveCfg = Debug|Any CPU
		{A8428B36-E7E4-49DC-A50B-294EC246BDF3}.Debug|x64.Build.0 = Debug|Any CPU
		{A8428B36-E7E4-49DC-A50B-294EC246BDF3}.Debug|x86.ActiveCfg = Debug|Any CPU
		{A8428B36-E7E4-49DC-A50B-294EC246BDF3}.Debug|x86.Build.0 = Debug|Any CPU
		{A8428B36-E7E4-49DC-A50B-294EC246BDF3}.Release|Any CPU.ActiveCfg = Release|Any CPU
		{A8428B36-E7E4-49DC-A50B-294EC246BDF3}.Release|Any CPU.Build.0 = Release|Any CPU
		{A8428B36-E7E4-49DC-A50B-294EC246BDF3}.Release|x64.ActiveCfg = Release|Any CPU
		{A8428B36-E7E4-49DC-A50B-294EC246BDF3}.Release|x64.Build.0 = Release|Any CPU
		{A8428B36-E7E4-49DC-A50B-294EC246BDF3}.Release|x86.ActiveCfg = Release|Any CPU
		{A8428B36-E7E4-49DC-A50B-294EC246BDF3}.Release|x86.Build.0 = Release|Any CPU
		{D13046EB-6B1C-45DD-A059-EF1ADC77D49B}.Debug|Any CPU.ActiveCfg = Debug|Any CPU
		{D13046EB-6B1C-45DD-A059-EF1ADC77D49B}.Debug|Any CPU.Build.0 = Debug|Any CPU
		{D13046EB-6B1C-45DD-A059-EF1ADC77D49B}.Debug|x64.ActiveCfg = Debug|Any CPU
		{D13046EB-6B1C-45DD-A059-EF1ADC77D49B}.Debug|x64.Build.0 = Debug|Any CPU
		{D13046EB-6B1C-45DD-A059-EF1ADC77D49B}.Debug|x86.ActiveCfg = Debug|Any CPU
		{D13046EB-6B1C-45DD-A059-EF1ADC77D49B}.Debug|x86.Build.0 = Debug|Any CPU
		{D13046EB-6B1C-45DD-A059-EF1ADC77D49B}.Release|Any CPU.ActiveCfg = Release|Any CPU
		{D13046EB-6B1C-45DD-A059-EF1ADC77D49B}.Release|Any CPU.Build.0 = Release|Any CPU
		{D13046EB-6B1C-45DD-A059-EF1ADC77D49B}.Release|x64.ActiveCfg = Release|Any CPU
		{D13046EB-6B1C-45DD-A059-EF1ADC77D49B}.Release|x64.Build.0 = Release|Any CPU
		{D13046EB-6B1C-45DD-A059-EF1ADC77D49B}.Release|x86.ActiveCfg = Release|Any CPU
		{D13046EB-6B1C-45DD-A059-EF1ADC77D49B}.Release|x86.Build.0 = Release|Any CPU
		{C0B7EB24-8532-4372-B3C9-2100E8B25CD2}.Debug|Any CPU.ActiveCfg = Debug|Any CPU
		{C0B7EB24-8532-4372-B3C9-2100E8B25CD2}.Debug|Any CPU.Build.0 = Debug|Any CPU
		{C0B7EB24-8532-4372-B3C9-2100E8B25CD2}.Debug|x64.ActiveCfg = Debug|Any CPU
		{C0B7EB24-8532-4372-B3C9-2100E8B25CD2}.Debug|x64.Build.0 = Debug|Any CPU
		{C0B7EB24-8532-4372-B3C9-2100E8B25CD2}.Debug|x86.ActiveCfg = Debug|Any CPU
		{C0B7EB24-8532-4372-B3C9-2100E8B25CD2}.Debug|x86.Build.0 = Debug|Any CPU
		{C0B7EB24-8532-4372-B3C9-2100E8B25CD2}.Release|Any CPU.ActiveCfg = Release|Any CPU
		{C0B7EB24-8532-4372-B3C9-2100E8B25CD2}.Release|Any CPU.Build.0 = Release|Any CPU
		{C0B7EB24-8532-4372-B3C9-2100E8B25CD2}.Release|x64.ActiveCfg = Release|Any CPU
		{C0B7EB24-8532-4372-B3C9-2100E8B25CD2}.Release|x64.Build.0 = Release|Any CPU
		{C0B7EB24-8532-4372-B3C9-2100E8B25CD2}.Release|x86.ActiveCfg = Release|Any CPU
		{C0B7EB24-8532-4372-B3C9-2100E8B25CD2}.Release|x86.Build.0 = Release|Any CPU
		{DF7BCEA6-DC18-4BCB-8A0B-41E2FCAC45EC}.Debug|Any CPU.ActiveCfg = Debug|Any CPU
		{DF7BCEA6-DC18-4BCB-8A0B-41E2FCAC45EC}.Debug|Any CPU.Build.0 = Debug|Any CPU
		{DF7BCEA6-DC18-4BCB-8A0B-41E2FCAC45EC}.Debug|x64.ActiveCfg = Debug|Any CPU
		{DF7BCEA6-DC18-4BCB-8A0B-41E2FCAC45EC}.Debug|x64.Build.0 = Debug|Any CPU
		{DF7BCEA6-DC18-4BCB-8A0B-41E2FCAC45EC}.Debug|x86.ActiveCfg = Debug|Any CPU
		{DF7BCEA6-DC18-4BCB-8A0B-41E2FCAC45EC}.Debug|x86.Build.0 = Debug|Any CPU
		{DF7BCEA6-DC18-4BCB-8A0B-41E2FCAC45EC}.Release|Any CPU.ActiveCfg = Release|Any CPU
		{DF7BCEA6-DC18-4BCB-8A0B-41E2FCAC45EC}.Release|Any CPU.Build.0 = Release|Any CPU
		{DF7BCEA6-DC18-4BCB-8A0B-41E2FCAC45EC}.Release|x64.ActiveCfg = Release|Any CPU
		{DF7BCEA6-DC18-4BCB-8A0B-41E2FCAC45EC}.Release|x64.Build.0 = Release|Any CPU
		{DF7BCEA6-DC18-4BCB-8A0B-41E2FCAC45EC}.Release|x86.ActiveCfg = Release|Any CPU
		{DF7BCEA6-DC18-4BCB-8A0B-41E2FCAC45EC}.Release|x86.Build.0 = Release|Any CPU
		{4D3E042C-997A-4B92-A3E8-235617891C29}.Debug|Any CPU.ActiveCfg = Debug|Any CPU
		{4D3E042C-997A-4B92-A3E8-235617891C29}.Debug|Any CPU.Build.0 = Debug|Any CPU
		{4D3E042C-997A-4B92-A3E8-235617891C29}.Debug|x64.ActiveCfg = Debug|Any CPU
		{4D3E042C-997A-4B92-A3E8-235617891C29}.Debug|x64.Build.0 = Debug|Any CPU
		{4D3E042C-997A-4B92-A3E8-235617891C29}.Debug|x86.ActiveCfg = Debug|Any CPU
		{4D3E042C-997A-4B92-A3E8-235617891C29}.Debug|x86.Build.0 = Debug|Any CPU
		{4D3E042C-997A-4B92-A3E8-235617891C29}.Release|Any CPU.ActiveCfg = Release|Any CPU
		{4D3E042C-997A-4B92-A3E8-235617891C29}.Release|Any CPU.Build.0 = Release|Any CPU
		{4D3E042C-997A-4B92-A3E8-235617891C29}.Release|x64.ActiveCfg = Release|Any CPU
		{4D3E042C-997A-4B92-A3E8-235617891C29}.Release|x64.Build.0 = Release|Any CPU
		{4D3E042C-997A-4B92-A3E8-235617891C29}.Release|x86.ActiveCfg = Release|Any CPU
		{4D3E042C-997A-4B92-A3E8-235617891C29}.Release|x86.Build.0 = Release|Any CPU
		{A40D0187-972E-4A78-A645-E3E80F072F02}.Debug|Any CPU.ActiveCfg = Debug|Any CPU
		{A40D0187-972E-4A78-A645-E3E80F072F02}.Debug|Any CPU.Build.0 = Debug|Any CPU
		{A40D0187-972E-4A78-A645-E3E80F072F02}.Debug|x64.ActiveCfg = Debug|Any CPU
		{A40D0187-972E-4A78-A645-E3E80F072F02}.Debug|x64.Build.0 = Debug|Any CPU
		{A40D0187-972E-4A78-A645-E3E80F072F02}.Debug|x86.ActiveCfg = Debug|Any CPU
		{A40D0187-972E-4A78-A645-E3E80F072F02}.Debug|x86.Build.0 = Debug|Any CPU
		{A40D0187-972E-4A78-A645-E3E80F072F02}.Release|Any CPU.ActiveCfg = Release|Any CPU
		{A40D0187-972E-4A78-A645-E3E80F072F02}.Release|Any CPU.Build.0 = Release|Any CPU
		{A40D0187-972E-4A78-A645-E3E80F072F02}.Release|x64.ActiveCfg = Release|Any CPU
		{A40D0187-972E-4A78-A645-E3E80F072F02}.Release|x64.Build.0 = Release|Any CPU
		{A40D0187-972E-4A78-A645-E3E80F072F02}.Release|x86.ActiveCfg = Release|Any CPU
		{A40D0187-972E-4A78-A645-E3E80F072F02}.Release|x86.Build.0 = Release|Any CPU
	EndGlobalSection
EndGlobal
