
Microsoft Visual Studio Solution File, Format Version 12.00
# Visual Studio 15
VisualStudioVersion = 15.0.26124.0
MinimumVisualStudioVersion = 15.0.26124.0
Project("{FAE04EC0-301F-11D3-BF4B-00C04F79EFBC}") = "Penguin.Cms.Modules.Pages.Local", "Penguin.Cms.Modules.Pages.Local.csproj", "{45F61014-32A8-41D8-B457-652394CE6908}"
EndProject
Project("{FAE04EC0-301F-11D3-BF4B-00C04F79EFBC}") = "Penguin.Cms.Abstractions.Local", "..\Penguin.Cms.Abstractions\Penguin.Cms.Abstractions.Local.csproj", "{F8135534-5A01-4BDD-9A0A-418E5A9E29F3}"
EndProject
Project("{FAE04EC0-301F-11D3-BF4B-00C04F79EFBC}") = "Penguin.DependencyInjection.Abstractions.Local", "..\Penguin.DependencyInjection.Abstractions\Penguin.DependencyInjection.Abstractions.Local.csproj", "{748139BA-6553-42AE-8D80-B9866BC5E819}"
EndProject
Project("{FAE04EC0-301F-11D3-BF4B-00C04F79EFBC}") = "Penguin.Persistence.Abstractions.Local", "..\Penguin.Persistence.Abstractions\Penguin.Persistence.Abstractions.Local.csproj", "{4EE7ACEE-F095-49C2-BD99-7178CA125A19}"
EndProject
Project("{FAE04EC0-301F-11D3-BF4B-00C04F79EFBC}") = "Penguin.Entities.Abstractions.Local", "..\Penguin.Entities.Abstractions\Penguin.Entities.Abstractions.Local.csproj", "{634E34B3-C0B4-4D04-9283-57BDCA4D35AD}"
EndProject
Project("{FAE04EC0-301F-11D3-BF4B-00C04F79EFBC}") = "Penguin.Reflection.Extensions.Local", "..\Penguin.Reflection.Extensions\Penguin.Reflection.Extensions.Local.csproj", "{077BADB6-7652-4742-803A-9008A174C8E6}"
EndProject
Project("{FAE04EC0-301F-11D3-BF4B-00C04F79EFBC}") = "Penguin.Extensions.String.Local", "..\Penguin.Extensions.String\Penguin.Extensions.String.Local.csproj", "{2CDEBF94-5BF4-4AB0-B10A-4D37B52B3706}"
EndProject
Project("{FAE04EC0-301F-11D3-BF4B-00C04F79EFBC}") = "Penguin.Reflection.Abstractions.Local", "..\Penguin.Reflection.Abstractions\Penguin.Reflection.Abstractions.Local.csproj", "{68346C20-BFC0-4CA9-9A8E-C29635A562DD}"
EndProject
Project("{FAE04EC0-301F-11D3-BF4B-00C04F79EFBC}") = "Penguin.Cms.Modules.Dynamic.Local", "..\Penguin.Cms.Modules.Dynamic\Penguin.Cms.Modules.Dynamic.Local.csproj", "{95D670C6-17CD-435D-A7CD-02F2A088A2F3}"
EndProject
Project("{FAE04EC0-301F-11D3-BF4B-00C04F79EFBC}") = "Penguin.Cms.Entities.Local", "..\Penguin.Cms.Entities\Penguin.Cms.Entities.Local.csproj", "{CC400F2E-9047-40B6-A6F3-66981336932A}"
EndProject
Project("{FAE04EC0-301F-11D3-BF4B-00C04F79EFBC}") = "Penguin.Cms.Errors.Local", "..\Penguin.Cms.Errors\Penguin.Cms.Errors.Local.csproj", "{0FA1F841-67CD-4F61-B842-46A906AB512A}"
EndProject
Project("{FAE04EC0-301F-11D3-BF4B-00C04F79EFBC}") = "Penguin.Auditing.Abstractions.Local", "..\Penguin.Auditing.Abstractions\Penguin.Auditing.Abstractions.Local.csproj", "{45A4F4B0-4ECD-4BEA-B880-8113A13498F5}"
EndProject
Project("{FAE04EC0-301F-11D3-BF4B-00C04F79EFBC}") = "Penguin.Extensions.Exceptions.Local", "..\Penguin.Extensions.Exceptions\Penguin.Extensions.Exceptions.Local.csproj", "{0E12B3A8-BB51-442D-8820-3B3B4CA7B0EF}"
EndProject
Project("{FAE04EC0-301F-11D3-BF4B-00C04F79EFBC}") = "Penguin.Cms.Modules.Admin.Local", "..\Penguin.Cms.Modules.Admin\Penguin.Cms.Modules.Admin.Local.csproj", "{B2B5DA7C-E820-47AE-B682-ADB818585263}"
EndProject
Project("{FAE04EC0-301F-11D3-BF4B-00C04F79EFBC}") = "Penguin.Cms.Modules.Core.Local", "..\Penguin.Cms.Modules.Core\Penguin.Cms.Modules.Core.Local.csproj", "{8B6B6D2A-2785-4830-B315-D7C054220C51}"
EndProject
Project("{FAE04EC0-301F-11D3-BF4B-00C04F79EFBC}") = "Penguin.Cms.Core.Local", "..\Penguin.Cms.Core\Penguin.Cms.Core.Local.csproj", "{D08BE5FD-5D95-4D87-BFE9-BCD00CAD5875}"
EndProject
Project("{FAE04EC0-301F-11D3-BF4B-00C04F79EFBC}") = "Penguin.Reflection.Local", "..\Penguin.Reflection\Penguin.Reflection.Local.csproj", "{CD919CC4-B001-4A51-A88E-943831CA5214}"
EndProject
Project("{FAE04EC0-301F-11D3-BF4B-00C04F79EFBC}") = "Penguin.Debugging.Local", "..\Penguin.Debugging\Penguin.Debugging.Local.csproj", "{B324C524-6F32-4961-9EB6-B17852CADF2B}"
EndProject
Project("{FAE04EC0-301F-11D3-BF4B-00C04F79EFBC}") = "Penguin.Cms.Web.Local", "..\Penguin.Cms.Web\Penguin.Cms.Web.Local.csproj", "{ED4E8294-5C19-4920-8D3E-03E904870A65}"
EndProject
Project("{FAE04EC0-301F-11D3-BF4B-00C04F79EFBC}") = "Penguin.Configuration.Local", "..\Penguin.Configuration\Penguin.Configuration.Local.csproj", "{CC61953D-E26A-479E-9B7A-74A1C26ACC71}"
EndProject
Project("{FAE04EC0-301F-11D3-BF4B-00C04F79EFBC}") = "Penguin.Configuration.Abstractions.Local", "..\Penguin.Configuration.Abstractions\Penguin.Configuration.Abstractions.Local.csproj", "{6DBEBC80-995E-4664-A37E-B885AA585A2D}"
EndProject
Project("{FAE04EC0-301F-11D3-BF4B-00C04F79EFBC}") = "Penguin.DependencyInjection.Local", "..\Penguin.DependencyInjection\Penguin.DependencyInjection.Local.csproj", "{B90D9276-FC5E-4EF6-B608-1BD340CD3D60}"
EndProject
Project("{FAE04EC0-301F-11D3-BF4B-00C04F79EFBC}") = "Penguin.Extensions.Collections.Local", "..\Penguin.Extensions.Collections\Penguin.Extensions.Collections.Local.csproj", "{B1E8D57B-3656-4A56-B823-31D7AD6EF812}"
EndProject
Project("{FAE04EC0-301F-11D3-BF4B-00C04F79EFBC}") = "Penguin.Files.Local", "..\Penguin.Files\Penguin.Files.Local.csproj", "{6918DA92-944D-4FD3-8E62-E66B8BDC02B1}"
EndProject
Project("{FAE04EC0-301F-11D3-BF4B-00C04F79EFBC}") = "Penguin.Files.Abstractions.Local", "..\Penguin.Files.Abstractions\Penguin.Files.Abstractions.Local.csproj", "{B95B5E82-0BBA-487C-BD7C-B8C6538A0A2D}"
EndProject
Project("{FAE04EC0-301F-11D3-BF4B-00C04F79EFBC}") = "Penguin.Security.Abstractions.Local", "..\Penguin.Security.Abstractions\Penguin.Security.Abstractions.Local.csproj", "{4D26798D-C365-4383-946C-6DEE8793819C}"
EndProject
Project("{FAE04EC0-301F-11D3-BF4B-00C04F79EFBC}") = "Penguin.Messaging.Application.Local", "..\Penguin.Messaging.Application\Penguin.Messaging.Application.Local.csproj", "{B7BE80C7-5775-4E5D-ADF4-5955404110E6}"
EndProject
Project("{FAE04EC0-301F-11D3-BF4B-00C04F79EFBC}") = "Penguin.Messaging.Abstractions.Local", "..\Penguin.Messaging.Abstractions\Penguin.Messaging.Abstractions.Local.csproj", "{8489BF0E-10DA-4CDF-BF65-88231142B2BA}"
EndProject
Project("{FAE04EC0-301F-11D3-BF4B-00C04F79EFBC}") = "Penguin.Messaging.Core.Local", "..\Penguin.Messaging.Core\Penguin.Messaging.Core.Local.csproj", "{8137EF2E-DC8B-4585-8570-18CA2B48F827}"
EndProject
Project("{FAE04EC0-301F-11D3-BF4B-00C04F79EFBC}") = "Penguin.Persistence.Database.Local", "..\Penguin.Persistence.Database\Penguin.Persistence.Database.Local.csproj", "{58C14F3F-BF47-43C2-9320-999358083125}"
EndProject
Project("{FAE04EC0-301F-11D3-BF4B-00C04F79EFBC}") = "Penguin.Threading.BackgroundWorker.Local", "..\Penguin.Threading.BackgroundWorker\Penguin.Threading.BackgroundWorker.Local.csproj", "{49261DED-85D8-4EFD-9DDC-5E9742132E15}"
EndProject
Project("{FAE04EC0-301F-11D3-BF4B-00C04F79EFBC}") = "Penguin.Persistence.Repositories.Local", "..\Penguin.Persistence.Repositories\Penguin.Persistence.Repositories.Local.csproj", "{46198BD8-C45D-4637-9269-419B522874F3}"
EndProject
Project("{FAE04EC0-301F-11D3-BF4B-00C04F79EFBC}") = "Penguin.Messaging.Persistence.Local", "..\Penguin.Messaging.Persistence\Penguin.Messaging.Persistence.Local.csproj", "{0C60D5D5-4D5E-47DE-A227-B717F1536E52}"
EndProject
Project("{FAE04EC0-301F-11D3-BF4B-00C04F79EFBC}") = "Penguin.Reflection.Serialization.Local", "..\Penguin.Reflection.Serialization\Penguin.Reflection.Serialization.Local.csproj", "{7EF9BB11-A2AE-45DA-AE0A-9501E3A64D50}"
EndProject
Project("{FAE04EC0-301F-11D3-BF4B-00C04F79EFBC}") = "Penguin.Reflection.Serialization.Abstractions.Local", "..\Penguin.Reflection.Serialization.Abstractions\Penguin.Reflection.Serialization.Abstractions.Local.csproj", "{54511A6D-EFCF-4DF5-A5F2-7EA48BDD3720}"
EndProject
Project("{FAE04EC0-301F-11D3-BF4B-00C04F79EFBC}") = "Penguin.Reflection.Serialization.Extensions.Local", "..\Penguin.Reflection.Serialization.Extensions\Penguin.Reflection.Serialization.Extensions.Local.csproj", "{613CA047-1821-4CDB-9A83-1466A6B5BFA7}"
EndProject
Project("{FAE04EC0-301F-11D3-BF4B-00C04F79EFBC}") = "Penguin.Templating.Abstractions.Local", "..\Penguin.Templating.Abstractions\Penguin.Templating.Abstractions.Local.csproj", "{90A5E1C7-48B4-4D36-87B9-02B1B7D8C67E}"
EndProject
Project("{FAE04EC0-301F-11D3-BF4B-00C04F79EFBC}") = "Penguin.Testing.Local", "..\Penguin.Testing\Penguin.Testing.Local.csproj", "{EAB8072A-5634-4561-ABB8-DBBF50B222B4}"
EndProject
Project("{FAE04EC0-301F-11D3-BF4B-00C04F79EFBC}") = "Penguin.Web.Abstractions.Local", "..\Penguin.Web.Abstractions\Penguin.Web.Abstractions.Local.csproj", "{D707925E-313E-47C0-B621-C1D5C7AFB2A4}"
EndProject
Project("{FAE04EC0-301F-11D3-BF4B-00C04F79EFBC}") = "Penguin.Web.DependencyInjection.Local", "..\Penguin.Web.DependencyInjection\Penguin.Web.DependencyInjection.Local.csproj", "{91DA30C1-83E9-4BEE-92A7-42E692D73E92}"
EndProject
Project("{FAE04EC0-301F-11D3-BF4B-00C04F79EFBC}") = "Penguin.Web.Testing.Local", "..\Penguin.Web.Testing\Penguin.Web.Testing.Local.csproj", "{F2BFBE52-C48B-4051-8F5D-55BADCEBD353}"
EndProject
Project("{FAE04EC0-301F-11D3-BF4B-00C04F79EFBC}") = "Penguin.Web.Errors.Local", "..\Penguin.Web.Errors\Penguin.Web.Errors.Local.csproj", "{3A944AF6-C827-4E15-BEDE-F994320B13E1}"
EndProject
Project("{FAE04EC0-301F-11D3-BF4B-00C04F79EFBC}") = "Penguin.Web.Mvc.Local", "..\Penguin.Web.Mvc\Penguin.Web.Mvc.Local.csproj", "{47E9BDD1-52D3-4F33-A268-46BE80839EA6}"
EndProject
Project("{FAE04EC0-301F-11D3-BF4B-00C04F79EFBC}") = "Penguin.Web.Mvc.Abstractions.Local", "..\Penguin.Web.Mvc.Abstractions\Penguin.Web.Mvc.Abstractions.Local.csproj", "{AF33D868-9390-4BD6-9B35-D888A6699434}"
EndProject
Project("{FAE04EC0-301F-11D3-BF4B-00C04F79EFBC}") = "Penguin.Navigation.Abstractions.Local", "..\Penguin.Navigation.Abstractions\Penguin.Navigation.Abstractions.Local.csproj", "{49F7993F-6A42-4C5B-87F4-8F8EADB5301B}"
EndProject
Project("{FAE04EC0-301F-11D3-BF4B-00C04F79EFBC}") = "Penguin.Web.Security.Local", "..\Penguin.Web.Security\Penguin.Web.Security.Local.csproj", "{6EE9311B-C338-46E1-9E09-3B526147D347}"
EndProject
Project("{FAE04EC0-301F-11D3-BF4B-00C04F79EFBC}") = "Penguin.Cms.Repositories.Local", "..\Penguin.Cms.Repositories\Penguin.Cms.Repositories.Local.csproj", "{B3729AB9-A2C2-47FD-800B-F9DD43BEB414}"
EndProject
Project("{FAE04EC0-301F-11D3-BF4B-00C04F79EFBC}") = "Penguin.Shared.Objects.Local", "..\Penguin.Shared.Objects\Penguin.Shared.Objects.Local.csproj", "{62EDA5EE-5C3C-4A70-87B6-6D39F93181A4}"
EndProject
Project("{FAE04EC0-301F-11D3-BF4B-00C04F79EFBC}") = "Penguin.Web.Dynamic.Local", "..\Penguin.Web.Dynamic\Penguin.Web.Dynamic.Local.csproj", "{0267195F-4FAB-4B43-BA79-EE40A2947B85}"
EndProject
Project("{FAE04EC0-301F-11D3-BF4B-00C04F79EFBC}") = "Penguin.Cms.Web.Pages.Local", "..\Penguin.Cms.Web.Pages\Penguin.Cms.Web.Pages.Local.csproj", "{AADE726E-B15E-484D-83A5-709300C28283}"
EndProject
Project("{FAE04EC0-301F-11D3-BF4B-00C04F79EFBC}") = "Penguin.Cms.Pages.Local", "..\Penguin.Cms.Pages\Penguin.Cms.Pages.Local.csproj", "{694D7595-D04C-417E-AAE9-B9779E5E8D39}"
EndProject
Project("{FAE04EC0-301F-11D3-BF4B-00C04F79EFBC}") = "Penguin.Cms.Pages.Repositories.Local", "..\Penguin.Cms.Pages.Repositories\Penguin.Cms.Pages.Repositories.Local.csproj", "{6BA9E410-2B81-44F9-8664-1EAE4F1F868A}"
EndProject
Project("{FAE04EC0-301F-11D3-BF4B-00C04F79EFBC}") = "Penguin.Web.Templating.Local", "..\Penguin.Web.Templating\Penguin.Web.Templating.Local.csproj", "{55AD3C0F-6898-4825-87AB-1A0CE99B6424}"
EndProject
Global
	GlobalSection(SolutionConfigurationPlatforms) = preSolution
		Debug|Any CPU = Debug|Any CPU
		Debug|x64 = Debug|x64
		Debug|x86 = Debug|x86
		Release|Any CPU = Release|Any CPU
		Release|x64 = Release|x64
		Release|x86 = Release|x86
	EndGlobalSection
	GlobalSection(SolutionProperties) = preSolution
		HideSolutionNode = FALSE
	EndGlobalSection
	GlobalSection(ProjectConfigurationPlatforms) = postSolution
		{45F61014-32A8-41D8-B457-652394CE6908}.Debug|Any CPU.ActiveCfg = Debug|Any CPU
		{45F61014-32A8-41D8-B457-652394CE6908}.Debug|Any CPU.Build.0 = Debug|Any CPU
		{45F61014-32A8-41D8-B457-652394CE6908}.Debug|x64.ActiveCfg = Debug|Any CPU
		{45F61014-32A8-41D8-B457-652394CE6908}.Debug|x64.Build.0 = Debug|Any CPU
		{45F61014-32A8-41D8-B457-652394CE6908}.Debug|x86.ActiveCfg = Debug|Any CPU
		{45F61014-32A8-41D8-B457-652394CE6908}.Debug|x86.Build.0 = Debug|Any CPU
		{45F61014-32A8-41D8-B457-652394CE6908}.Release|Any CPU.ActiveCfg = Release|Any CPU
		{45F61014-32A8-41D8-B457-652394CE6908}.Release|Any CPU.Build.0 = Release|Any CPU
		{45F61014-32A8-41D8-B457-652394CE6908}.Release|x64.ActiveCfg = Release|Any CPU
		{45F61014-32A8-41D8-B457-652394CE6908}.Release|x64.Build.0 = Release|Any CPU
		{45F61014-32A8-41D8-B457-652394CE6908}.Release|x86.ActiveCfg = Release|Any CPU
		{45F61014-32A8-41D8-B457-652394CE6908}.Release|x86.Build.0 = Release|Any CPU
		{F8135534-5A01-4BDD-9A0A-418E5A9E29F3}.Debug|Any CPU.ActiveCfg = Debug|Any CPU
		{F8135534-5A01-4BDD-9A0A-418E5A9E29F3}.Debug|Any CPU.Build.0 = Debug|Any CPU
		{F8135534-5A01-4BDD-9A0A-418E5A9E29F3}.Debug|x64.ActiveCfg = Debug|Any CPU
		{F8135534-5A01-4BDD-9A0A-418E5A9E29F3}.Debug|x64.Build.0 = Debug|Any CPU
		{F8135534-5A01-4BDD-9A0A-418E5A9E29F3}.Debug|x86.ActiveCfg = Debug|Any CPU
		{F8135534-5A01-4BDD-9A0A-418E5A9E29F3}.Debug|x86.Build.0 = Debug|Any CPU
		{F8135534-5A01-4BDD-9A0A-418E5A9E29F3}.Release|Any CPU.ActiveCfg = Release|Any CPU
		{F8135534-5A01-4BDD-9A0A-418E5A9E29F3}.Release|Any CPU.Build.0 = Release|Any CPU
		{F8135534-5A01-4BDD-9A0A-418E5A9E29F3}.Release|x64.ActiveCfg = Release|Any CPU
		{F8135534-5A01-4BDD-9A0A-418E5A9E29F3}.Release|x64.Build.0 = Release|Any CPU
		{F8135534-5A01-4BDD-9A0A-418E5A9E29F3}.Release|x86.ActiveCfg = Release|Any CPU
		{F8135534-5A01-4BDD-9A0A-418E5A9E29F3}.Release|x86.Build.0 = Release|Any CPU
		{748139BA-6553-42AE-8D80-B9866BC5E819}.Debug|Any CPU.ActiveCfg = Debug|Any CPU
		{748139BA-6553-42AE-8D80-B9866BC5E819}.Debug|Any CPU.Build.0 = Debug|Any CPU
		{748139BA-6553-42AE-8D80-B9866BC5E819}.Debug|x64.ActiveCfg = Debug|Any CPU
		{748139BA-6553-42AE-8D80-B9866BC5E819}.Debug|x64.Build.0 = Debug|Any CPU
		{748139BA-6553-42AE-8D80-B9866BC5E819}.Debug|x86.ActiveCfg = Debug|Any CPU
		{748139BA-6553-42AE-8D80-B9866BC5E819}.Debug|x86.Build.0 = Debug|Any CPU
		{748139BA-6553-42AE-8D80-B9866BC5E819}.Release|Any CPU.ActiveCfg = Release|Any CPU
		{748139BA-6553-42AE-8D80-B9866BC5E819}.Release|Any CPU.Build.0 = Release|Any CPU
		{748139BA-6553-42AE-8D80-B9866BC5E819}.Release|x64.ActiveCfg = Release|Any CPU
		{748139BA-6553-42AE-8D80-B9866BC5E819}.Release|x64.Build.0 = Release|Any CPU
		{748139BA-6553-42AE-8D80-B9866BC5E819}.Release|x86.ActiveCfg = Release|Any CPU
		{748139BA-6553-42AE-8D80-B9866BC5E819}.Release|x86.Build.0 = Release|Any CPU
		{4EE7ACEE-F095-49C2-BD99-7178CA125A19}.Debug|Any CPU.ActiveCfg = Debug|Any CPU
		{4EE7ACEE-F095-49C2-BD99-7178CA125A19}.Debug|Any CPU.Build.0 = Debug|Any CPU
		{4EE7ACEE-F095-49C2-BD99-7178CA125A19}.Debug|x64.ActiveCfg = Debug|Any CPU
		{4EE7ACEE-F095-49C2-BD99-7178CA125A19}.Debug|x64.Build.0 = Debug|Any CPU
		{4EE7ACEE-F095-49C2-BD99-7178CA125A19}.Debug|x86.ActiveCfg = Debug|Any CPU
		{4EE7ACEE-F095-49C2-BD99-7178CA125A19}.Debug|x86.Build.0 = Debug|Any CPU
		{4EE7ACEE-F095-49C2-BD99-7178CA125A19}.Release|Any CPU.ActiveCfg = Release|Any CPU
		{4EE7ACEE-F095-49C2-BD99-7178CA125A19}.Release|Any CPU.Build.0 = Release|Any CPU
		{4EE7ACEE-F095-49C2-BD99-7178CA125A19}.Release|x64.ActiveCfg = Release|Any CPU
		{4EE7ACEE-F095-49C2-BD99-7178CA125A19}.Release|x64.Build.0 = Release|Any CPU
		{4EE7ACEE-F095-49C2-BD99-7178CA125A19}.Release|x86.ActiveCfg = Release|Any CPU
		{4EE7ACEE-F095-49C2-BD99-7178CA125A19}.Release|x86.Build.0 = Release|Any CPU
		{634E34B3-C0B4-4D04-9283-57BDCA4D35AD}.Debug|Any CPU.ActiveCfg = Debug|Any CPU
		{634E34B3-C0B4-4D04-9283-57BDCA4D35AD}.Debug|Any CPU.Build.0 = Debug|Any CPU
		{634E34B3-C0B4-4D04-9283-57BDCA4D35AD}.Debug|x64.ActiveCfg = Debug|Any CPU
		{634E34B3-C0B4-4D04-9283-57BDCA4D35AD}.Debug|x64.Build.0 = Debug|Any CPU
		{634E34B3-C0B4-4D04-9283-57BDCA4D35AD}.Debug|x86.ActiveCfg = Debug|Any CPU
		{634E34B3-C0B4-4D04-9283-57BDCA4D35AD}.Debug|x86.Build.0 = Debug|Any CPU
		{634E34B3-C0B4-4D04-9283-57BDCA4D35AD}.Release|Any CPU.ActiveCfg = Release|Any CPU
		{634E34B3-C0B4-4D04-9283-57BDCA4D35AD}.Release|Any CPU.Build.0 = Release|Any CPU
		{634E34B3-C0B4-4D04-9283-57BDCA4D35AD}.Release|x64.ActiveCfg = Release|Any CPU
		{634E34B3-C0B4-4D04-9283-57BDCA4D35AD}.Release|x64.Build.0 = Release|Any CPU
		{634E34B3-C0B4-4D04-9283-57BDCA4D35AD}.Release|x86.ActiveCfg = Release|Any CPU
		{634E34B3-C0B4-4D04-9283-57BDCA4D35AD}.Release|x86.Build.0 = Release|Any CPU
		{077BADB6-7652-4742-803A-9008A174C8E6}.Debug|Any CPU.ActiveCfg = Debug|Any CPU
		{077BADB6-7652-4742-803A-9008A174C8E6}.Debug|Any CPU.Build.0 = Debug|Any CPU
		{077BADB6-7652-4742-803A-9008A174C8E6}.Debug|x64.ActiveCfg = Debug|Any CPU
		{077BADB6-7652-4742-803A-9008A174C8E6}.Debug|x64.Build.0 = Debug|Any CPU
		{077BADB6-7652-4742-803A-9008A174C8E6}.Debug|x86.ActiveCfg = Debug|Any CPU
		{077BADB6-7652-4742-803A-9008A174C8E6}.Debug|x86.Build.0 = Debug|Any CPU
		{077BADB6-7652-4742-803A-9008A174C8E6}.Release|Any CPU.ActiveCfg = Release|Any CPU
		{077BADB6-7652-4742-803A-9008A174C8E6}.Release|Any CPU.Build.0 = Release|Any CPU
		{077BADB6-7652-4742-803A-9008A174C8E6}.Release|x64.ActiveCfg = Release|Any CPU
		{077BADB6-7652-4742-803A-9008A174C8E6}.Release|x64.Build.0 = Release|Any CPU
		{077BADB6-7652-4742-803A-9008A174C8E6}.Release|x86.ActiveCfg = Release|Any CPU
		{077BADB6-7652-4742-803A-9008A174C8E6}.Release|x86.Build.0 = Release|Any CPU
		{2CDEBF94-5BF4-4AB0-B10A-4D37B52B3706}.Debug|Any CPU.ActiveCfg = Debug|Any CPU
		{2CDEBF94-5BF4-4AB0-B10A-4D37B52B3706}.Debug|Any CPU.Build.0 = Debug|Any CPU
		{2CDEBF94-5BF4-4AB0-B10A-4D37B52B3706}.Debug|x64.ActiveCfg = Debug|Any CPU
		{2CDEBF94-5BF4-4AB0-B10A-4D37B52B3706}.Debug|x64.Build.0 = Debug|Any CPU
		{2CDEBF94-5BF4-4AB0-B10A-4D37B52B3706}.Debug|x86.ActiveCfg = Debug|Any CPU
		{2CDEBF94-5BF4-4AB0-B10A-4D37B52B3706}.Debug|x86.Build.0 = Debug|Any CPU
		{2CDEBF94-5BF4-4AB0-B10A-4D37B52B3706}.Release|Any CPU.ActiveCfg = Release|Any CPU
		{2CDEBF94-5BF4-4AB0-B10A-4D37B52B3706}.Release|Any CPU.Build.0 = Release|Any CPU
		{2CDEBF94-5BF4-4AB0-B10A-4D37B52B3706}.Release|x64.ActiveCfg = Release|Any CPU
		{2CDEBF94-5BF4-4AB0-B10A-4D37B52B3706}.Release|x64.Build.0 = Release|Any CPU
		{2CDEBF94-5BF4-4AB0-B10A-4D37B52B3706}.Release|x86.ActiveCfg = Release|Any CPU
		{2CDEBF94-5BF4-4AB0-B10A-4D37B52B3706}.Release|x86.Build.0 = Release|Any CPU
		{68346C20-BFC0-4CA9-9A8E-C29635A562DD}.Debug|Any CPU.ActiveCfg = Debug|Any CPU
		{68346C20-BFC0-4CA9-9A8E-C29635A562DD}.Debug|Any CPU.Build.0 = Debug|Any CPU
		{68346C20-BFC0-4CA9-9A8E-C29635A562DD}.Debug|x64.ActiveCfg = Debug|Any CPU
		{68346C20-BFC0-4CA9-9A8E-C29635A562DD}.Debug|x64.Build.0 = Debug|Any CPU
		{68346C20-BFC0-4CA9-9A8E-C29635A562DD}.Debug|x86.ActiveCfg = Debug|Any CPU
		{68346C20-BFC0-4CA9-9A8E-C29635A562DD}.Debug|x86.Build.0 = Debug|Any CPU
		{68346C20-BFC0-4CA9-9A8E-C29635A562DD}.Release|Any CPU.ActiveCfg = Release|Any CPU
		{68346C20-BFC0-4CA9-9A8E-C29635A562DD}.Release|Any CPU.Build.0 = Release|Any CPU
		{68346C20-BFC0-4CA9-9A8E-C29635A562DD}.Release|x64.ActiveCfg = Release|Any CPU
		{68346C20-BFC0-4CA9-9A8E-C29635A562DD}.Release|x64.Build.0 = Release|Any CPU
		{68346C20-BFC0-4CA9-9A8E-C29635A562DD}.Release|x86.ActiveCfg = Release|Any CPU
		{68346C20-BFC0-4CA9-9A8E-C29635A562DD}.Release|x86.Build.0 = Release|Any CPU
		{95D670C6-17CD-435D-A7CD-02F2A088A2F3}.Debug|Any CPU.ActiveCfg = Debug|Any CPU
		{95D670C6-17CD-435D-A7CD-02F2A088A2F3}.Debug|Any CPU.Build.0 = Debug|Any CPU
		{95D670C6-17CD-435D-A7CD-02F2A088A2F3}.Debug|x64.ActiveCfg = Debug|Any CPU
		{95D670C6-17CD-435D-A7CD-02F2A088A2F3}.Debug|x64.Build.0 = Debug|Any CPU
		{95D670C6-17CD-435D-A7CD-02F2A088A2F3}.Debug|x86.ActiveCfg = Debug|Any CPU
		{95D670C6-17CD-435D-A7CD-02F2A088A2F3}.Debug|x86.Build.0 = Debug|Any CPU
		{95D670C6-17CD-435D-A7CD-02F2A088A2F3}.Release|Any CPU.ActiveCfg = Release|Any CPU
		{95D670C6-17CD-435D-A7CD-02F2A088A2F3}.Release|Any CPU.Build.0 = Release|Any CPU
		{95D670C6-17CD-435D-A7CD-02F2A088A2F3}.Release|x64.ActiveCfg = Release|Any CPU
		{95D670C6-17CD-435D-A7CD-02F2A088A2F3}.Release|x64.Build.0 = Release|Any CPU
		{95D670C6-17CD-435D-A7CD-02F2A088A2F3}.Release|x86.ActiveCfg = Release|Any CPU
		{95D670C6-17CD-435D-A7CD-02F2A088A2F3}.Release|x86.Build.0 = Release|Any CPU
		{CC400F2E-9047-40B6-A6F3-66981336932A}.Debug|Any CPU.ActiveCfg = Debug|Any CPU
		{CC400F2E-9047-40B6-A6F3-66981336932A}.Debug|Any CPU.Build.0 = Debug|Any CPU
		{CC400F2E-9047-40B6-A6F3-66981336932A}.Debug|x64.ActiveCfg = Debug|Any CPU
		{CC400F2E-9047-40B6-A6F3-66981336932A}.Debug|x64.Build.0 = Debug|Any CPU
		{CC400F2E-9047-40B6-A6F3-66981336932A}.Debug|x86.ActiveCfg = Debug|Any CPU
		{CC400F2E-9047-40B6-A6F3-66981336932A}.Debug|x86.Build.0 = Debug|Any CPU
		{CC400F2E-9047-40B6-A6F3-66981336932A}.Release|Any CPU.ActiveCfg = Release|Any CPU
		{CC400F2E-9047-40B6-A6F3-66981336932A}.Release|Any CPU.Build.0 = Release|Any CPU
		{CC400F2E-9047-40B6-A6F3-66981336932A}.Release|x64.ActiveCfg = Release|Any CPU
		{CC400F2E-9047-40B6-A6F3-66981336932A}.Release|x64.Build.0 = Release|Any CPU
		{CC400F2E-9047-40B6-A6F3-66981336932A}.Release|x86.ActiveCfg = Release|Any CPU
		{CC400F2E-9047-40B6-A6F3-66981336932A}.Release|x86.Build.0 = Release|Any CPU
		{0FA1F841-67CD-4F61-B842-46A906AB512A}.Debug|Any CPU.ActiveCfg = Debug|Any CPU
		{0FA1F841-67CD-4F61-B842-46A906AB512A}.Debug|Any CPU.Build.0 = Debug|Any CPU
		{0FA1F841-67CD-4F61-B842-46A906AB512A}.Debug|x64.ActiveCfg = Debug|Any CPU
		{0FA1F841-67CD-4F61-B842-46A906AB512A}.Debug|x64.Build.0 = Debug|Any CPU
		{0FA1F841-67CD-4F61-B842-46A906AB512A}.Debug|x86.ActiveCfg = Debug|Any CPU
		{0FA1F841-67CD-4F61-B842-46A906AB512A}.Debug|x86.Build.0 = Debug|Any CPU
		{0FA1F841-67CD-4F61-B842-46A906AB512A}.Release|Any CPU.ActiveCfg = Release|Any CPU
		{0FA1F841-67CD-4F61-B842-46A906AB512A}.Release|Any CPU.Build.0 = Release|Any CPU
		{0FA1F841-67CD-4F61-B842-46A906AB512A}.Release|x64.ActiveCfg = Release|Any CPU
		{0FA1F841-67CD-4F61-B842-46A906AB512A}.Release|x64.Build.0 = Release|Any CPU
		{0FA1F841-67CD-4F61-B842-46A906AB512A}.Release|x86.ActiveCfg = Release|Any CPU
		{0FA1F841-67CD-4F61-B842-46A906AB512A}.Release|x86.Build.0 = Release|Any CPU
		{45A4F4B0-4ECD-4BEA-B880-8113A13498F5}.Debug|Any CPU.ActiveCfg = Debug|Any CPU
		{45A4F4B0-4ECD-4BEA-B880-8113A13498F5}.Debug|Any CPU.Build.0 = Debug|Any CPU
		{45A4F4B0-4ECD-4BEA-B880-8113A13498F5}.Debug|x64.ActiveCfg = Debug|Any CPU
		{45A4F4B0-4ECD-4BEA-B880-8113A13498F5}.Debug|x64.Build.0 = Debug|Any CPU
		{45A4F4B0-4ECD-4BEA-B880-8113A13498F5}.Debug|x86.ActiveCfg = Debug|Any CPU
		{45A4F4B0-4ECD-4BEA-B880-8113A13498F5}.Debug|x86.Build.0 = Debug|Any CPU
		{45A4F4B0-4ECD-4BEA-B880-8113A13498F5}.Release|Any CPU.ActiveCfg = Release|Any CPU
		{45A4F4B0-4ECD-4BEA-B880-8113A13498F5}.Release|Any CPU.Build.0 = Release|Any CPU
		{45A4F4B0-4ECD-4BEA-B880-8113A13498F5}.Release|x64.ActiveCfg = Release|Any CPU
		{45A4F4B0-4ECD-4BEA-B880-8113A13498F5}.Release|x64.Build.0 = Release|Any CPU
		{45A4F4B0-4ECD-4BEA-B880-8113A13498F5}.Release|x86.ActiveCfg = Release|Any CPU
		{45A4F4B0-4ECD-4BEA-B880-8113A13498F5}.Release|x86.Build.0 = Release|Any CPU
		{0E12B3A8-BB51-442D-8820-3B3B4CA7B0EF}.Debug|Any CPU.ActiveCfg = Debug|Any CPU
		{0E12B3A8-BB51-442D-8820-3B3B4CA7B0EF}.Debug|Any CPU.Build.0 = Debug|Any CPU
		{0E12B3A8-BB51-442D-8820-3B3B4CA7B0EF}.Debug|x64.ActiveCfg = Debug|Any CPU
		{0E12B3A8-BB51-442D-8820-3B3B4CA7B0EF}.Debug|x64.Build.0 = Debug|Any CPU
		{0E12B3A8-BB51-442D-8820-3B3B4CA7B0EF}.Debug|x86.ActiveCfg = Debug|Any CPU
		{0E12B3A8-BB51-442D-8820-3B3B4CA7B0EF}.Debug|x86.Build.0 = Debug|Any CPU
		{0E12B3A8-BB51-442D-8820-3B3B4CA7B0EF}.Release|Any CPU.ActiveCfg = Release|Any CPU
		{0E12B3A8-BB51-442D-8820-3B3B4CA7B0EF}.Release|Any CPU.Build.0 = Release|Any CPU
		{0E12B3A8-BB51-442D-8820-3B3B4CA7B0EF}.Release|x64.ActiveCfg = Release|Any CPU
		{0E12B3A8-BB51-442D-8820-3B3B4CA7B0EF}.Release|x64.Build.0 = Release|Any CPU
		{0E12B3A8-BB51-442D-8820-3B3B4CA7B0EF}.Release|x86.ActiveCfg = Release|Any CPU
		{0E12B3A8-BB51-442D-8820-3B3B4CA7B0EF}.Release|x86.Build.0 = Release|Any CPU
		{B2B5DA7C-E820-47AE-B682-ADB818585263}.Debug|Any CPU.ActiveCfg = Debug|Any CPU
		{B2B5DA7C-E820-47AE-B682-ADB818585263}.Debug|Any CPU.Build.0 = Debug|Any CPU
		{B2B5DA7C-E820-47AE-B682-ADB818585263}.Debug|x64.ActiveCfg = Debug|Any CPU
		{B2B5DA7C-E820-47AE-B682-ADB818585263}.Debug|x64.Build.0 = Debug|Any CPU
		{B2B5DA7C-E820-47AE-B682-ADB818585263}.Debug|x86.ActiveCfg = Debug|Any CPU
		{B2B5DA7C-E820-47AE-B682-ADB818585263}.Debug|x86.Build.0 = Debug|Any CPU
		{B2B5DA7C-E820-47AE-B682-ADB818585263}.Release|Any CPU.ActiveCfg = Release|Any CPU
		{B2B5DA7C-E820-47AE-B682-ADB818585263}.Release|Any CPU.Build.0 = Release|Any CPU
		{B2B5DA7C-E820-47AE-B682-ADB818585263}.Release|x64.ActiveCfg = Release|Any CPU
		{B2B5DA7C-E820-47AE-B682-ADB818585263}.Release|x64.Build.0 = Release|Any CPU
		{B2B5DA7C-E820-47AE-B682-ADB818585263}.Release|x86.ActiveCfg = Release|Any CPU
		{B2B5DA7C-E820-47AE-B682-ADB818585263}.Release|x86.Build.0 = Release|Any CPU
		{8B6B6D2A-2785-4830-B315-D7C054220C51}.Debug|Any CPU.ActiveCfg = Debug|Any CPU
		{8B6B6D2A-2785-4830-B315-D7C054220C51}.Debug|Any CPU.Build.0 = Debug|Any CPU
		{8B6B6D2A-2785-4830-B315-D7C054220C51}.Debug|x64.ActiveCfg = Debug|Any CPU
		{8B6B6D2A-2785-4830-B315-D7C054220C51}.Debug|x64.Build.0 = Debug|Any CPU
		{8B6B6D2A-2785-4830-B315-D7C054220C51}.Debug|x86.ActiveCfg = Debug|Any CPU
		{8B6B6D2A-2785-4830-B315-D7C054220C51}.Debug|x86.Build.0 = Debug|Any CPU
		{8B6B6D2A-2785-4830-B315-D7C054220C51}.Release|Any CPU.ActiveCfg = Release|Any CPU
		{8B6B6D2A-2785-4830-B315-D7C054220C51}.Release|Any CPU.Build.0 = Release|Any CPU
		{8B6B6D2A-2785-4830-B315-D7C054220C51}.Release|x64.ActiveCfg = Release|Any CPU
		{8B6B6D2A-2785-4830-B315-D7C054220C51}.Release|x64.Build.0 = Release|Any CPU
		{8B6B6D2A-2785-4830-B315-D7C054220C51}.Release|x86.ActiveCfg = Release|Any CPU
		{8B6B6D2A-2785-4830-B315-D7C054220C51}.Release|x86.Build.0 = Release|Any CPU
		{D08BE5FD-5D95-4D87-BFE9-BCD00CAD5875}.Debug|Any CPU.ActiveCfg = Debug|Any CPU
		{D08BE5FD-5D95-4D87-BFE9-BCD00CAD5875}.Debug|Any CPU.Build.0 = Debug|Any CPU
		{D08BE5FD-5D95-4D87-BFE9-BCD00CAD5875}.Debug|x64.ActiveCfg = Debug|Any CPU
		{D08BE5FD-5D95-4D87-BFE9-BCD00CAD5875}.Debug|x64.Build.0 = Debug|Any CPU
		{D08BE5FD-5D95-4D87-BFE9-BCD00CAD5875}.Debug|x86.ActiveCfg = Debug|Any CPU
		{D08BE5FD-5D95-4D87-BFE9-BCD00CAD5875}.Debug|x86.Build.0 = Debug|Any CPU
		{D08BE5FD-5D95-4D87-BFE9-BCD00CAD5875}.Release|Any CPU.ActiveCfg = Release|Any CPU
		{D08BE5FD-5D95-4D87-BFE9-BCD00CAD5875}.Release|Any CPU.Build.0 = Release|Any CPU
		{D08BE5FD-5D95-4D87-BFE9-BCD00CAD5875}.Release|x64.ActiveCfg = Release|Any CPU
		{D08BE5FD-5D95-4D87-BFE9-BCD00CAD5875}.Release|x64.Build.0 = Release|Any CPU
		{D08BE5FD-5D95-4D87-BFE9-BCD00CAD5875}.Release|x86.ActiveCfg = Release|Any CPU
		{D08BE5FD-5D95-4D87-BFE9-BCD00CAD5875}.Release|x86.Build.0 = Release|Any CPU
		{CD919CC4-B001-4A51-A88E-943831CA5214}.Debug|Any CPU.ActiveCfg = Debug|Any CPU
		{CD919CC4-B001-4A51-A88E-943831CA5214}.Debug|Any CPU.Build.0 = Debug|Any CPU
		{CD919CC4-B001-4A51-A88E-943831CA5214}.Debug|x64.ActiveCfg = Debug|Any CPU
		{CD919CC4-B001-4A51-A88E-943831CA5214}.Debug|x64.Build.0 = Debug|Any CPU
		{CD919CC4-B001-4A51-A88E-943831CA5214}.Debug|x86.ActiveCfg = Debug|Any CPU
		{CD919CC4-B001-4A51-A88E-943831CA5214}.Debug|x86.Build.0 = Debug|Any CPU
		{CD919CC4-B001-4A51-A88E-943831CA5214}.Release|Any CPU.ActiveCfg = Release|Any CPU
		{CD919CC4-B001-4A51-A88E-943831CA5214}.Release|Any CPU.Build.0 = Release|Any CPU
		{CD919CC4-B001-4A51-A88E-943831CA5214}.Release|x64.ActiveCfg = Release|Any CPU
		{CD919CC4-B001-4A51-A88E-943831CA5214}.Release|x64.Build.0 = Release|Any CPU
		{CD919CC4-B001-4A51-A88E-943831CA5214}.Release|x86.ActiveCfg = Release|Any CPU
		{CD919CC4-B001-4A51-A88E-943831CA5214}.Release|x86.Build.0 = Release|Any CPU
		{B324C524-6F32-4961-9EB6-B17852CADF2B}.Debug|Any CPU.ActiveCfg = Debug|Any CPU
		{B324C524-6F32-4961-9EB6-B17852CADF2B}.Debug|Any CPU.Build.0 = Debug|Any CPU
		{B324C524-6F32-4961-9EB6-B17852CADF2B}.Debug|x64.ActiveCfg = Debug|Any CPU
		{B324C524-6F32-4961-9EB6-B17852CADF2B}.Debug|x64.Build.0 = Debug|Any CPU
		{B324C524-6F32-4961-9EB6-B17852CADF2B}.Debug|x86.ActiveCfg = Debug|Any CPU
		{B324C524-6F32-4961-9EB6-B17852CADF2B}.Debug|x86.Build.0 = Debug|Any CPU
		{B324C524-6F32-4961-9EB6-B17852CADF2B}.Release|Any CPU.ActiveCfg = Release|Any CPU
		{B324C524-6F32-4961-9EB6-B17852CADF2B}.Release|Any CPU.Build.0 = Release|Any CPU
		{B324C524-6F32-4961-9EB6-B17852CADF2B}.Release|x64.ActiveCfg = Release|Any CPU
		{B324C524-6F32-4961-9EB6-B17852CADF2B}.Release|x64.Build.0 = Release|Any CPU
		{B324C524-6F32-4961-9EB6-B17852CADF2B}.Release|x86.ActiveCfg = Release|Any CPU
		{B324C524-6F32-4961-9EB6-B17852CADF2B}.Release|x86.Build.0 = Release|Any CPU
		{ED4E8294-5C19-4920-8D3E-03E904870A65}.Debug|Any CPU.ActiveCfg = Debug|Any CPU
		{ED4E8294-5C19-4920-8D3E-03E904870A65}.Debug|Any CPU.Build.0 = Debug|Any CPU
		{ED4E8294-5C19-4920-8D3E-03E904870A65}.Debug|x64.ActiveCfg = Debug|Any CPU
		{ED4E8294-5C19-4920-8D3E-03E904870A65}.Debug|x64.Build.0 = Debug|Any CPU
		{ED4E8294-5C19-4920-8D3E-03E904870A65}.Debug|x86.ActiveCfg = Debug|Any CPU
		{ED4E8294-5C19-4920-8D3E-03E904870A65}.Debug|x86.Build.0 = Debug|Any CPU
		{ED4E8294-5C19-4920-8D3E-03E904870A65}.Release|Any CPU.ActiveCfg = Release|Any CPU
		{ED4E8294-5C19-4920-8D3E-03E904870A65}.Release|Any CPU.Build.0 = Release|Any CPU
		{ED4E8294-5C19-4920-8D3E-03E904870A65}.Release|x64.ActiveCfg = Release|Any CPU
		{ED4E8294-5C19-4920-8D3E-03E904870A65}.Release|x64.Build.0 = Release|Any CPU
		{ED4E8294-5C19-4920-8D3E-03E904870A65}.Release|x86.ActiveCfg = Release|Any CPU
		{ED4E8294-5C19-4920-8D3E-03E904870A65}.Release|x86.Build.0 = Release|Any CPU
		{CC61953D-E26A-479E-9B7A-74A1C26ACC71}.Debug|Any CPU.ActiveCfg = Debug|Any CPU
		{CC61953D-E26A-479E-9B7A-74A1C26ACC71}.Debug|Any CPU.Build.0 = Debug|Any CPU
		{CC61953D-E26A-479E-9B7A-74A1C26ACC71}.Debug|x64.ActiveCfg = Debug|Any CPU
		{CC61953D-E26A-479E-9B7A-74A1C26ACC71}.Debug|x64.Build.0 = Debug|Any CPU
		{CC61953D-E26A-479E-9B7A-74A1C26ACC71}.Debug|x86.ActiveCfg = Debug|Any CPU
		{CC61953D-E26A-479E-9B7A-74A1C26ACC71}.Debug|x86.Build.0 = Debug|Any CPU
		{CC61953D-E26A-479E-9B7A-74A1C26ACC71}.Release|Any CPU.ActiveCfg = Release|Any CPU
		{CC61953D-E26A-479E-9B7A-74A1C26ACC71}.Release|Any CPU.Build.0 = Release|Any CPU
		{CC61953D-E26A-479E-9B7A-74A1C26ACC71}.Release|x64.ActiveCfg = Release|Any CPU
		{CC61953D-E26A-479E-9B7A-74A1C26ACC71}.Release|x64.Build.0 = Release|Any CPU
		{CC61953D-E26A-479E-9B7A-74A1C26ACC71}.Release|x86.ActiveCfg = Release|Any CPU
		{CC61953D-E26A-479E-9B7A-74A1C26ACC71}.Release|x86.Build.0 = Release|Any CPU
		{6DBEBC80-995E-4664-A37E-B885AA585A2D}.Debug|Any CPU.ActiveCfg = Debug|Any CPU
		{6DBEBC80-995E-4664-A37E-B885AA585A2D}.Debug|Any CPU.Build.0 = Debug|Any CPU
		{6DBEBC80-995E-4664-A37E-B885AA585A2D}.Debug|x64.ActiveCfg = Debug|Any CPU
		{6DBEBC80-995E-4664-A37E-B885AA585A2D}.Debug|x64.Build.0 = Debug|Any CPU
		{6DBEBC80-995E-4664-A37E-B885AA585A2D}.Debug|x86.ActiveCfg = Debug|Any CPU
		{6DBEBC80-995E-4664-A37E-B885AA585A2D}.Debug|x86.Build.0 = Debug|Any CPU
		{6DBEBC80-995E-4664-A37E-B885AA585A2D}.Release|Any CPU.ActiveCfg = Release|Any CPU
		{6DBEBC80-995E-4664-A37E-B885AA585A2D}.Release|Any CPU.Build.0 = Release|Any CPU
		{6DBEBC80-995E-4664-A37E-B885AA585A2D}.Release|x64.ActiveCfg = Release|Any CPU
		{6DBEBC80-995E-4664-A37E-B885AA585A2D}.Release|x64.Build.0 = Release|Any CPU
		{6DBEBC80-995E-4664-A37E-B885AA585A2D}.Release|x86.ActiveCfg = Release|Any CPU
		{6DBEBC80-995E-4664-A37E-B885AA585A2D}.Release|x86.Build.0 = Release|Any CPU
		{B90D9276-FC5E-4EF6-B608-1BD340CD3D60}.Debug|Any CPU.ActiveCfg = Debug|Any CPU
		{B90D9276-FC5E-4EF6-B608-1BD340CD3D60}.Debug|Any CPU.Build.0 = Debug|Any CPU
		{B90D9276-FC5E-4EF6-B608-1BD340CD3D60}.Debug|x64.ActiveCfg = Debug|Any CPU
		{B90D9276-FC5E-4EF6-B608-1BD340CD3D60}.Debug|x64.Build.0 = Debug|Any CPU
		{B90D9276-FC5E-4EF6-B608-1BD340CD3D60}.Debug|x86.ActiveCfg = Debug|Any CPU
		{B90D9276-FC5E-4EF6-B608-1BD340CD3D60}.Debug|x86.Build.0 = Debug|Any CPU
		{B90D9276-FC5E-4EF6-B608-1BD340CD3D60}.Release|Any CPU.ActiveCfg = Release|Any CPU
		{B90D9276-FC5E-4EF6-B608-1BD340CD3D60}.Release|Any CPU.Build.0 = Release|Any CPU
		{B90D9276-FC5E-4EF6-B608-1BD340CD3D60}.Release|x64.ActiveCfg = Release|Any CPU
		{B90D9276-FC5E-4EF6-B608-1BD340CD3D60}.Release|x64.Build.0 = Release|Any CPU
		{B90D9276-FC5E-4EF6-B608-1BD340CD3D60}.Release|x86.ActiveCfg = Release|Any CPU
		{B90D9276-FC5E-4EF6-B608-1BD340CD3D60}.Release|x86.Build.0 = Release|Any CPU
		{B1E8D57B-3656-4A56-B823-31D7AD6EF812}.Debug|Any CPU.ActiveCfg = Debug|Any CPU
		{B1E8D57B-3656-4A56-B823-31D7AD6EF812}.Debug|Any CPU.Build.0 = Debug|Any CPU
		{B1E8D57B-3656-4A56-B823-31D7AD6EF812}.Debug|x64.ActiveCfg = Debug|Any CPU
		{B1E8D57B-3656-4A56-B823-31D7AD6EF812}.Debug|x64.Build.0 = Debug|Any CPU
		{B1E8D57B-3656-4A56-B823-31D7AD6EF812}.Debug|x86.ActiveCfg = Debug|Any CPU
		{B1E8D57B-3656-4A56-B823-31D7AD6EF812}.Debug|x86.Build.0 = Debug|Any CPU
		{B1E8D57B-3656-4A56-B823-31D7AD6EF812}.Release|Any CPU.ActiveCfg = Release|Any CPU
		{B1E8D57B-3656-4A56-B823-31D7AD6EF812}.Release|Any CPU.Build.0 = Release|Any CPU
		{B1E8D57B-3656-4A56-B823-31D7AD6EF812}.Release|x64.ActiveCfg = Release|Any CPU
		{B1E8D57B-3656-4A56-B823-31D7AD6EF812}.Release|x64.Build.0 = Release|Any CPU
		{B1E8D57B-3656-4A56-B823-31D7AD6EF812}.Release|x86.ActiveCfg = Release|Any CPU
		{B1E8D57B-3656-4A56-B823-31D7AD6EF812}.Release|x86.Build.0 = Release|Any CPU
		{6918DA92-944D-4FD3-8E62-E66B8BDC02B1}.Debug|Any CPU.ActiveCfg = Debug|Any CPU
		{6918DA92-944D-4FD3-8E62-E66B8BDC02B1}.Debug|Any CPU.Build.0 = Debug|Any CPU
		{6918DA92-944D-4FD3-8E62-E66B8BDC02B1}.Debug|x64.ActiveCfg = Debug|Any CPU
		{6918DA92-944D-4FD3-8E62-E66B8BDC02B1}.Debug|x64.Build.0 = Debug|Any CPU
		{6918DA92-944D-4FD3-8E62-E66B8BDC02B1}.Debug|x86.ActiveCfg = Debug|Any CPU
		{6918DA92-944D-4FD3-8E62-E66B8BDC02B1}.Debug|x86.Build.0 = Debug|Any CPU
		{6918DA92-944D-4FD3-8E62-E66B8BDC02B1}.Release|Any CPU.ActiveCfg = Release|Any CPU
		{6918DA92-944D-4FD3-8E62-E66B8BDC02B1}.Release|Any CPU.Build.0 = Release|Any CPU
		{6918DA92-944D-4FD3-8E62-E66B8BDC02B1}.Release|x64.ActiveCfg = Release|Any CPU
		{6918DA92-944D-4FD3-8E62-E66B8BDC02B1}.Release|x64.Build.0 = Release|Any CPU
		{6918DA92-944D-4FD3-8E62-E66B8BDC02B1}.Release|x86.ActiveCfg = Release|Any CPU
		{6918DA92-944D-4FD3-8E62-E66B8BDC02B1}.Release|x86.Build.0 = Release|Any CPU
		{B95B5E82-0BBA-487C-BD7C-B8C6538A0A2D}.Debug|Any CPU.ActiveCfg = Debug|Any CPU
		{B95B5E82-0BBA-487C-BD7C-B8C6538A0A2D}.Debug|Any CPU.Build.0 = Debug|Any CPU
		{B95B5E82-0BBA-487C-BD7C-B8C6538A0A2D}.Debug|x64.ActiveCfg = Debug|Any CPU
		{B95B5E82-0BBA-487C-BD7C-B8C6538A0A2D}.Debug|x64.Build.0 = Debug|Any CPU
		{B95B5E82-0BBA-487C-BD7C-B8C6538A0A2D}.Debug|x86.ActiveCfg = Debug|Any CPU
		{B95B5E82-0BBA-487C-BD7C-B8C6538A0A2D}.Debug|x86.Build.0 = Debug|Any CPU
		{B95B5E82-0BBA-487C-BD7C-B8C6538A0A2D}.Release|Any CPU.ActiveCfg = Release|Any CPU
		{B95B5E82-0BBA-487C-BD7C-B8C6538A0A2D}.Release|Any CPU.Build.0 = Release|Any CPU
		{B95B5E82-0BBA-487C-BD7C-B8C6538A0A2D}.Release|x64.ActiveCfg = Release|Any CPU
		{B95B5E82-0BBA-487C-BD7C-B8C6538A0A2D}.Release|x64.Build.0 = Release|Any CPU
		{B95B5E82-0BBA-487C-BD7C-B8C6538A0A2D}.Release|x86.ActiveCfg = Release|Any CPU
		{B95B5E82-0BBA-487C-BD7C-B8C6538A0A2D}.Release|x86.Build.0 = Release|Any CPU
		{4D26798D-C365-4383-946C-6DEE8793819C}.Debug|Any CPU.ActiveCfg = Debug|Any CPU
		{4D26798D-C365-4383-946C-6DEE8793819C}.Debug|Any CPU.Build.0 = Debug|Any CPU
		{4D26798D-C365-4383-946C-6DEE8793819C}.Debug|x64.ActiveCfg = Debug|Any CPU
		{4D26798D-C365-4383-946C-6DEE8793819C}.Debug|x64.Build.0 = Debug|Any CPU
		{4D26798D-C365-4383-946C-6DEE8793819C}.Debug|x86.ActiveCfg = Debug|Any CPU
		{4D26798D-C365-4383-946C-6DEE8793819C}.Debug|x86.Build.0 = Debug|Any CPU
		{4D26798D-C365-4383-946C-6DEE8793819C}.Release|Any CPU.ActiveCfg = Release|Any CPU
		{4D26798D-C365-4383-946C-6DEE8793819C}.Release|Any CPU.Build.0 = Release|Any CPU
		{4D26798D-C365-4383-946C-6DEE8793819C}.Release|x64.ActiveCfg = Release|Any CPU
		{4D26798D-C365-4383-946C-6DEE8793819C}.Release|x64.Build.0 = Release|Any CPU
		{4D26798D-C365-4383-946C-6DEE8793819C}.Release|x86.ActiveCfg = Release|Any CPU
		{4D26798D-C365-4383-946C-6DEE8793819C}.Release|x86.Build.0 = Release|Any CPU
		{B7BE80C7-5775-4E5D-ADF4-5955404110E6}.Debug|Any CPU.ActiveCfg = Debug|Any CPU
		{B7BE80C7-5775-4E5D-ADF4-5955404110E6}.Debug|Any CPU.Build.0 = Debug|Any CPU
		{B7BE80C7-5775-4E5D-ADF4-5955404110E6}.Debug|x64.ActiveCfg = Debug|Any CPU
		{B7BE80C7-5775-4E5D-ADF4-5955404110E6}.Debug|x64.Build.0 = Debug|Any CPU
		{B7BE80C7-5775-4E5D-ADF4-5955404110E6}.Debug|x86.ActiveCfg = Debug|Any CPU
		{B7BE80C7-5775-4E5D-ADF4-5955404110E6}.Debug|x86.Build.0 = Debug|Any CPU
		{B7BE80C7-5775-4E5D-ADF4-5955404110E6}.Release|Any CPU.ActiveCfg = Release|Any CPU
		{B7BE80C7-5775-4E5D-ADF4-5955404110E6}.Release|Any CPU.Build.0 = Release|Any CPU
		{B7BE80C7-5775-4E5D-ADF4-5955404110E6}.Release|x64.ActiveCfg = Release|Any CPU
		{B7BE80C7-5775-4E5D-ADF4-5955404110E6}.Release|x64.Build.0 = Release|Any CPU
		{B7BE80C7-5775-4E5D-ADF4-5955404110E6}.Release|x86.ActiveCfg = Release|Any CPU
		{B7BE80C7-5775-4E5D-ADF4-5955404110E6}.Release|x86.Build.0 = Release|Any CPU
		{8489BF0E-10DA-4CDF-BF65-88231142B2BA}.Debug|Any CPU.ActiveCfg = Debug|Any CPU
		{8489BF0E-10DA-4CDF-BF65-88231142B2BA}.Debug|Any CPU.Build.0 = Debug|Any CPU
		{8489BF0E-10DA-4CDF-BF65-88231142B2BA}.Debug|x64.ActiveCfg = Debug|Any CPU
		{8489BF0E-10DA-4CDF-BF65-88231142B2BA}.Debug|x64.Build.0 = Debug|Any CPU
		{8489BF0E-10DA-4CDF-BF65-88231142B2BA}.Debug|x86.ActiveCfg = Debug|Any CPU
		{8489BF0E-10DA-4CDF-BF65-88231142B2BA}.Debug|x86.Build.0 = Debug|Any CPU
		{8489BF0E-10DA-4CDF-BF65-88231142B2BA}.Release|Any CPU.ActiveCfg = Release|Any CPU
		{8489BF0E-10DA-4CDF-BF65-88231142B2BA}.Release|Any CPU.Build.0 = Release|Any CPU
		{8489BF0E-10DA-4CDF-BF65-88231142B2BA}.Release|x64.ActiveCfg = Release|Any CPU
		{8489BF0E-10DA-4CDF-BF65-88231142B2BA}.Release|x64.Build.0 = Release|Any CPU
		{8489BF0E-10DA-4CDF-BF65-88231142B2BA}.Release|x86.ActiveCfg = Release|Any CPU
		{8489BF0E-10DA-4CDF-BF65-88231142B2BA}.Release|x86.Build.0 = Release|Any CPU
		{8137EF2E-DC8B-4585-8570-18CA2B48F827}.Debug|Any CPU.ActiveCfg = Debug|Any CPU
		{8137EF2E-DC8B-4585-8570-18CA2B48F827}.Debug|Any CPU.Build.0 = Debug|Any CPU
		{8137EF2E-DC8B-4585-8570-18CA2B48F827}.Debug|x64.ActiveCfg = Debug|Any CPU
		{8137EF2E-DC8B-4585-8570-18CA2B48F827}.Debug|x64.Build.0 = Debug|Any CPU
		{8137EF2E-DC8B-4585-8570-18CA2B48F827}.Debug|x86.ActiveCfg = Debug|Any CPU
		{8137EF2E-DC8B-4585-8570-18CA2B48F827}.Debug|x86.Build.0 = Debug|Any CPU
		{8137EF2E-DC8B-4585-8570-18CA2B48F827}.Release|Any CPU.ActiveCfg = Release|Any CPU
		{8137EF2E-DC8B-4585-8570-18CA2B48F827}.Release|Any CPU.Build.0 = Release|Any CPU
		{8137EF2E-DC8B-4585-8570-18CA2B48F827}.Release|x64.ActiveCfg = Release|Any CPU
		{8137EF2E-DC8B-4585-8570-18CA2B48F827}.Release|x64.Build.0 = Release|Any CPU
		{8137EF2E-DC8B-4585-8570-18CA2B48F827}.Release|x86.ActiveCfg = Release|Any CPU
		{8137EF2E-DC8B-4585-8570-18CA2B48F827}.Release|x86.Build.0 = Release|Any CPU
		{58C14F3F-BF47-43C2-9320-999358083125}.Debug|Any CPU.ActiveCfg = Debug|Any CPU
		{58C14F3F-BF47-43C2-9320-999358083125}.Debug|Any CPU.Build.0 = Debug|Any CPU
		{58C14F3F-BF47-43C2-9320-999358083125}.Debug|x64.ActiveCfg = Debug|Any CPU
		{58C14F3F-BF47-43C2-9320-999358083125}.Debug|x64.Build.0 = Debug|Any CPU
		{58C14F3F-BF47-43C2-9320-999358083125}.Debug|x86.ActiveCfg = Debug|Any CPU
		{58C14F3F-BF47-43C2-9320-999358083125}.Debug|x86.Build.0 = Debug|Any CPU
		{58C14F3F-BF47-43C2-9320-999358083125}.Release|Any CPU.ActiveCfg = Release|Any CPU
		{58C14F3F-BF47-43C2-9320-999358083125}.Release|Any CPU.Build.0 = Release|Any CPU
		{58C14F3F-BF47-43C2-9320-999358083125}.Release|x64.ActiveCfg = Release|Any CPU
		{58C14F3F-BF47-43C2-9320-999358083125}.Release|x64.Build.0 = Release|Any CPU
		{58C14F3F-BF47-43C2-9320-999358083125}.Release|x86.ActiveCfg = Release|Any CPU
		{58C14F3F-BF47-43C2-9320-999358083125}.Release|x86.Build.0 = Release|Any CPU
		{49261DED-85D8-4EFD-9DDC-5E9742132E15}.Debug|Any CPU.ActiveCfg = Debug|Any CPU
		{49261DED-85D8-4EFD-9DDC-5E9742132E15}.Debug|Any CPU.Build.0 = Debug|Any CPU
		{49261DED-85D8-4EFD-9DDC-5E9742132E15}.Debug|x64.ActiveCfg = Debug|Any CPU
		{49261DED-85D8-4EFD-9DDC-5E9742132E15}.Debug|x64.Build.0 = Debug|Any CPU
		{49261DED-85D8-4EFD-9DDC-5E9742132E15}.Debug|x86.ActiveCfg = Debug|Any CPU
		{49261DED-85D8-4EFD-9DDC-5E9742132E15}.Debug|x86.Build.0 = Debug|Any CPU
		{49261DED-85D8-4EFD-9DDC-5E9742132E15}.Release|Any CPU.ActiveCfg = Release|Any CPU
		{49261DED-85D8-4EFD-9DDC-5E9742132E15}.Release|Any CPU.Build.0 = Release|Any CPU
		{49261DED-85D8-4EFD-9DDC-5E9742132E15}.Release|x64.ActiveCfg = Release|Any CPU
		{49261DED-85D8-4EFD-9DDC-5E9742132E15}.Release|x64.Build.0 = Release|Any CPU
		{49261DED-85D8-4EFD-9DDC-5E9742132E15}.Release|x86.ActiveCfg = Release|Any CPU
		{49261DED-85D8-4EFD-9DDC-5E9742132E15}.Release|x86.Build.0 = Release|Any CPU
		{46198BD8-C45D-4637-9269-419B522874F3}.Debug|Any CPU.ActiveCfg = Debug|Any CPU
		{46198BD8-C45D-4637-9269-419B522874F3}.Debug|Any CPU.Build.0 = Debug|Any CPU
		{46198BD8-C45D-4637-9269-419B522874F3}.Debug|x64.ActiveCfg = Debug|Any CPU
		{46198BD8-C45D-4637-9269-419B522874F3}.Debug|x64.Build.0 = Debug|Any CPU
		{46198BD8-C45D-4637-9269-419B522874F3}.Debug|x86.ActiveCfg = Debug|Any CPU
		{46198BD8-C45D-4637-9269-419B522874F3}.Debug|x86.Build.0 = Debug|Any CPU
		{46198BD8-C45D-4637-9269-419B522874F3}.Release|Any CPU.ActiveCfg = Release|Any CPU
		{46198BD8-C45D-4637-9269-419B522874F3}.Release|Any CPU.Build.0 = Release|Any CPU
		{46198BD8-C45D-4637-9269-419B522874F3}.Release|x64.ActiveCfg = Release|Any CPU
		{46198BD8-C45D-4637-9269-419B522874F3}.Release|x64.Build.0 = Release|Any CPU
		{46198BD8-C45D-4637-9269-419B522874F3}.Release|x86.ActiveCfg = Release|Any CPU
		{46198BD8-C45D-4637-9269-419B522874F3}.Release|x86.Build.0 = Release|Any CPU
		{0C60D5D5-4D5E-47DE-A227-B717F1536E52}.Debug|Any CPU.ActiveCfg = Debug|Any CPU
		{0C60D5D5-4D5E-47DE-A227-B717F1536E52}.Debug|Any CPU.Build.0 = Debug|Any CPU
		{0C60D5D5-4D5E-47DE-A227-B717F1536E52}.Debug|x64.ActiveCfg = Debug|Any CPU
		{0C60D5D5-4D5E-47DE-A227-B717F1536E52}.Debug|x64.Build.0 = Debug|Any CPU
		{0C60D5D5-4D5E-47DE-A227-B717F1536E52}.Debug|x86.ActiveCfg = Debug|Any CPU
		{0C60D5D5-4D5E-47DE-A227-B717F1536E52}.Debug|x86.Build.0 = Debug|Any CPU
		{0C60D5D5-4D5E-47DE-A227-B717F1536E52}.Release|Any CPU.ActiveCfg = Release|Any CPU
		{0C60D5D5-4D5E-47DE-A227-B717F1536E52}.Release|Any CPU.Build.0 = Release|Any CPU
		{0C60D5D5-4D5E-47DE-A227-B717F1536E52}.Release|x64.ActiveCfg = Release|Any CPU
		{0C60D5D5-4D5E-47DE-A227-B717F1536E52}.Release|x64.Build.0 = Release|Any CPU
		{0C60D5D5-4D5E-47DE-A227-B717F1536E52}.Release|x86.ActiveCfg = Release|Any CPU
		{0C60D5D5-4D5E-47DE-A227-B717F1536E52}.Release|x86.Build.0 = Release|Any CPU
		{7EF9BB11-A2AE-45DA-AE0A-9501E3A64D50}.Debug|Any CPU.ActiveCfg = Debug|Any CPU
		{7EF9BB11-A2AE-45DA-AE0A-9501E3A64D50}.Debug|Any CPU.Build.0 = Debug|Any CPU
		{7EF9BB11-A2AE-45DA-AE0A-9501E3A64D50}.Debug|x64.ActiveCfg = Debug|Any CPU
		{7EF9BB11-A2AE-45DA-AE0A-9501E3A64D50}.Debug|x64.Build.0 = Debug|Any CPU
		{7EF9BB11-A2AE-45DA-AE0A-9501E3A64D50}.Debug|x86.ActiveCfg = Debug|Any CPU
		{7EF9BB11-A2AE-45DA-AE0A-9501E3A64D50}.Debug|x86.Build.0 = Debug|Any CPU
		{7EF9BB11-A2AE-45DA-AE0A-9501E3A64D50}.Release|Any CPU.ActiveCfg = Release|Any CPU
		{7EF9BB11-A2AE-45DA-AE0A-9501E3A64D50}.Release|Any CPU.Build.0 = Release|Any CPU
		{7EF9BB11-A2AE-45DA-AE0A-9501E3A64D50}.Release|x64.ActiveCfg = Release|Any CPU
		{7EF9BB11-A2AE-45DA-AE0A-9501E3A64D50}.Release|x64.Build.0 = Release|Any CPU
		{7EF9BB11-A2AE-45DA-AE0A-9501E3A64D50}.Release|x86.ActiveCfg = Release|Any CPU
		{7EF9BB11-A2AE-45DA-AE0A-9501E3A64D50}.Release|x86.Build.0 = Release|Any CPU
		{54511A6D-EFCF-4DF5-A5F2-7EA48BDD3720}.Debug|Any CPU.ActiveCfg = Debug|Any CPU
		{54511A6D-EFCF-4DF5-A5F2-7EA48BDD3720}.Debug|Any CPU.Build.0 = Debug|Any CPU
		{54511A6D-EFCF-4DF5-A5F2-7EA48BDD3720}.Debug|x64.ActiveCfg = Debug|Any CPU
		{54511A6D-EFCF-4DF5-A5F2-7EA48BDD3720}.Debug|x64.Build.0 = Debug|Any CPU
		{54511A6D-EFCF-4DF5-A5F2-7EA48BDD3720}.Debug|x86.ActiveCfg = Debug|Any CPU
		{54511A6D-EFCF-4DF5-A5F2-7EA48BDD3720}.Debug|x86.Build.0 = Debug|Any CPU
		{54511A6D-EFCF-4DF5-A5F2-7EA48BDD3720}.Release|Any CPU.ActiveCfg = Release|Any CPU
		{54511A6D-EFCF-4DF5-A5F2-7EA48BDD3720}.Release|Any CPU.Build.0 = Release|Any CPU
		{54511A6D-EFCF-4DF5-A5F2-7EA48BDD3720}.Release|x64.ActiveCfg = Release|Any CPU
		{54511A6D-EFCF-4DF5-A5F2-7EA48BDD3720}.Release|x64.Build.0 = Release|Any CPU
		{54511A6D-EFCF-4DF5-A5F2-7EA48BDD3720}.Release|x86.ActiveCfg = Release|Any CPU
		{54511A6D-EFCF-4DF5-A5F2-7EA48BDD3720}.Release|x86.Build.0 = Release|Any CPU
		{613CA047-1821-4CDB-9A83-1466A6B5BFA7}.Debug|Any CPU.ActiveCfg = Debug|Any CPU
		{613CA047-1821-4CDB-9A83-1466A6B5BFA7}.Debug|Any CPU.Build.0 = Debug|Any CPU
		{613CA047-1821-4CDB-9A83-1466A6B5BFA7}.Debug|x64.ActiveCfg = Debug|Any CPU
		{613CA047-1821-4CDB-9A83-1466A6B5BFA7}.Debug|x64.Build.0 = Debug|Any CPU
		{613CA047-1821-4CDB-9A83-1466A6B5BFA7}.Debug|x86.ActiveCfg = Debug|Any CPU
		{613CA047-1821-4CDB-9A83-1466A6B5BFA7}.Debug|x86.Build.0 = Debug|Any CPU
		{613CA047-1821-4CDB-9A83-1466A6B5BFA7}.Release|Any CPU.ActiveCfg = Release|Any CPU
		{613CA047-1821-4CDB-9A83-1466A6B5BFA7}.Release|Any CPU.Build.0 = Release|Any CPU
		{613CA047-1821-4CDB-9A83-1466A6B5BFA7}.Release|x64.ActiveCfg = Release|Any CPU
		{613CA047-1821-4CDB-9A83-1466A6B5BFA7}.Release|x64.Build.0 = Release|Any CPU
		{613CA047-1821-4CDB-9A83-1466A6B5BFA7}.Release|x86.ActiveCfg = Release|Any CPU
		{613CA047-1821-4CDB-9A83-1466A6B5BFA7}.Release|x86.Build.0 = Release|Any CPU
		{90A5E1C7-48B4-4D36-87B9-02B1B7D8C67E}.Debug|Any CPU.ActiveCfg = Debug|Any CPU
		{90A5E1C7-48B4-4D36-87B9-02B1B7D8C67E}.Debug|Any CPU.Build.0 = Debug|Any CPU
		{90A5E1C7-48B4-4D36-87B9-02B1B7D8C67E}.Debug|x64.ActiveCfg = Debug|Any CPU
		{90A5E1C7-48B4-4D36-87B9-02B1B7D8C67E}.Debug|x64.Build.0 = Debug|Any CPU
		{90A5E1C7-48B4-4D36-87B9-02B1B7D8C67E}.Debug|x86.ActiveCfg = Debug|Any CPU
		{90A5E1C7-48B4-4D36-87B9-02B1B7D8C67E}.Debug|x86.Build.0 = Debug|Any CPU
		{90A5E1C7-48B4-4D36-87B9-02B1B7D8C67E}.Release|Any CPU.ActiveCfg = Release|Any CPU
		{90A5E1C7-48B4-4D36-87B9-02B1B7D8C67E}.Release|Any CPU.Build.0 = Release|Any CPU
		{90A5E1C7-48B4-4D36-87B9-02B1B7D8C67E}.Release|x64.ActiveCfg = Release|Any CPU
		{90A5E1C7-48B4-4D36-87B9-02B1B7D8C67E}.Release|x64.Build.0 = Release|Any CPU
		{90A5E1C7-48B4-4D36-87B9-02B1B7D8C67E}.Release|x86.ActiveCfg = Release|Any CPU
		{90A5E1C7-48B4-4D36-87B9-02B1B7D8C67E}.Release|x86.Build.0 = Release|Any CPU
		{EAB8072A-5634-4561-ABB8-DBBF50B222B4}.Debug|Any CPU.ActiveCfg = Debug|Any CPU
		{EAB8072A-5634-4561-ABB8-DBBF50B222B4}.Debug|Any CPU.Build.0 = Debug|Any CPU
		{EAB8072A-5634-4561-ABB8-DBBF50B222B4}.Debug|x64.ActiveCfg = Debug|Any CPU
		{EAB8072A-5634-4561-ABB8-DBBF50B222B4}.Debug|x64.Build.0 = Debug|Any CPU
		{EAB8072A-5634-4561-ABB8-DBBF50B222B4}.Debug|x86.ActiveCfg = Debug|Any CPU
		{EAB8072A-5634-4561-ABB8-DBBF50B222B4}.Debug|x86.Build.0 = Debug|Any CPU
		{EAB8072A-5634-4561-ABB8-DBBF50B222B4}.Release|Any CPU.ActiveCfg = Release|Any CPU
		{EAB8072A-5634-4561-ABB8-DBBF50B222B4}.Release|Any CPU.Build.0 = Release|Any CPU
		{EAB8072A-5634-4561-ABB8-DBBF50B222B4}.Release|x64.ActiveCfg = Release|Any CPU
		{EAB8072A-5634-4561-ABB8-DBBF50B222B4}.Release|x64.Build.0 = Release|Any CPU
		{EAB8072A-5634-4561-ABB8-DBBF50B222B4}.Release|x86.ActiveCfg = Release|Any CPU
		{EAB8072A-5634-4561-ABB8-DBBF50B222B4}.Release|x86.Build.0 = Release|Any CPU
		{D707925E-313E-47C0-B621-C1D5C7AFB2A4}.Debug|Any CPU.ActiveCfg = Debug|Any CPU
		{D707925E-313E-47C0-B621-C1D5C7AFB2A4}.Debug|Any CPU.Build.0 = Debug|Any CPU
		{D707925E-313E-47C0-B621-C1D5C7AFB2A4}.Debug|x64.ActiveCfg = Debug|Any CPU
		{D707925E-313E-47C0-B621-C1D5C7AFB2A4}.Debug|x64.Build.0 = Debug|Any CPU
		{D707925E-313E-47C0-B621-C1D5C7AFB2A4}.Debug|x86.ActiveCfg = Debug|Any CPU
		{D707925E-313E-47C0-B621-C1D5C7AFB2A4}.Debug|x86.Build.0 = Debug|Any CPU
		{D707925E-313E-47C0-B621-C1D5C7AFB2A4}.Release|Any CPU.ActiveCfg = Release|Any CPU
		{D707925E-313E-47C0-B621-C1D5C7AFB2A4}.Release|Any CPU.Build.0 = Release|Any CPU
		{D707925E-313E-47C0-B621-C1D5C7AFB2A4}.Release|x64.ActiveCfg = Release|Any CPU
		{D707925E-313E-47C0-B621-C1D5C7AFB2A4}.Release|x64.Build.0 = Release|Any CPU
		{D707925E-313E-47C0-B621-C1D5C7AFB2A4}.Release|x86.ActiveCfg = Release|Any CPU
		{D707925E-313E-47C0-B621-C1D5C7AFB2A4}.Release|x86.Build.0 = Release|Any CPU
		{91DA30C1-83E9-4BEE-92A7-42E692D73E92}.Debug|Any CPU.ActiveCfg = Debug|Any CPU
		{91DA30C1-83E9-4BEE-92A7-42E692D73E92}.Debug|Any CPU.Build.0 = Debug|Any CPU
		{91DA30C1-83E9-4BEE-92A7-42E692D73E92}.Debug|x64.ActiveCfg = Debug|Any CPU
		{91DA30C1-83E9-4BEE-92A7-42E692D73E92}.Debug|x64.Build.0 = Debug|Any CPU
		{91DA30C1-83E9-4BEE-92A7-42E692D73E92}.Debug|x86.ActiveCfg = Debug|Any CPU
		{91DA30C1-83E9-4BEE-92A7-42E692D73E92}.Debug|x86.Build.0 = Debug|Any CPU
		{91DA30C1-83E9-4BEE-92A7-42E692D73E92}.Release|Any CPU.ActiveCfg = Release|Any CPU
		{91DA30C1-83E9-4BEE-92A7-42E692D73E92}.Release|Any CPU.Build.0 = Release|Any CPU
		{91DA30C1-83E9-4BEE-92A7-42E692D73E92}.Release|x64.ActiveCfg = Release|Any CPU
		{91DA30C1-83E9-4BEE-92A7-42E692D73E92}.Release|x64.Build.0 = Release|Any CPU
		{91DA30C1-83E9-4BEE-92A7-42E692D73E92}.Release|x86.ActiveCfg = Release|Any CPU
		{91DA30C1-83E9-4BEE-92A7-42E692D73E92}.Release|x86.Build.0 = Release|Any CPU
		{F2BFBE52-C48B-4051-8F5D-55BADCEBD353}.Debug|Any CPU.ActiveCfg = Debug|Any CPU
		{F2BFBE52-C48B-4051-8F5D-55BADCEBD353}.Debug|Any CPU.Build.0 = Debug|Any CPU
		{F2BFBE52-C48B-4051-8F5D-55BADCEBD353}.Debug|x64.ActiveCfg = Debug|Any CPU
		{F2BFBE52-C48B-4051-8F5D-55BADCEBD353}.Debug|x64.Build.0 = Debug|Any CPU
		{F2BFBE52-C48B-4051-8F5D-55BADCEBD353}.Debug|x86.ActiveCfg = Debug|Any CPU
		{F2BFBE52-C48B-4051-8F5D-55BADCEBD353}.Debug|x86.Build.0 = Debug|Any CPU
		{F2BFBE52-C48B-4051-8F5D-55BADCEBD353}.Release|Any CPU.ActiveCfg = Release|Any CPU
		{F2BFBE52-C48B-4051-8F5D-55BADCEBD353}.Release|Any CPU.Build.0 = Release|Any CPU
		{F2BFBE52-C48B-4051-8F5D-55BADCEBD353}.Release|x64.ActiveCfg = Release|Any CPU
		{F2BFBE52-C48B-4051-8F5D-55BADCEBD353}.Release|x64.Build.0 = Release|Any CPU
		{F2BFBE52-C48B-4051-8F5D-55BADCEBD353}.Release|x86.ActiveCfg = Release|Any CPU
		{F2BFBE52-C48B-4051-8F5D-55BADCEBD353}.Release|x86.Build.0 = Release|Any CPU
		{3A944AF6-C827-4E15-BEDE-F994320B13E1}.Debug|Any CPU.ActiveCfg = Debug|Any CPU
		{3A944AF6-C827-4E15-BEDE-F994320B13E1}.Debug|Any CPU.Build.0 = Debug|Any CPU
		{3A944AF6-C827-4E15-BEDE-F994320B13E1}.Debug|x64.ActiveCfg = Debug|Any CPU
		{3A944AF6-C827-4E15-BEDE-F994320B13E1}.Debug|x64.Build.0 = Debug|Any CPU
		{3A944AF6-C827-4E15-BEDE-F994320B13E1}.Debug|x86.ActiveCfg = Debug|Any CPU
		{3A944AF6-C827-4E15-BEDE-F994320B13E1}.Debug|x86.Build.0 = Debug|Any CPU
		{3A944AF6-C827-4E15-BEDE-F994320B13E1}.Release|Any CPU.ActiveCfg = Release|Any CPU
		{3A944AF6-C827-4E15-BEDE-F994320B13E1}.Release|Any CPU.Build.0 = Release|Any CPU
		{3A944AF6-C827-4E15-BEDE-F994320B13E1}.Release|x64.ActiveCfg = Release|Any CPU
		{3A944AF6-C827-4E15-BEDE-F994320B13E1}.Release|x64.Build.0 = Release|Any CPU
		{3A944AF6-C827-4E15-BEDE-F994320B13E1}.Release|x86.ActiveCfg = Release|Any CPU
		{3A944AF6-C827-4E15-BEDE-F994320B13E1}.Release|x86.Build.0 = Release|Any CPU
		{47E9BDD1-52D3-4F33-A268-46BE80839EA6}.Debug|Any CPU.ActiveCfg = Debug|Any CPU
		{47E9BDD1-52D3-4F33-A268-46BE80839EA6}.Debug|Any CPU.Build.0 = Debug|Any CPU
		{47E9BDD1-52D3-4F33-A268-46BE80839EA6}.Debug|x64.ActiveCfg = Debug|Any CPU
		{47E9BDD1-52D3-4F33-A268-46BE80839EA6}.Debug|x64.Build.0 = Debug|Any CPU
		{47E9BDD1-52D3-4F33-A268-46BE80839EA6}.Debug|x86.ActiveCfg = Debug|Any CPU
		{47E9BDD1-52D3-4F33-A268-46BE80839EA6}.Debug|x86.Build.0 = Debug|Any CPU
		{47E9BDD1-52D3-4F33-A268-46BE80839EA6}.Release|Any CPU.ActiveCfg = Release|Any CPU
		{47E9BDD1-52D3-4F33-A268-46BE80839EA6}.Release|Any CPU.Build.0 = Release|Any CPU
		{47E9BDD1-52D3-4F33-A268-46BE80839EA6}.Release|x64.ActiveCfg = Release|Any CPU
		{47E9BDD1-52D3-4F33-A268-46BE80839EA6}.Release|x64.Build.0 = Release|Any CPU
		{47E9BDD1-52D3-4F33-A268-46BE80839EA6}.Release|x86.ActiveCfg = Release|Any CPU
		{47E9BDD1-52D3-4F33-A268-46BE80839EA6}.Release|x86.Build.0 = Release|Any CPU
		{AF33D868-9390-4BD6-9B35-D888A6699434}.Debug|Any CPU.ActiveCfg = Debug|Any CPU
		{AF33D868-9390-4BD6-9B35-D888A6699434}.Debug|Any CPU.Build.0 = Debug|Any CPU
		{AF33D868-9390-4BD6-9B35-D888A6699434}.Debug|x64.ActiveCfg = Debug|Any CPU
		{AF33D868-9390-4BD6-9B35-D888A6699434}.Debug|x64.Build.0 = Debug|Any CPU
		{AF33D868-9390-4BD6-9B35-D888A6699434}.Debug|x86.ActiveCfg = Debug|Any CPU
		{AF33D868-9390-4BD6-9B35-D888A6699434}.Debug|x86.Build.0 = Debug|Any CPU
		{AF33D868-9390-4BD6-9B35-D888A6699434}.Release|Any CPU.ActiveCfg = Release|Any CPU
		{AF33D868-9390-4BD6-9B35-D888A6699434}.Release|Any CPU.Build.0 = Release|Any CPU
		{AF33D868-9390-4BD6-9B35-D888A6699434}.Release|x64.ActiveCfg = Release|Any CPU
		{AF33D868-9390-4BD6-9B35-D888A6699434}.Release|x64.Build.0 = Release|Any CPU
		{AF33D868-9390-4BD6-9B35-D888A6699434}.Release|x86.ActiveCfg = Release|Any CPU
		{AF33D868-9390-4BD6-9B35-D888A6699434}.Release|x86.Build.0 = Release|Any CPU
		{49F7993F-6A42-4C5B-87F4-8F8EADB5301B}.Debug|Any CPU.ActiveCfg = Debug|Any CPU
		{49F7993F-6A42-4C5B-87F4-8F8EADB5301B}.Debug|Any CPU.Build.0 = Debug|Any CPU
		{49F7993F-6A42-4C5B-87F4-8F8EADB5301B}.Debug|x64.ActiveCfg = Debug|Any CPU
		{49F7993F-6A42-4C5B-87F4-8F8EADB5301B}.Debug|x64.Build.0 = Debug|Any CPU
		{49F7993F-6A42-4C5B-87F4-8F8EADB5301B}.Debug|x86.ActiveCfg = Debug|Any CPU
		{49F7993F-6A42-4C5B-87F4-8F8EADB5301B}.Debug|x86.Build.0 = Debug|Any CPU
		{49F7993F-6A42-4C5B-87F4-8F8EADB5301B}.Release|Any CPU.ActiveCfg = Release|Any CPU
		{49F7993F-6A42-4C5B-87F4-8F8EADB5301B}.Release|Any CPU.Build.0 = Release|Any CPU
		{49F7993F-6A42-4C5B-87F4-8F8EADB5301B}.Release|x64.ActiveCfg = Release|Any CPU
		{49F7993F-6A42-4C5B-87F4-8F8EADB5301B}.Release|x64.Build.0 = Release|Any CPU
		{49F7993F-6A42-4C5B-87F4-8F8EADB5301B}.Release|x86.ActiveCfg = Release|Any CPU
		{49F7993F-6A42-4C5B-87F4-8F8EADB5301B}.Release|x86.Build.0 = Release|Any CPU
		{6EE9311B-C338-46E1-9E09-3B526147D347}.Debug|Any CPU.ActiveCfg = Debug|Any CPU
		{6EE9311B-C338-46E1-9E09-3B526147D347}.Debug|Any CPU.Build.0 = Debug|Any CPU
		{6EE9311B-C338-46E1-9E09-3B526147D347}.Debug|x64.ActiveCfg = Debug|Any CPU
		{6EE9311B-C338-46E1-9E09-3B526147D347}.Debug|x64.Build.0 = Debug|Any CPU
		{6EE9311B-C338-46E1-9E09-3B526147D347}.Debug|x86.ActiveCfg = Debug|Any CPU
		{6EE9311B-C338-46E1-9E09-3B526147D347}.Debug|x86.Build.0 = Debug|Any CPU
		{6EE9311B-C338-46E1-9E09-3B526147D347}.Release|Any CPU.ActiveCfg = Release|Any CPU
		{6EE9311B-C338-46E1-9E09-3B526147D347}.Release|Any CPU.Build.0 = Release|Any CPU
		{6EE9311B-C338-46E1-9E09-3B526147D347}.Release|x64.ActiveCfg = Release|Any CPU
		{6EE9311B-C338-46E1-9E09-3B526147D347}.Release|x64.Build.0 = Release|Any CPU
		{6EE9311B-C338-46E1-9E09-3B526147D347}.Release|x86.ActiveCfg = Release|Any CPU
		{6EE9311B-C338-46E1-9E09-3B526147D347}.Release|x86.Build.0 = Release|Any CPU
		{B3729AB9-A2C2-47FD-800B-F9DD43BEB414}.Debug|Any CPU.ActiveCfg = Debug|Any CPU
		{B3729AB9-A2C2-47FD-800B-F9DD43BEB414}.Debug|Any CPU.Build.0 = Debug|Any CPU
		{B3729AB9-A2C2-47FD-800B-F9DD43BEB414}.Debug|x64.ActiveCfg = Debug|Any CPU
		{B3729AB9-A2C2-47FD-800B-F9DD43BEB414}.Debug|x64.Build.0 = Debug|Any CPU
		{B3729AB9-A2C2-47FD-800B-F9DD43BEB414}.Debug|x86.ActiveCfg = Debug|Any CPU
		{B3729AB9-A2C2-47FD-800B-F9DD43BEB414}.Debug|x86.Build.0 = Debug|Any CPU
		{B3729AB9-A2C2-47FD-800B-F9DD43BEB414}.Release|Any CPU.ActiveCfg = Release|Any CPU
		{B3729AB9-A2C2-47FD-800B-F9DD43BEB414}.Release|Any CPU.Build.0 = Release|Any CPU
		{B3729AB9-A2C2-47FD-800B-F9DD43BEB414}.Release|x64.ActiveCfg = Release|Any CPU
		{B3729AB9-A2C2-47FD-800B-F9DD43BEB414}.Release|x64.Build.0 = Release|Any CPU
		{B3729AB9-A2C2-47FD-800B-F9DD43BEB414}.Release|x86.ActiveCfg = Release|Any CPU
		{B3729AB9-A2C2-47FD-800B-F9DD43BEB414}.Release|x86.Build.0 = Release|Any CPU
		{62EDA5EE-5C3C-4A70-87B6-6D39F93181A4}.Debug|Any CPU.ActiveCfg = Debug|Any CPU
		{62EDA5EE-5C3C-4A70-87B6-6D39F93181A4}.Debug|Any CPU.Build.0 = Debug|Any CPU
		{62EDA5EE-5C3C-4A70-87B6-6D39F93181A4}.Debug|x64.ActiveCfg = Debug|Any CPU
		{62EDA5EE-5C3C-4A70-87B6-6D39F93181A4}.Debug|x64.Build.0 = Debug|Any CPU
		{62EDA5EE-5C3C-4A70-87B6-6D39F93181A4}.Debug|x86.ActiveCfg = Debug|Any CPU
		{62EDA5EE-5C3C-4A70-87B6-6D39F93181A4}.Debug|x86.Build.0 = Debug|Any CPU
		{62EDA5EE-5C3C-4A70-87B6-6D39F93181A4}.Release|Any CPU.ActiveCfg = Release|Any CPU
		{62EDA5EE-5C3C-4A70-87B6-6D39F93181A4}.Release|Any CPU.Build.0 = Release|Any CPU
		{62EDA5EE-5C3C-4A70-87B6-6D39F93181A4}.Release|x64.ActiveCfg = Release|Any CPU
		{62EDA5EE-5C3C-4A70-87B6-6D39F93181A4}.Release|x64.Build.0 = Release|Any CPU
		{62EDA5EE-5C3C-4A70-87B6-6D39F93181A4}.Release|x86.ActiveCfg = Release|Any CPU
		{62EDA5EE-5C3C-4A70-87B6-6D39F93181A4}.Release|x86.Build.0 = Release|Any CPU
		{0267195F-4FAB-4B43-BA79-EE40A2947B85}.Debug|Any CPU.ActiveCfg = Debug|Any CPU
		{0267195F-4FAB-4B43-BA79-EE40A2947B85}.Debug|Any CPU.Build.0 = Debug|Any CPU
		{0267195F-4FAB-4B43-BA79-EE40A2947B85}.Debug|x64.ActiveCfg = Debug|Any CPU
		{0267195F-4FAB-4B43-BA79-EE40A2947B85}.Debug|x64.Build.0 = Debug|Any CPU
		{0267195F-4FAB-4B43-BA79-EE40A2947B85}.Debug|x86.ActiveCfg = Debug|Any CPU
		{0267195F-4FAB-4B43-BA79-EE40A2947B85}.Debug|x86.Build.0 = Debug|Any CPU
		{0267195F-4FAB-4B43-BA79-EE40A2947B85}.Release|Any CPU.ActiveCfg = Release|Any CPU
		{0267195F-4FAB-4B43-BA79-EE40A2947B85}.Release|Any CPU.Build.0 = Release|Any CPU
		{0267195F-4FAB-4B43-BA79-EE40A2947B85}.Release|x64.ActiveCfg = Release|Any CPU
		{0267195F-4FAB-4B43-BA79-EE40A2947B85}.Release|x64.Build.0 = Release|Any CPU
		{0267195F-4FAB-4B43-BA79-EE40A2947B85}.Release|x86.ActiveCfg = Release|Any CPU
		{0267195F-4FAB-4B43-BA79-EE40A2947B85}.Release|x86.Build.0 = Release|Any CPU
		{AADE726E-B15E-484D-83A5-709300C28283}.Debug|Any CPU.ActiveCfg = Debug|Any CPU
		{AADE726E-B15E-484D-83A5-709300C28283}.Debug|Any CPU.Build.0 = Debug|Any CPU
		{AADE726E-B15E-484D-83A5-709300C28283}.Debug|x64.ActiveCfg = Debug|Any CPU
		{AADE726E-B15E-484D-83A5-709300C28283}.Debug|x64.Build.0 = Debug|Any CPU
		{AADE726E-B15E-484D-83A5-709300C28283}.Debug|x86.ActiveCfg = Debug|Any CPU
		{AADE726E-B15E-484D-83A5-709300C28283}.Debug|x86.Build.0 = Debug|Any CPU
		{AADE726E-B15E-484D-83A5-709300C28283}.Release|Any CPU.ActiveCfg = Release|Any CPU
		{AADE726E-B15E-484D-83A5-709300C28283}.Release|Any CPU.Build.0 = Release|Any CPU
		{AADE726E-B15E-484D-83A5-709300C28283}.Release|x64.ActiveCfg = Release|Any CPU
		{AADE726E-B15E-484D-83A5-709300C28283}.Release|x64.Build.0 = Release|Any CPU
		{AADE726E-B15E-484D-83A5-709300C28283}.Release|x86.ActiveCfg = Release|Any CPU
		{AADE726E-B15E-484D-83A5-709300C28283}.Release|x86.Build.0 = Release|Any CPU
		{694D7595-D04C-417E-AAE9-B9779E5E8D39}.Debug|Any CPU.ActiveCfg = Debug|Any CPU
		{694D7595-D04C-417E-AAE9-B9779E5E8D39}.Debug|Any CPU.Build.0 = Debug|Any CPU
		{694D7595-D04C-417E-AAE9-B9779E5E8D39}.Debug|x64.ActiveCfg = Debug|Any CPU
		{694D7595-D04C-417E-AAE9-B9779E5E8D39}.Debug|x64.Build.0 = Debug|Any CPU
		{694D7595-D04C-417E-AAE9-B9779E5E8D39}.Debug|x86.ActiveCfg = Debug|Any CPU
		{694D7595-D04C-417E-AAE9-B9779E5E8D39}.Debug|x86.Build.0 = Debug|Any CPU
		{694D7595-D04C-417E-AAE9-B9779E5E8D39}.Release|Any CPU.ActiveCfg = Release|Any CPU
		{694D7595-D04C-417E-AAE9-B9779E5E8D39}.Release|Any CPU.Build.0 = Release|Any CPU
		{694D7595-D04C-417E-AAE9-B9779E5E8D39}.Release|x64.ActiveCfg = Release|Any CPU
		{694D7595-D04C-417E-AAE9-B9779E5E8D39}.Release|x64.Build.0 = Release|Any CPU
		{694D7595-D04C-417E-AAE9-B9779E5E8D39}.Release|x86.ActiveCfg = Release|Any CPU
		{694D7595-D04C-417E-AAE9-B9779E5E8D39}.Release|x86.Build.0 = Release|Any CPU
		{6BA9E410-2B81-44F9-8664-1EAE4F1F868A}.Debug|Any CPU.ActiveCfg = Debug|Any CPU
		{6BA9E410-2B81-44F9-8664-1EAE4F1F868A}.Debug|Any CPU.Build.0 = Debug|Any CPU
		{6BA9E410-2B81-44F9-8664-1EAE4F1F868A}.Debug|x64.ActiveCfg = Debug|Any CPU
		{6BA9E410-2B81-44F9-8664-1EAE4F1F868A}.Debug|x64.Build.0 = Debug|Any CPU
		{6BA9E410-2B81-44F9-8664-1EAE4F1F868A}.Debug|x86.ActiveCfg = Debug|Any CPU
		{6BA9E410-2B81-44F9-8664-1EAE4F1F868A}.Debug|x86.Build.0 = Debug|Any CPU
		{6BA9E410-2B81-44F9-8664-1EAE4F1F868A}.Release|Any CPU.ActiveCfg = Release|Any CPU
		{6BA9E410-2B81-44F9-8664-1EAE4F1F868A}.Release|Any CPU.Build.0 = Release|Any CPU
		{6BA9E410-2B81-44F9-8664-1EAE4F1F868A}.Release|x64.ActiveCfg = Release|Any CPU
		{6BA9E410-2B81-44F9-8664-1EAE4F1F868A}.Release|x64.Build.0 = Release|Any CPU
		{6BA9E410-2B81-44F9-8664-1EAE4F1F868A}.Release|x86.ActiveCfg = Release|Any CPU
		{6BA9E410-2B81-44F9-8664-1EAE4F1F868A}.Release|x86.Build.0 = Release|Any CPU
		{55AD3C0F-6898-4825-87AB-1A0CE99B6424}.Debug|Any CPU.ActiveCfg = Debug|Any CPU
		{55AD3C0F-6898-4825-87AB-1A0CE99B6424}.Debug|Any CPU.Build.0 = Debug|Any CPU
		{55AD3C0F-6898-4825-87AB-1A0CE99B6424}.Debug|x64.ActiveCfg = Debug|Any CPU
		{55AD3C0F-6898-4825-87AB-1A0CE99B6424}.Debug|x64.Build.0 = Debug|Any CPU
		{55AD3C0F-6898-4825-87AB-1A0CE99B6424}.Debug|x86.ActiveCfg = Debug|Any CPU
		{55AD3C0F-6898-4825-87AB-1A0CE99B6424}.Debug|x86.Build.0 = Debug|Any CPU
		{55AD3C0F-6898-4825-87AB-1A0CE99B6424}.Release|Any CPU.ActiveCfg = Release|Any CPU
		{55AD3C0F-6898-4825-87AB-1A0CE99B6424}.Release|Any CPU.Build.0 = Release|Any CPU
		{55AD3C0F-6898-4825-87AB-1A0CE99B6424}.Release|x64.ActiveCfg = Release|Any CPU
		{55AD3C0F-6898-4825-87AB-1A0CE99B6424}.Release|x64.Build.0 = Release|Any CPU
		{55AD3C0F-6898-4825-87AB-1A0CE99B6424}.Release|x86.ActiveCfg = Release|Any CPU
		{55AD3C0F-6898-4825-87AB-1A0CE99B6424}.Release|x86.Build.0 = Release|Any CPU
	EndGlobalSection
EndGlobal
