
Microsoft Visual Studio Solution File, Format Version 12.00
# Visual Studio 15
VisualStudioVersion = 15.0.26124.0
MinimumVisualStudioVersion = 15.0.26124.0
Project("{FAE04EC0-301F-11D3-BF4B-00C04F79EFBC}") = "Penguin.Cms.Modules.Pages.Local", "Penguin.Cms.Modules.Pages.Local.csproj", "{BE7DEFB4-CD33-475C-A7CE-3BB522678315}"
EndProject
Project("{FAE04EC0-301F-11D3-BF4B-00C04F79EFBC}") = "Penguin.Cms.Web.Pages.Local", "..\Penguin.Cms.Web.Pages\Penguin.Cms.Web.Pages.Local.csproj", "{AB124CF7-5AF4-434A-81A7-94A090774BD2}"
EndProject
Project("{FAE04EC0-301F-11D3-BF4B-00C04F79EFBC}") = "Penguin.Web.Abstractions.Local", "..\Penguin.Web.Abstractions\Penguin.Web.Abstractions.Local.csproj", "{DC4FD8A3-344D-4AE6-8403-F83638F19088}"
EndProject
Project("{FAE04EC0-301F-11D3-BF4B-00C04F79EFBC}") = "Penguin.Web.Templating.Local", "..\Penguin.Web.Templating\Penguin.Web.Templating.Local.csproj", "{2FCFC647-A496-488E-A957-106643850AAA}"
EndProject
Project("{FAE04EC0-301F-11D3-BF4B-00C04F79EFBC}") = "Penguin.Templating.Abstractions.Local", "..\Penguin.Templating.Abstractions\Penguin.Templating.Abstractions.Local.csproj", "{2D522DC3-116C-434B-B47A-BEA38E539109}"
EndProject
Project("{FAE04EC0-301F-11D3-BF4B-00C04F79EFBC}") = "Penguin.Reflection.Extensions.Local", "..\Penguin.Reflection.Extensions\Penguin.Reflection.Extensions.Local.csproj", "{87819A41-E865-4479-AFF9-369EC5904D73}"
EndProject
Project("{FAE04EC0-301F-11D3-BF4B-00C04F79EFBC}") = "Penguin.Reflection.Abstractions.Local", "..\Penguin.Reflection.Abstractions\Penguin.Reflection.Abstractions.Local.csproj", "{8BC6C865-1044-4E6D-9BE6-E0EEF3961B9B}"
EndProject
Project("{FAE04EC0-301F-11D3-BF4B-00C04F79EFBC}") = "Penguin.Extensions.String.Local", "..\Penguin.Extensions.String\Penguin.Extensions.String.Local.csproj", "{C6923CAC-6C8A-4886-B043-C145140188A4}"
EndProject
Project("{FAE04EC0-301F-11D3-BF4B-00C04F79EFBC}") = "Penguin.Cms.Abstractions.Local", "..\Penguin.Cms.Abstractions\Penguin.Cms.Abstractions.Local.csproj", "{388B562E-D717-45FE-9BB8-2B1E760C2C11}"
EndProject
Project("{FAE04EC0-301F-11D3-BF4B-00C04F79EFBC}") = "Penguin.DependencyInjection.Abstractions.Local", "..\Penguin.DependencyInjection.Abstractions\Penguin.DependencyInjection.Abstractions.Local.csproj", "{6CA74DA4-A1FB-4471-94B7-EA5575051D55}"
EndProject
Project("{FAE04EC0-301F-11D3-BF4B-00C04F79EFBC}") = "Penguin.Persistence.Abstractions.Local", "..\Penguin.Persistence.Abstractions\Penguin.Persistence.Abstractions.Local.csproj", "{B00987D3-B7DD-49BA-84E4-A0E0855649A3}"
EndProject
Project("{FAE04EC0-301F-11D3-BF4B-00C04F79EFBC}") = "Penguin.Entities.Abstractions.Local", "..\Penguin.Entities.Abstractions\Penguin.Entities.Abstractions.Local.csproj", "{FBB10688-6F9C-46C8-B2E7-47F0BEE9AF90}"
EndProject
Project("{FAE04EC0-301F-11D3-BF4B-00C04F79EFBC}") = "Penguin.Cms.Pages.Repositories.Local", "..\Penguin.Cms.Pages.Repositories\Penguin.Cms.Pages.Repositories.Local.csproj", "{688F9D77-E480-4507-A073-0CF2AD094DED}"
EndProject
Project("{FAE04EC0-301F-11D3-BF4B-00C04F79EFBC}") = "Penguin.Cms.Pages.Local", "..\Penguin.Cms.Pages\Penguin.Cms.Pages.Local.csproj", "{44837E16-326E-4B67-ABE2-E07063BC93CB}"
EndProject
Project("{FAE04EC0-301F-11D3-BF4B-00C04F79EFBC}") = "Penguin.Cms.Entities.Local", "..\Penguin.Cms.Entities\Penguin.Cms.Entities.Local.csproj", "{2F520B32-8419-4FA5-A915-5A1B8D5956AB}"
EndProject
Project("{FAE04EC0-301F-11D3-BF4B-00C04F79EFBC}") = "Penguin.Cms.Repositories.Local", "..\Penguin.Cms.Repositories\Penguin.Cms.Repositories.Local.csproj", "{D1544A20-8B94-404B-8BC1-790C1CDCD488}"
EndProject
Project("{FAE04EC0-301F-11D3-BF4B-00C04F79EFBC}") = "Penguin.Persistence.Repositories.Local", "..\Penguin.Persistence.Repositories\Penguin.Persistence.Repositories.Local.csproj", "{9451D519-E671-444A-A631-A5D43F8E85C2}"
EndProject
Project("{FAE04EC0-301F-11D3-BF4B-00C04F79EFBC}") = "Penguin.Messaging.Core.Local", "..\Penguin.Messaging.Core\Penguin.Messaging.Core.Local.csproj", "{7F373C0A-4F32-4887-B03E-C1589343295E}"
EndProject
Project("{FAE04EC0-301F-11D3-BF4B-00C04F79EFBC}") = "Penguin.Debugging.Local", "..\Penguin.Debugging\Penguin.Debugging.Local.csproj", "{E0421DDA-6C99-48BD-99B8-F4FEAEB61B0E}"
EndProject
Project("{FAE04EC0-301F-11D3-BF4B-00C04F79EFBC}") = "Penguin.Extensions.Exceptions.Local", "..\Penguin.Extensions.Exceptions\Penguin.Extensions.Exceptions.Local.csproj", "{59938267-2A6A-4109-BE88-BB5393EED3D1}"
EndProject
Project("{FAE04EC0-301F-11D3-BF4B-00C04F79EFBC}") = "Penguin.Messaging.Abstractions.Local", "..\Penguin.Messaging.Abstractions\Penguin.Messaging.Abstractions.Local.csproj", "{D2E1E44C-FECE-4C01-BD1C-52B2880CC204}"
EndProject
Project("{FAE04EC0-301F-11D3-BF4B-00C04F79EFBC}") = "Penguin.Reflection.Local", "..\Penguin.Reflection\Penguin.Reflection.Local.csproj", "{D9ED394F-9431-468C-A00D-DDF1EE3E681D}"
EndProject
Project("{FAE04EC0-301F-11D3-BF4B-00C04F79EFBC}") = "Penguin.Messaging.Persistence.Local", "..\Penguin.Messaging.Persistence\Penguin.Messaging.Persistence.Local.csproj", "{1A38D6E0-BB1D-412D-B7F3-38B277A9B8DD}"
EndProject
Project("{FAE04EC0-301F-11D3-BF4B-00C04F79EFBC}") = "Penguin.Cms.Modules.Dynamic.Local", "..\Penguin.Cms.Modules.Dynamic\Penguin.Cms.Modules.Dynamic.Local.csproj", "{D0A8526C-154A-46D2-B4F6-83531C6FBEBC}"
EndProject
Project("{FAE04EC0-301F-11D3-BF4B-00C04F79EFBC}") = "Penguin.Json.Local", "..\Penguin.Json\Penguin.Json.Local.csproj", "{ED4D762B-7A76-45E1-AF8F-E1A62667B9C0}"
EndProject
Project("{FAE04EC0-301F-11D3-BF4B-00C04F79EFBC}") = "Penguin.Json.Abstractions.Local", "..\Penguin.Json.Abstractions\Penguin.Json.Abstractions.Local.csproj", "{416058A4-6402-4740-82DC-39C7BF61444C}"
EndProject
Project("{FAE04EC0-301F-11D3-BF4B-00C04F79EFBC}") = "Penguin.SystemExtensions.Abstractions.Local", "..\Penguin.SystemExtensions.Abstractions\Penguin.SystemExtensions.Abstractions.Local.csproj", "{76505078-E983-426E-857E-E766DBF31205}"
EndProject
Project("{FAE04EC0-301F-11D3-BF4B-00C04F79EFBC}") = "Penguin.Shared.Objects.Local", "..\Penguin.Shared.Objects\Penguin.Shared.Objects.Local.csproj", "{6E461D11-05E5-480B-902F-2AFD38307A78}"
EndProject
Project("{FAE04EC0-301F-11D3-BF4B-00C04F79EFBC}") = "Penguin.Cms.Errors.Local", "..\Penguin.Cms.Errors\Penguin.Cms.Errors.Local.csproj", "{6ACABAE2-F6C6-4542-BA83-8E297004D729}"
EndProject
Project("{FAE04EC0-301F-11D3-BF4B-00C04F79EFBC}") = "Penguin.Auditing.Abstractions.Local", "..\Penguin.Auditing.Abstractions\Penguin.Auditing.Abstractions.Local.csproj", "{5544F938-025D-4381-BE90-42070D44516B}"
EndProject
Project("{FAE04EC0-301F-11D3-BF4B-00C04F79EFBC}") = "Penguin.Web.Dynamic.Local", "..\Penguin.Web.Dynamic\Penguin.Web.Dynamic.Local.csproj", "{46248A92-7249-4C4A-AFE2-F63B27ABFA81}"
EndProject
Project("{FAE04EC0-301F-11D3-BF4B-00C04F79EFBC}") = "Penguin.Extensions.Collections.Local", "..\Penguin.Extensions.Collections\Penguin.Extensions.Collections.Local.csproj", "{F349337F-12E6-4F93-A2A5-6C2B0B15FAF9}"
EndProject
Project("{FAE04EC0-301F-11D3-BF4B-00C04F79EFBC}") = "Penguin.Reflection.Serialization.Local", "..\Penguin.Reflection.Serialization\Penguin.Reflection.Serialization.Local.csproj", "{4B026127-4A60-45CD-883F-D61509ECC171}"
EndProject
Project("{FAE04EC0-301F-11D3-BF4B-00C04F79EFBC}") = "Penguin.Reflection.Serialization.Abstractions.Local", "..\Penguin.Reflection.Serialization.Abstractions\Penguin.Reflection.Serialization.Abstractions.Local.csproj", "{1F4D4434-BC31-49D1-9E10-F168D852E84D}"
EndProject
Project("{FAE04EC0-301F-11D3-BF4B-00C04F79EFBC}") = "Penguin.Cms.Modules.Admin.Local", "..\Penguin.Cms.Modules.Admin\Penguin.Cms.Modules.Admin.Local.csproj", "{46A0965B-BCAC-40C2-9D9B-52B68F361CE6}"
EndProject
Project("{FAE04EC0-301F-11D3-BF4B-00C04F79EFBC}") = "Penguin.Web.Security.Local", "..\Penguin.Web.Security\Penguin.Web.Security.Local.csproj", "{92132C05-A8D8-42CD-84C0-F23C3F61D5FC}"
EndProject
Project("{FAE04EC0-301F-11D3-BF4B-00C04F79EFBC}") = "Penguin.Security.Abstractions.Local", "..\Penguin.Security.Abstractions\Penguin.Security.Abstractions.Local.csproj", "{1BC7A214-D414-45A1-95CC-0B61D4373782}"
EndProject
Project("{FAE04EC0-301F-11D3-BF4B-00C04F79EFBC}") = "Penguin.Cms.Modules.Core.Local", "..\Penguin.Cms.Modules.Core\Penguin.Cms.Modules.Core.Local.csproj", "{C7171434-1D5B-4575-BA6C-6DAC7EC86929}"
EndProject
Project("{FAE04EC0-301F-11D3-BF4B-00C04F79EFBC}") = "Penguin.Navigation.Abstractions.Local", "..\Penguin.Navigation.Abstractions\Penguin.Navigation.Abstractions.Local.csproj", "{0CF8A6A5-5765-4B02-A909-CB1725D0F58E}"
EndProject
Project("{FAE04EC0-301F-11D3-BF4B-00C04F79EFBC}") = "Penguin.Cms.Core.Local", "..\Penguin.Cms.Core\Penguin.Cms.Core.Local.csproj", "{5E1EC3EA-9A5F-4E79-9586-DE5B77969701}"
EndProject
Project("{FAE04EC0-301F-11D3-BF4B-00C04F79EFBC}") = "Penguin.Cms.Web.Local", "..\Penguin.Cms.Web\Penguin.Cms.Web.Local.csproj", "{A58BCD70-E21A-44FF-986D-BF5A7317F1C2}"
EndProject
Project("{FAE04EC0-301F-11D3-BF4B-00C04F79EFBC}") = "Penguin.Messaging.Application.Local", "..\Penguin.Messaging.Application\Penguin.Messaging.Application.Local.csproj", "{6C70D387-EAD2-420B-BDAD-7471ECF9759C}"
EndProject
Project("{FAE04EC0-301F-11D3-BF4B-00C04F79EFBC}") = "Penguin.Web.Mvc.Local", "..\Penguin.Web.Mvc\Penguin.Web.Mvc.Local.csproj", "{156307F1-A4DD-4E93-ADA4-E2CE096E40C5}"
EndProject
Project("{FAE04EC0-301F-11D3-BF4B-00C04F79EFBC}") = "Penguin.Web.Mvc.Abstractions.Local", "..\Penguin.Web.Mvc.Abstractions\Penguin.Web.Mvc.Abstractions.Local.csproj", "{D3C6E689-6674-4B3E-9ACE-C02FB5FC6688}"
EndProject
Project("{FAE04EC0-301F-11D3-BF4B-00C04F79EFBC}") = "Penguin.Testing.Local", "..\Penguin.Testing\Penguin.Testing.Local.csproj", "{EBD6E11C-83D3-409E-A440-1D4ECCF1272B}"
EndProject
Project("{FAE04EC0-301F-11D3-BF4B-00C04F79EFBC}") = "Penguin.Web.Errors.Local", "..\Penguin.Web.Errors\Penguin.Web.Errors.Local.csproj", "{4733DE1D-9695-423A-A67E-270D472A89E5}"
EndProject
Project("{FAE04EC0-301F-11D3-BF4B-00C04F79EFBC}") = "Penguin.Web.DependencyInjection.Local", "..\Penguin.Web.DependencyInjection\Penguin.Web.DependencyInjection.Local.csproj", "{95A5D2B2-760E-4278-8EBA-5466B7FBDF24}"
EndProject
Project("{FAE04EC0-301F-11D3-BF4B-00C04F79EFBC}") = "Penguin.Web.Testing.Local", "..\Penguin.Web.Testing\Penguin.Web.Testing.Local.csproj", "{D7F85BCB-1CA7-49E9-A3CD-EC11D6C4C972}"
EndProject
Project("{FAE04EC0-301F-11D3-BF4B-00C04F79EFBC}") = "Penguin.DependencyInjection.Local", "..\Penguin.DependencyInjection\Penguin.DependencyInjection.Local.csproj", "{9F920193-9C82-4549-8C6F-05B373E2EF1A}"
EndProject
Project("{FAE04EC0-301F-11D3-BF4B-00C04F79EFBC}") = "Penguin.Configuration.Local", "..\Penguin.Configuration\Penguin.Configuration.Local.csproj", "{79F3E16C-58BB-4BB7-9E8F-203349F6FC08}"
EndProject
Project("{FAE04EC0-301F-11D3-BF4B-00C04F79EFBC}") = "Penguin.Configuration.Abstractions.Local", "..\Penguin.Configuration.Abstractions\Penguin.Configuration.Abstractions.Local.csproj", "{989439FE-A700-45CD-8DC2-9C0AF4FDE37E}"
EndProject
Project("{FAE04EC0-301F-11D3-BF4B-00C04F79EFBC}") = "Penguin.Persistence.Database.Local", "..\Penguin.Persistence.Database\Penguin.Persistence.Database.Local.csproj", "{3D5D0322-A3D6-4BF5-925E-39BCB6F802D9}"
EndProject
Project("{FAE04EC0-301F-11D3-BF4B-00C04F79EFBC}") = "Penguin.Threading.BackgroundWorker.Local", "..\Penguin.Threading.BackgroundWorker\Penguin.Threading.BackgroundWorker.Local.csproj", "{6EE4295D-88AD-4617-9408-E06C19033F02}"
EndProject
Project("{FAE04EC0-301F-11D3-BF4B-00C04F79EFBC}") = "Penguin.Files.Local", "..\Penguin.Files\Penguin.Files.Local.csproj", "{E93E09A4-E642-4F5D-BFAA-7DF7CEBBBA7F}"
EndProject
Project("{FAE04EC0-301F-11D3-BF4B-00C04F79EFBC}") = "Penguin.Files.Abstractions.Local", "..\Penguin.Files.Abstractions\Penguin.Files.Abstractions.Local.csproj", "{1C924E92-9F30-4806-980B-B98E1A3F2D69}"
EndProject
Project("{FAE04EC0-301F-11D3-BF4B-00C04F79EFBC}") = "Penguin.Reflection.Serialization.Extensions.Local", "..\Penguin.Reflection.Serialization.Extensions\Penguin.Reflection.Serialization.Extensions.Local.csproj", "{D71D3808-0768-4028-B7E0-E430FCF54CD6}"
EndProject
Global
	GlobalSection(SolutionConfigurationPlatforms) = preSolution
		Debug|Any CPU = Debug|Any CPU
		Debug|x64 = Debug|x64
		Debug|x86 = Debug|x86
		Release|Any CPU = Release|Any CPU
		Release|x64 = Release|x64
		Release|x86 = Release|x86
	EndGlobalSection
	GlobalSection(SolutionProperties) = preSolution
		HideSolutionNode = FALSE
	EndGlobalSection
	GlobalSection(ProjectConfigurationPlatforms) = postSolution
		{BE7DEFB4-CD33-475C-A7CE-3BB522678315}.Debug|Any CPU.ActiveCfg = Debug|Any CPU
		{BE7DEFB4-CD33-475C-A7CE-3BB522678315}.Debug|Any CPU.Build.0 = Debug|Any CPU
		{BE7DEFB4-CD33-475C-A7CE-3BB522678315}.Debug|x64.ActiveCfg = Debug|Any CPU
		{BE7DEFB4-CD33-475C-A7CE-3BB522678315}.Debug|x64.Build.0 = Debug|Any CPU
		{BE7DEFB4-CD33-475C-A7CE-3BB522678315}.Debug|x86.ActiveCfg = Debug|Any CPU
		{BE7DEFB4-CD33-475C-A7CE-3BB522678315}.Debug|x86.Build.0 = Debug|Any CPU
		{BE7DEFB4-CD33-475C-A7CE-3BB522678315}.Release|Any CPU.ActiveCfg = Release|Any CPU
		{BE7DEFB4-CD33-475C-A7CE-3BB522678315}.Release|Any CPU.Build.0 = Release|Any CPU
		{BE7DEFB4-CD33-475C-A7CE-3BB522678315}.Release|x64.ActiveCfg = Release|Any CPU
		{BE7DEFB4-CD33-475C-A7CE-3BB522678315}.Release|x64.Build.0 = Release|Any CPU
		{BE7DEFB4-CD33-475C-A7CE-3BB522678315}.Release|x86.ActiveCfg = Release|Any CPU
		{BE7DEFB4-CD33-475C-A7CE-3BB522678315}.Release|x86.Build.0 = Release|Any CPU
		{AB124CF7-5AF4-434A-81A7-94A090774BD2}.Debug|Any CPU.ActiveCfg = Debug|Any CPU
		{AB124CF7-5AF4-434A-81A7-94A090774BD2}.Debug|Any CPU.Build.0 = Debug|Any CPU
		{AB124CF7-5AF4-434A-81A7-94A090774BD2}.Debug|x64.ActiveCfg = Debug|Any CPU
		{AB124CF7-5AF4-434A-81A7-94A090774BD2}.Debug|x64.Build.0 = Debug|Any CPU
		{AB124CF7-5AF4-434A-81A7-94A090774BD2}.Debug|x86.ActiveCfg = Debug|Any CPU
		{AB124CF7-5AF4-434A-81A7-94A090774BD2}.Debug|x86.Build.0 = Debug|Any CPU
		{AB124CF7-5AF4-434A-81A7-94A090774BD2}.Release|Any CPU.ActiveCfg = Release|Any CPU
		{AB124CF7-5AF4-434A-81A7-94A090774BD2}.Release|Any CPU.Build.0 = Release|Any CPU
		{AB124CF7-5AF4-434A-81A7-94A090774BD2}.Release|x64.ActiveCfg = Release|Any CPU
		{AB124CF7-5AF4-434A-81A7-94A090774BD2}.Release|x64.Build.0 = Release|Any CPU
		{AB124CF7-5AF4-434A-81A7-94A090774BD2}.Release|x86.ActiveCfg = Release|Any CPU
		{AB124CF7-5AF4-434A-81A7-94A090774BD2}.Release|x86.Build.0 = Release|Any CPU
		{DC4FD8A3-344D-4AE6-8403-F83638F19088}.Debug|Any CPU.ActiveCfg = Debug|Any CPU
		{DC4FD8A3-344D-4AE6-8403-F83638F19088}.Debug|Any CPU.Build.0 = Debug|Any CPU
		{DC4FD8A3-344D-4AE6-8403-F83638F19088}.Debug|x64.ActiveCfg = Debug|Any CPU
		{DC4FD8A3-344D-4AE6-8403-F83638F19088}.Debug|x64.Build.0 = Debug|Any CPU
		{DC4FD8A3-344D-4AE6-8403-F83638F19088}.Debug|x86.ActiveCfg = Debug|Any CPU
		{DC4FD8A3-344D-4AE6-8403-F83638F19088}.Debug|x86.Build.0 = Debug|Any CPU
		{DC4FD8A3-344D-4AE6-8403-F83638F19088}.Release|Any CPU.ActiveCfg = Release|Any CPU
		{DC4FD8A3-344D-4AE6-8403-F83638F19088}.Release|Any CPU.Build.0 = Release|Any CPU
		{DC4FD8A3-344D-4AE6-8403-F83638F19088}.Release|x64.ActiveCfg = Release|Any CPU
		{DC4FD8A3-344D-4AE6-8403-F83638F19088}.Release|x64.Build.0 = Release|Any CPU
		{DC4FD8A3-344D-4AE6-8403-F83638F19088}.Release|x86.ActiveCfg = Release|Any CPU
		{DC4FD8A3-344D-4AE6-8403-F83638F19088}.Release|x86.Build.0 = Release|Any CPU
		{2FCFC647-A496-488E-A957-106643850AAA}.Debug|Any CPU.ActiveCfg = Debug|Any CPU
		{2FCFC647-A496-488E-A957-106643850AAA}.Debug|Any CPU.Build.0 = Debug|Any CPU
		{2FCFC647-A496-488E-A957-106643850AAA}.Debug|x64.ActiveCfg = Debug|Any CPU
		{2FCFC647-A496-488E-A957-106643850AAA}.Debug|x64.Build.0 = Debug|Any CPU
		{2FCFC647-A496-488E-A957-106643850AAA}.Debug|x86.ActiveCfg = Debug|Any CPU
		{2FCFC647-A496-488E-A957-106643850AAA}.Debug|x86.Build.0 = Debug|Any CPU
		{2FCFC647-A496-488E-A957-106643850AAA}.Release|Any CPU.ActiveCfg = Release|Any CPU
		{2FCFC647-A496-488E-A957-106643850AAA}.Release|Any CPU.Build.0 = Release|Any CPU
		{2FCFC647-A496-488E-A957-106643850AAA}.Release|x64.ActiveCfg = Release|Any CPU
		{2FCFC647-A496-488E-A957-106643850AAA}.Release|x64.Build.0 = Release|Any CPU
		{2FCFC647-A496-488E-A957-106643850AAA}.Release|x86.ActiveCfg = Release|Any CPU
		{2FCFC647-A496-488E-A957-106643850AAA}.Release|x86.Build.0 = Release|Any CPU
		{2D522DC3-116C-434B-B47A-BEA38E539109}.Debug|Any CPU.ActiveCfg = Debug|Any CPU
		{2D522DC3-116C-434B-B47A-BEA38E539109}.Debug|Any CPU.Build.0 = Debug|Any CPU
		{2D522DC3-116C-434B-B47A-BEA38E539109}.Debug|x64.ActiveCfg = Debug|Any CPU
		{2D522DC3-116C-434B-B47A-BEA38E539109}.Debug|x64.Build.0 = Debug|Any CPU
		{2D522DC3-116C-434B-B47A-BEA38E539109}.Debug|x86.ActiveCfg = Debug|Any CPU
		{2D522DC3-116C-434B-B47A-BEA38E539109}.Debug|x86.Build.0 = Debug|Any CPU
		{2D522DC3-116C-434B-B47A-BEA38E539109}.Release|Any CPU.ActiveCfg = Release|Any CPU
		{2D522DC3-116C-434B-B47A-BEA38E539109}.Release|Any CPU.Build.0 = Release|Any CPU
		{2D522DC3-116C-434B-B47A-BEA38E539109}.Release|x64.ActiveCfg = Release|Any CPU
		{2D522DC3-116C-434B-B47A-BEA38E539109}.Release|x64.Build.0 = Release|Any CPU
		{2D522DC3-116C-434B-B47A-BEA38E539109}.Release|x86.ActiveCfg = Release|Any CPU
		{2D522DC3-116C-434B-B47A-BEA38E539109}.Release|x86.Build.0 = Release|Any CPU
		{87819A41-E865-4479-AFF9-369EC5904D73}.Debug|Any CPU.ActiveCfg = Debug|Any CPU
		{87819A41-E865-4479-AFF9-369EC5904D73}.Debug|Any CPU.Build.0 = Debug|Any CPU
		{87819A41-E865-4479-AFF9-369EC5904D73}.Debug|x64.ActiveCfg = Debug|Any CPU
		{87819A41-E865-4479-AFF9-369EC5904D73}.Debug|x64.Build.0 = Debug|Any CPU
		{87819A41-E865-4479-AFF9-369EC5904D73}.Debug|x86.ActiveCfg = Debug|Any CPU
		{87819A41-E865-4479-AFF9-369EC5904D73}.Debug|x86.Build.0 = Debug|Any CPU
		{87819A41-E865-4479-AFF9-369EC5904D73}.Release|Any CPU.ActiveCfg = Release|Any CPU
		{87819A41-E865-4479-AFF9-369EC5904D73}.Release|Any CPU.Build.0 = Release|Any CPU
		{87819A41-E865-4479-AFF9-369EC5904D73}.Release|x64.ActiveCfg = Release|Any CPU
		{87819A41-E865-4479-AFF9-369EC5904D73}.Release|x64.Build.0 = Release|Any CPU
		{87819A41-E865-4479-AFF9-369EC5904D73}.Release|x86.ActiveCfg = Release|Any CPU
		{87819A41-E865-4479-AFF9-369EC5904D73}.Release|x86.Build.0 = Release|Any CPU
		{8BC6C865-1044-4E6D-9BE6-E0EEF3961B9B}.Debug|Any CPU.ActiveCfg = Debug|Any CPU
		{8BC6C865-1044-4E6D-9BE6-E0EEF3961B9B}.Debug|Any CPU.Build.0 = Debug|Any CPU
		{8BC6C865-1044-4E6D-9BE6-E0EEF3961B9B}.Debug|x64.ActiveCfg = Debug|Any CPU
		{8BC6C865-1044-4E6D-9BE6-E0EEF3961B9B}.Debug|x64.Build.0 = Debug|Any CPU
		{8BC6C865-1044-4E6D-9BE6-E0EEF3961B9B}.Debug|x86.ActiveCfg = Debug|Any CPU
		{8BC6C865-1044-4E6D-9BE6-E0EEF3961B9B}.Debug|x86.Build.0 = Debug|Any CPU
		{8BC6C865-1044-4E6D-9BE6-E0EEF3961B9B}.Release|Any CPU.ActiveCfg = Release|Any CPU
		{8BC6C865-1044-4E6D-9BE6-E0EEF3961B9B}.Release|Any CPU.Build.0 = Release|Any CPU
		{8BC6C865-1044-4E6D-9BE6-E0EEF3961B9B}.Release|x64.ActiveCfg = Release|Any CPU
		{8BC6C865-1044-4E6D-9BE6-E0EEF3961B9B}.Release|x64.Build.0 = Release|Any CPU
		{8BC6C865-1044-4E6D-9BE6-E0EEF3961B9B}.Release|x86.ActiveCfg = Release|Any CPU
		{8BC6C865-1044-4E6D-9BE6-E0EEF3961B9B}.Release|x86.Build.0 = Release|Any CPU
		{C6923CAC-6C8A-4886-B043-C145140188A4}.Debug|Any CPU.ActiveCfg = Debug|Any CPU
		{C6923CAC-6C8A-4886-B043-C145140188A4}.Debug|Any CPU.Build.0 = Debug|Any CPU
		{C6923CAC-6C8A-4886-B043-C145140188A4}.Debug|x64.ActiveCfg = Debug|Any CPU
		{C6923CAC-6C8A-4886-B043-C145140188A4}.Debug|x64.Build.0 = Debug|Any CPU
		{C6923CAC-6C8A-4886-B043-C145140188A4}.Debug|x86.ActiveCfg = Debug|Any CPU
		{C6923CAC-6C8A-4886-B043-C145140188A4}.Debug|x86.Build.0 = Debug|Any CPU
		{C6923CAC-6C8A-4886-B043-C145140188A4}.Release|Any CPU.ActiveCfg = Release|Any CPU
		{C6923CAC-6C8A-4886-B043-C145140188A4}.Release|Any CPU.Build.0 = Release|Any CPU
		{C6923CAC-6C8A-4886-B043-C145140188A4}.Release|x64.ActiveCfg = Release|Any CPU
		{C6923CAC-6C8A-4886-B043-C145140188A4}.Release|x64.Build.0 = Release|Any CPU
		{C6923CAC-6C8A-4886-B043-C145140188A4}.Release|x86.ActiveCfg = Release|Any CPU
		{C6923CAC-6C8A-4886-B043-C145140188A4}.Release|x86.Build.0 = Release|Any CPU
		{388B562E-D717-45FE-9BB8-2B1E760C2C11}.Debug|Any CPU.ActiveCfg = Debug|Any CPU
		{388B562E-D717-45FE-9BB8-2B1E760C2C11}.Debug|Any CPU.Build.0 = Debug|Any CPU
		{388B562E-D717-45FE-9BB8-2B1E760C2C11}.Debug|x64.ActiveCfg = Debug|Any CPU
		{388B562E-D717-45FE-9BB8-2B1E760C2C11}.Debug|x64.Build.0 = Debug|Any CPU
		{388B562E-D717-45FE-9BB8-2B1E760C2C11}.Debug|x86.ActiveCfg = Debug|Any CPU
		{388B562E-D717-45FE-9BB8-2B1E760C2C11}.Debug|x86.Build.0 = Debug|Any CPU
		{388B562E-D717-45FE-9BB8-2B1E760C2C11}.Release|Any CPU.ActiveCfg = Release|Any CPU
		{388B562E-D717-45FE-9BB8-2B1E760C2C11}.Release|Any CPU.Build.0 = Release|Any CPU
		{388B562E-D717-45FE-9BB8-2B1E760C2C11}.Release|x64.ActiveCfg = Release|Any CPU
		{388B562E-D717-45FE-9BB8-2B1E760C2C11}.Release|x64.Build.0 = Release|Any CPU
		{388B562E-D717-45FE-9BB8-2B1E760C2C11}.Release|x86.ActiveCfg = Release|Any CPU
		{388B562E-D717-45FE-9BB8-2B1E760C2C11}.Release|x86.Build.0 = Release|Any CPU
		{6CA74DA4-A1FB-4471-94B7-EA5575051D55}.Debug|Any CPU.ActiveCfg = Debug|Any CPU
		{6CA74DA4-A1FB-4471-94B7-EA5575051D55}.Debug|Any CPU.Build.0 = Debug|Any CPU
		{6CA74DA4-A1FB-4471-94B7-EA5575051D55}.Debug|x64.ActiveCfg = Debug|Any CPU
		{6CA74DA4-A1FB-4471-94B7-EA5575051D55}.Debug|x64.Build.0 = Debug|Any CPU
		{6CA74DA4-A1FB-4471-94B7-EA5575051D55}.Debug|x86.ActiveCfg = Debug|Any CPU
		{6CA74DA4-A1FB-4471-94B7-EA5575051D55}.Debug|x86.Build.0 = Debug|Any CPU
		{6CA74DA4-A1FB-4471-94B7-EA5575051D55}.Release|Any CPU.ActiveCfg = Release|Any CPU
		{6CA74DA4-A1FB-4471-94B7-EA5575051D55}.Release|Any CPU.Build.0 = Release|Any CPU
		{6CA74DA4-A1FB-4471-94B7-EA5575051D55}.Release|x64.ActiveCfg = Release|Any CPU
		{6CA74DA4-A1FB-4471-94B7-EA5575051D55}.Release|x64.Build.0 = Release|Any CPU
		{6CA74DA4-A1FB-4471-94B7-EA5575051D55}.Release|x86.ActiveCfg = Release|Any CPU
		{6CA74DA4-A1FB-4471-94B7-EA5575051D55}.Release|x86.Build.0 = Release|Any CPU
		{B00987D3-B7DD-49BA-84E4-A0E0855649A3}.Debug|Any CPU.ActiveCfg = Debug|Any CPU
		{B00987D3-B7DD-49BA-84E4-A0E0855649A3}.Debug|Any CPU.Build.0 = Debug|Any CPU
		{B00987D3-B7DD-49BA-84E4-A0E0855649A3}.Debug|x64.ActiveCfg = Debug|Any CPU
		{B00987D3-B7DD-49BA-84E4-A0E0855649A3}.Debug|x64.Build.0 = Debug|Any CPU
		{B00987D3-B7DD-49BA-84E4-A0E0855649A3}.Debug|x86.ActiveCfg = Debug|Any CPU
		{B00987D3-B7DD-49BA-84E4-A0E0855649A3}.Debug|x86.Build.0 = Debug|Any CPU
		{B00987D3-B7DD-49BA-84E4-A0E0855649A3}.Release|Any CPU.ActiveCfg = Release|Any CPU
		{B00987D3-B7DD-49BA-84E4-A0E0855649A3}.Release|Any CPU.Build.0 = Release|Any CPU
		{B00987D3-B7DD-49BA-84E4-A0E0855649A3}.Release|x64.ActiveCfg = Release|Any CPU
		{B00987D3-B7DD-49BA-84E4-A0E0855649A3}.Release|x64.Build.0 = Release|Any CPU
		{B00987D3-B7DD-49BA-84E4-A0E0855649A3}.Release|x86.ActiveCfg = Release|Any CPU
		{B00987D3-B7DD-49BA-84E4-A0E0855649A3}.Release|x86.Build.0 = Release|Any CPU
		{FBB10688-6F9C-46C8-B2E7-47F0BEE9AF90}.Debug|Any CPU.ActiveCfg = Debug|Any CPU
		{FBB10688-6F9C-46C8-B2E7-47F0BEE9AF90}.Debug|Any CPU.Build.0 = Debug|Any CPU
		{FBB10688-6F9C-46C8-B2E7-47F0BEE9AF90}.Debug|x64.ActiveCfg = Debug|Any CPU
		{FBB10688-6F9C-46C8-B2E7-47F0BEE9AF90}.Debug|x64.Build.0 = Debug|Any CPU
		{FBB10688-6F9C-46C8-B2E7-47F0BEE9AF90}.Debug|x86.ActiveCfg = Debug|Any CPU
		{FBB10688-6F9C-46C8-B2E7-47F0BEE9AF90}.Debug|x86.Build.0 = Debug|Any CPU
		{FBB10688-6F9C-46C8-B2E7-47F0BEE9AF90}.Release|Any CPU.ActiveCfg = Release|Any CPU
		{FBB10688-6F9C-46C8-B2E7-47F0BEE9AF90}.Release|Any CPU.Build.0 = Release|Any CPU
		{FBB10688-6F9C-46C8-B2E7-47F0BEE9AF90}.Release|x64.ActiveCfg = Release|Any CPU
		{FBB10688-6F9C-46C8-B2E7-47F0BEE9AF90}.Release|x64.Build.0 = Release|Any CPU
		{FBB10688-6F9C-46C8-B2E7-47F0BEE9AF90}.Release|x86.ActiveCfg = Release|Any CPU
		{FBB10688-6F9C-46C8-B2E7-47F0BEE9AF90}.Release|x86.Build.0 = Release|Any CPU
		{688F9D77-E480-4507-A073-0CF2AD094DED}.Debug|Any CPU.ActiveCfg = Debug|Any CPU
		{688F9D77-E480-4507-A073-0CF2AD094DED}.Debug|Any CPU.Build.0 = Debug|Any CPU
		{688F9D77-E480-4507-A073-0CF2AD094DED}.Debug|x64.ActiveCfg = Debug|Any CPU
		{688F9D77-E480-4507-A073-0CF2AD094DED}.Debug|x64.Build.0 = Debug|Any CPU
		{688F9D77-E480-4507-A073-0CF2AD094DED}.Debug|x86.ActiveCfg = Debug|Any CPU
		{688F9D77-E480-4507-A073-0CF2AD094DED}.Debug|x86.Build.0 = Debug|Any CPU
		{688F9D77-E480-4507-A073-0CF2AD094DED}.Release|Any CPU.ActiveCfg = Release|Any CPU
		{688F9D77-E480-4507-A073-0CF2AD094DED}.Release|Any CPU.Build.0 = Release|Any CPU
		{688F9D77-E480-4507-A073-0CF2AD094DED}.Release|x64.ActiveCfg = Release|Any CPU
		{688F9D77-E480-4507-A073-0CF2AD094DED}.Release|x64.Build.0 = Release|Any CPU
		{688F9D77-E480-4507-A073-0CF2AD094DED}.Release|x86.ActiveCfg = Release|Any CPU
		{688F9D77-E480-4507-A073-0CF2AD094DED}.Release|x86.Build.0 = Release|Any CPU
		{44837E16-326E-4B67-ABE2-E07063BC93CB}.Debug|Any CPU.ActiveCfg = Debug|Any CPU
		{44837E16-326E-4B67-ABE2-E07063BC93CB}.Debug|Any CPU.Build.0 = Debug|Any CPU
		{44837E16-326E-4B67-ABE2-E07063BC93CB}.Debug|x64.ActiveCfg = Debug|Any CPU
		{44837E16-326E-4B67-ABE2-E07063BC93CB}.Debug|x64.Build.0 = Debug|Any CPU
		{44837E16-326E-4B67-ABE2-E07063BC93CB}.Debug|x86.ActiveCfg = Debug|Any CPU
		{44837E16-326E-4B67-ABE2-E07063BC93CB}.Debug|x86.Build.0 = Debug|Any CPU
		{44837E16-326E-4B67-ABE2-E07063BC93CB}.Release|Any CPU.ActiveCfg = Release|Any CPU
		{44837E16-326E-4B67-ABE2-E07063BC93CB}.Release|Any CPU.Build.0 = Release|Any CPU
		{44837E16-326E-4B67-ABE2-E07063BC93CB}.Release|x64.ActiveCfg = Release|Any CPU
		{44837E16-326E-4B67-ABE2-E07063BC93CB}.Release|x64.Build.0 = Release|Any CPU
		{44837E16-326E-4B67-ABE2-E07063BC93CB}.Release|x86.ActiveCfg = Release|Any CPU
		{44837E16-326E-4B67-ABE2-E07063BC93CB}.Release|x86.Build.0 = Release|Any CPU
		{2F520B32-8419-4FA5-A915-5A1B8D5956AB}.Debug|Any CPU.ActiveCfg = Debug|Any CPU
		{2F520B32-8419-4FA5-A915-5A1B8D5956AB}.Debug|Any CPU.Build.0 = Debug|Any CPU
		{2F520B32-8419-4FA5-A915-5A1B8D5956AB}.Debug|x64.ActiveCfg = Debug|Any CPU
		{2F520B32-8419-4FA5-A915-5A1B8D5956AB}.Debug|x64.Build.0 = Debug|Any CPU
		{2F520B32-8419-4FA5-A915-5A1B8D5956AB}.Debug|x86.ActiveCfg = Debug|Any CPU
		{2F520B32-8419-4FA5-A915-5A1B8D5956AB}.Debug|x86.Build.0 = Debug|Any CPU
		{2F520B32-8419-4FA5-A915-5A1B8D5956AB}.Release|Any CPU.ActiveCfg = Release|Any CPU
		{2F520B32-8419-4FA5-A915-5A1B8D5956AB}.Release|Any CPU.Build.0 = Release|Any CPU
		{2F520B32-8419-4FA5-A915-5A1B8D5956AB}.Release|x64.ActiveCfg = Release|Any CPU
		{2F520B32-8419-4FA5-A915-5A1B8D5956AB}.Release|x64.Build.0 = Release|Any CPU
		{2F520B32-8419-4FA5-A915-5A1B8D5956AB}.Release|x86.ActiveCfg = Release|Any CPU
		{2F520B32-8419-4FA5-A915-5A1B8D5956AB}.Release|x86.Build.0 = Release|Any CPU
		{D1544A20-8B94-404B-8BC1-790C1CDCD488}.Debug|Any CPU.ActiveCfg = Debug|Any CPU
		{D1544A20-8B94-404B-8BC1-790C1CDCD488}.Debug|Any CPU.Build.0 = Debug|Any CPU
		{D1544A20-8B94-404B-8BC1-790C1CDCD488}.Debug|x64.ActiveCfg = Debug|Any CPU
		{D1544A20-8B94-404B-8BC1-790C1CDCD488}.Debug|x64.Build.0 = Debug|Any CPU
		{D1544A20-8B94-404B-8BC1-790C1CDCD488}.Debug|x86.ActiveCfg = Debug|Any CPU
		{D1544A20-8B94-404B-8BC1-790C1CDCD488}.Debug|x86.Build.0 = Debug|Any CPU
		{D1544A20-8B94-404B-8BC1-790C1CDCD488}.Release|Any CPU.ActiveCfg = Release|Any CPU
		{D1544A20-8B94-404B-8BC1-790C1CDCD488}.Release|Any CPU.Build.0 = Release|Any CPU
		{D1544A20-8B94-404B-8BC1-790C1CDCD488}.Release|x64.ActiveCfg = Release|Any CPU
		{D1544A20-8B94-404B-8BC1-790C1CDCD488}.Release|x64.Build.0 = Release|Any CPU
		{D1544A20-8B94-404B-8BC1-790C1CDCD488}.Release|x86.ActiveCfg = Release|Any CPU
		{D1544A20-8B94-404B-8BC1-790C1CDCD488}.Release|x86.Build.0 = Release|Any CPU
		{9451D519-E671-444A-A631-A5D43F8E85C2}.Debug|Any CPU.ActiveCfg = Debug|Any CPU
		{9451D519-E671-444A-A631-A5D43F8E85C2}.Debug|Any CPU.Build.0 = Debug|Any CPU
		{9451D519-E671-444A-A631-A5D43F8E85C2}.Debug|x64.ActiveCfg = Debug|Any CPU
		{9451D519-E671-444A-A631-A5D43F8E85C2}.Debug|x64.Build.0 = Debug|Any CPU
		{9451D519-E671-444A-A631-A5D43F8E85C2}.Debug|x86.ActiveCfg = Debug|Any CPU
		{9451D519-E671-444A-A631-A5D43F8E85C2}.Debug|x86.Build.0 = Debug|Any CPU
		{9451D519-E671-444A-A631-A5D43F8E85C2}.Release|Any CPU.ActiveCfg = Release|Any CPU
		{9451D519-E671-444A-A631-A5D43F8E85C2}.Release|Any CPU.Build.0 = Release|Any CPU
		{9451D519-E671-444A-A631-A5D43F8E85C2}.Release|x64.ActiveCfg = Release|Any CPU
		{9451D519-E671-444A-A631-A5D43F8E85C2}.Release|x64.Build.0 = Release|Any CPU
		{9451D519-E671-444A-A631-A5D43F8E85C2}.Release|x86.ActiveCfg = Release|Any CPU
		{9451D519-E671-444A-A631-A5D43F8E85C2}.Release|x86.Build.0 = Release|Any CPU
		{7F373C0A-4F32-4887-B03E-C1589343295E}.Debug|Any CPU.ActiveCfg = Debug|Any CPU
		{7F373C0A-4F32-4887-B03E-C1589343295E}.Debug|Any CPU.Build.0 = Debug|Any CPU
		{7F373C0A-4F32-4887-B03E-C1589343295E}.Debug|x64.ActiveCfg = Debug|Any CPU
		{7F373C0A-4F32-4887-B03E-C1589343295E}.Debug|x64.Build.0 = Debug|Any CPU
		{7F373C0A-4F32-4887-B03E-C1589343295E}.Debug|x86.ActiveCfg = Debug|Any CPU
		{7F373C0A-4F32-4887-B03E-C1589343295E}.Debug|x86.Build.0 = Debug|Any CPU
		{7F373C0A-4F32-4887-B03E-C1589343295E}.Release|Any CPU.ActiveCfg = Release|Any CPU
		{7F373C0A-4F32-4887-B03E-C1589343295E}.Release|Any CPU.Build.0 = Release|Any CPU
		{7F373C0A-4F32-4887-B03E-C1589343295E}.Release|x64.ActiveCfg = Release|Any CPU
		{7F373C0A-4F32-4887-B03E-C1589343295E}.Release|x64.Build.0 = Release|Any CPU
		{7F373C0A-4F32-4887-B03E-C1589343295E}.Release|x86.ActiveCfg = Release|Any CPU
		{7F373C0A-4F32-4887-B03E-C1589343295E}.Release|x86.Build.0 = Release|Any CPU
		{E0421DDA-6C99-48BD-99B8-F4FEAEB61B0E}.Debug|Any CPU.ActiveCfg = Debug|Any CPU
		{E0421DDA-6C99-48BD-99B8-F4FEAEB61B0E}.Debug|Any CPU.Build.0 = Debug|Any CPU
		{E0421DDA-6C99-48BD-99B8-F4FEAEB61B0E}.Debug|x64.ActiveCfg = Debug|Any CPU
		{E0421DDA-6C99-48BD-99B8-F4FEAEB61B0E}.Debug|x64.Build.0 = Debug|Any CPU
		{E0421DDA-6C99-48BD-99B8-F4FEAEB61B0E}.Debug|x86.ActiveCfg = Debug|Any CPU
		{E0421DDA-6C99-48BD-99B8-F4FEAEB61B0E}.Debug|x86.Build.0 = Debug|Any CPU
		{E0421DDA-6C99-48BD-99B8-F4FEAEB61B0E}.Release|Any CPU.ActiveCfg = Release|Any CPU
		{E0421DDA-6C99-48BD-99B8-F4FEAEB61B0E}.Release|Any CPU.Build.0 = Release|Any CPU
		{E0421DDA-6C99-48BD-99B8-F4FEAEB61B0E}.Release|x64.ActiveCfg = Release|Any CPU
		{E0421DDA-6C99-48BD-99B8-F4FEAEB61B0E}.Release|x64.Build.0 = Release|Any CPU
		{E0421DDA-6C99-48BD-99B8-F4FEAEB61B0E}.Release|x86.ActiveCfg = Release|Any CPU
		{E0421DDA-6C99-48BD-99B8-F4FEAEB61B0E}.Release|x86.Build.0 = Release|Any CPU
		{59938267-2A6A-4109-BE88-BB5393EED3D1}.Debug|Any CPU.ActiveCfg = Debug|Any CPU
		{59938267-2A6A-4109-BE88-BB5393EED3D1}.Debug|Any CPU.Build.0 = Debug|Any CPU
		{59938267-2A6A-4109-BE88-BB5393EED3D1}.Debug|x64.ActiveCfg = Debug|Any CPU
		{59938267-2A6A-4109-BE88-BB5393EED3D1}.Debug|x64.Build.0 = Debug|Any CPU
		{59938267-2A6A-4109-BE88-BB5393EED3D1}.Debug|x86.ActiveCfg = Debug|Any CPU
		{59938267-2A6A-4109-BE88-BB5393EED3D1}.Debug|x86.Build.0 = Debug|Any CPU
		{59938267-2A6A-4109-BE88-BB5393EED3D1}.Release|Any CPU.ActiveCfg = Release|Any CPU
		{59938267-2A6A-4109-BE88-BB5393EED3D1}.Release|Any CPU.Build.0 = Release|Any CPU
		{59938267-2A6A-4109-BE88-BB5393EED3D1}.Release|x64.ActiveCfg = Release|Any CPU
		{59938267-2A6A-4109-BE88-BB5393EED3D1}.Release|x64.Build.0 = Release|Any CPU
		{59938267-2A6A-4109-BE88-BB5393EED3D1}.Release|x86.ActiveCfg = Release|Any CPU
		{59938267-2A6A-4109-BE88-BB5393EED3D1}.Release|x86.Build.0 = Release|Any CPU
		{D2E1E44C-FECE-4C01-BD1C-52B2880CC204}.Debug|Any CPU.ActiveCfg = Debug|Any CPU
		{D2E1E44C-FECE-4C01-BD1C-52B2880CC204}.Debug|Any CPU.Build.0 = Debug|Any CPU
		{D2E1E44C-FECE-4C01-BD1C-52B2880CC204}.Debug|x64.ActiveCfg = Debug|Any CPU
		{D2E1E44C-FECE-4C01-BD1C-52B2880CC204}.Debug|x64.Build.0 = Debug|Any CPU
		{D2E1E44C-FECE-4C01-BD1C-52B2880CC204}.Debug|x86.ActiveCfg = Debug|Any CPU
		{D2E1E44C-FECE-4C01-BD1C-52B2880CC204}.Debug|x86.Build.0 = Debug|Any CPU
		{D2E1E44C-FECE-4C01-BD1C-52B2880CC204}.Release|Any CPU.ActiveCfg = Release|Any CPU
		{D2E1E44C-FECE-4C01-BD1C-52B2880CC204}.Release|Any CPU.Build.0 = Release|Any CPU
		{D2E1E44C-FECE-4C01-BD1C-52B2880CC204}.Release|x64.ActiveCfg = Release|Any CPU
		{D2E1E44C-FECE-4C01-BD1C-52B2880CC204}.Release|x64.Build.0 = Release|Any CPU
		{D2E1E44C-FECE-4C01-BD1C-52B2880CC204}.Release|x86.ActiveCfg = Release|Any CPU
		{D2E1E44C-FECE-4C01-BD1C-52B2880CC204}.Release|x86.Build.0 = Release|Any CPU
		{D9ED394F-9431-468C-A00D-DDF1EE3E681D}.Debug|Any CPU.ActiveCfg = Debug|Any CPU
		{D9ED394F-9431-468C-A00D-DDF1EE3E681D}.Debug|Any CPU.Build.0 = Debug|Any CPU
		{D9ED394F-9431-468C-A00D-DDF1EE3E681D}.Debug|x64.ActiveCfg = Debug|Any CPU
		{D9ED394F-9431-468C-A00D-DDF1EE3E681D}.Debug|x64.Build.0 = Debug|Any CPU
		{D9ED394F-9431-468C-A00D-DDF1EE3E681D}.Debug|x86.ActiveCfg = Debug|Any CPU
		{D9ED394F-9431-468C-A00D-DDF1EE3E681D}.Debug|x86.Build.0 = Debug|Any CPU
		{D9ED394F-9431-468C-A00D-DDF1EE3E681D}.Release|Any CPU.ActiveCfg = Release|Any CPU
		{D9ED394F-9431-468C-A00D-DDF1EE3E681D}.Release|Any CPU.Build.0 = Release|Any CPU
		{D9ED394F-9431-468C-A00D-DDF1EE3E681D}.Release|x64.ActiveCfg = Release|Any CPU
		{D9ED394F-9431-468C-A00D-DDF1EE3E681D}.Release|x64.Build.0 = Release|Any CPU
		{D9ED394F-9431-468C-A00D-DDF1EE3E681D}.Release|x86.ActiveCfg = Release|Any CPU
		{D9ED394F-9431-468C-A00D-DDF1EE3E681D}.Release|x86.Build.0 = Release|Any CPU
		{1A38D6E0-BB1D-412D-B7F3-38B277A9B8DD}.Debug|Any CPU.ActiveCfg = Debug|Any CPU
		{1A38D6E0-BB1D-412D-B7F3-38B277A9B8DD}.Debug|Any CPU.Build.0 = Debug|Any CPU
		{1A38D6E0-BB1D-412D-B7F3-38B277A9B8DD}.Debug|x64.ActiveCfg = Debug|Any CPU
		{1A38D6E0-BB1D-412D-B7F3-38B277A9B8DD}.Debug|x64.Build.0 = Debug|Any CPU
		{1A38D6E0-BB1D-412D-B7F3-38B277A9B8DD}.Debug|x86.ActiveCfg = Debug|Any CPU
		{1A38D6E0-BB1D-412D-B7F3-38B277A9B8DD}.Debug|x86.Build.0 = Debug|Any CPU
		{1A38D6E0-BB1D-412D-B7F3-38B277A9B8DD}.Release|Any CPU.ActiveCfg = Release|Any CPU
		{1A38D6E0-BB1D-412D-B7F3-38B277A9B8DD}.Release|Any CPU.Build.0 = Release|Any CPU
		{1A38D6E0-BB1D-412D-B7F3-38B277A9B8DD}.Release|x64.ActiveCfg = Release|Any CPU
		{1A38D6E0-BB1D-412D-B7F3-38B277A9B8DD}.Release|x64.Build.0 = Release|Any CPU
		{1A38D6E0-BB1D-412D-B7F3-38B277A9B8DD}.Release|x86.ActiveCfg = Release|Any CPU
		{1A38D6E0-BB1D-412D-B7F3-38B277A9B8DD}.Release|x86.Build.0 = Release|Any CPU
		{D0A8526C-154A-46D2-B4F6-83531C6FBEBC}.Debug|Any CPU.ActiveCfg = Debug|Any CPU
		{D0A8526C-154A-46D2-B4F6-83531C6FBEBC}.Debug|Any CPU.Build.0 = Debug|Any CPU
		{D0A8526C-154A-46D2-B4F6-83531C6FBEBC}.Debug|x64.ActiveCfg = Debug|Any CPU
		{D0A8526C-154A-46D2-B4F6-83531C6FBEBC}.Debug|x64.Build.0 = Debug|Any CPU
		{D0A8526C-154A-46D2-B4F6-83531C6FBEBC}.Debug|x86.ActiveCfg = Debug|Any CPU
		{D0A8526C-154A-46D2-B4F6-83531C6FBEBC}.Debug|x86.Build.0 = Debug|Any CPU
		{D0A8526C-154A-46D2-B4F6-83531C6FBEBC}.Release|Any CPU.ActiveCfg = Release|Any CPU
		{D0A8526C-154A-46D2-B4F6-83531C6FBEBC}.Release|Any CPU.Build.0 = Release|Any CPU
		{D0A8526C-154A-46D2-B4F6-83531C6FBEBC}.Release|x64.ActiveCfg = Release|Any CPU
		{D0A8526C-154A-46D2-B4F6-83531C6FBEBC}.Release|x64.Build.0 = Release|Any CPU
		{D0A8526C-154A-46D2-B4F6-83531C6FBEBC}.Release|x86.ActiveCfg = Release|Any CPU
		{D0A8526C-154A-46D2-B4F6-83531C6FBEBC}.Release|x86.Build.0 = Release|Any CPU
		{ED4D762B-7A76-45E1-AF8F-E1A62667B9C0}.Debug|Any CPU.ActiveCfg = Debug|Any CPU
		{ED4D762B-7A76-45E1-AF8F-E1A62667B9C0}.Debug|Any CPU.Build.0 = Debug|Any CPU
		{ED4D762B-7A76-45E1-AF8F-E1A62667B9C0}.Debug|x64.ActiveCfg = Debug|Any CPU
		{ED4D762B-7A76-45E1-AF8F-E1A62667B9C0}.Debug|x64.Build.0 = Debug|Any CPU
		{ED4D762B-7A76-45E1-AF8F-E1A62667B9C0}.Debug|x86.ActiveCfg = Debug|Any CPU
		{ED4D762B-7A76-45E1-AF8F-E1A62667B9C0}.Debug|x86.Build.0 = Debug|Any CPU
		{ED4D762B-7A76-45E1-AF8F-E1A62667B9C0}.Release|Any CPU.ActiveCfg = Release|Any CPU
		{ED4D762B-7A76-45E1-AF8F-E1A62667B9C0}.Release|Any CPU.Build.0 = Release|Any CPU
		{ED4D762B-7A76-45E1-AF8F-E1A62667B9C0}.Release|x64.ActiveCfg = Release|Any CPU
		{ED4D762B-7A76-45E1-AF8F-E1A62667B9C0}.Release|x64.Build.0 = Release|Any CPU
		{ED4D762B-7A76-45E1-AF8F-E1A62667B9C0}.Release|x86.ActiveCfg = Release|Any CPU
		{ED4D762B-7A76-45E1-AF8F-E1A62667B9C0}.Release|x86.Build.0 = Release|Any CPU
		{416058A4-6402-4740-82DC-39C7BF61444C}.Debug|Any CPU.ActiveCfg = Debug|Any CPU
		{416058A4-6402-4740-82DC-39C7BF61444C}.Debug|Any CPU.Build.0 = Debug|Any CPU
		{416058A4-6402-4740-82DC-39C7BF61444C}.Debug|x64.ActiveCfg = Debug|Any CPU
		{416058A4-6402-4740-82DC-39C7BF61444C}.Debug|x64.Build.0 = Debug|Any CPU
		{416058A4-6402-4740-82DC-39C7BF61444C}.Debug|x86.ActiveCfg = Debug|Any CPU
		{416058A4-6402-4740-82DC-39C7BF61444C}.Debug|x86.Build.0 = Debug|Any CPU
		{416058A4-6402-4740-82DC-39C7BF61444C}.Release|Any CPU.ActiveCfg = Release|Any CPU
		{416058A4-6402-4740-82DC-39C7BF61444C}.Release|Any CPU.Build.0 = Release|Any CPU
		{416058A4-6402-4740-82DC-39C7BF61444C}.Release|x64.ActiveCfg = Release|Any CPU
		{416058A4-6402-4740-82DC-39C7BF61444C}.Release|x64.Build.0 = Release|Any CPU
		{416058A4-6402-4740-82DC-39C7BF61444C}.Release|x86.ActiveCfg = Release|Any CPU
		{416058A4-6402-4740-82DC-39C7BF61444C}.Release|x86.Build.0 = Release|Any CPU
		{76505078-E983-426E-857E-E766DBF31205}.Debug|Any CPU.ActiveCfg = Debug|Any CPU
		{76505078-E983-426E-857E-E766DBF31205}.Debug|Any CPU.Build.0 = Debug|Any CPU
		{76505078-E983-426E-857E-E766DBF31205}.Debug|x64.ActiveCfg = Debug|Any CPU
		{76505078-E983-426E-857E-E766DBF31205}.Debug|x64.Build.0 = Debug|Any CPU
		{76505078-E983-426E-857E-E766DBF31205}.Debug|x86.ActiveCfg = Debug|Any CPU
		{76505078-E983-426E-857E-E766DBF31205}.Debug|x86.Build.0 = Debug|Any CPU
		{76505078-E983-426E-857E-E766DBF31205}.Release|Any CPU.ActiveCfg = Release|Any CPU
		{76505078-E983-426E-857E-E766DBF31205}.Release|Any CPU.Build.0 = Release|Any CPU
		{76505078-E983-426E-857E-E766DBF31205}.Release|x64.ActiveCfg = Release|Any CPU
		{76505078-E983-426E-857E-E766DBF31205}.Release|x64.Build.0 = Release|Any CPU
		{76505078-E983-426E-857E-E766DBF31205}.Release|x86.ActiveCfg = Release|Any CPU
		{76505078-E983-426E-857E-E766DBF31205}.Release|x86.Build.0 = Release|Any CPU
		{6E461D11-05E5-480B-902F-2AFD38307A78}.Debug|Any CPU.ActiveCfg = Debug|Any CPU
		{6E461D11-05E5-480B-902F-2AFD38307A78}.Debug|Any CPU.Build.0 = Debug|Any CPU
		{6E461D11-05E5-480B-902F-2AFD38307A78}.Debug|x64.ActiveCfg = Debug|Any CPU
		{6E461D11-05E5-480B-902F-2AFD38307A78}.Debug|x64.Build.0 = Debug|Any CPU
		{6E461D11-05E5-480B-902F-2AFD38307A78}.Debug|x86.ActiveCfg = Debug|Any CPU
		{6E461D11-05E5-480B-902F-2AFD38307A78}.Debug|x86.Build.0 = Debug|Any CPU
		{6E461D11-05E5-480B-902F-2AFD38307A78}.Release|Any CPU.ActiveCfg = Release|Any CPU
		{6E461D11-05E5-480B-902F-2AFD38307A78}.Release|Any CPU.Build.0 = Release|Any CPU
		{6E461D11-05E5-480B-902F-2AFD38307A78}.Release|x64.ActiveCfg = Release|Any CPU
		{6E461D11-05E5-480B-902F-2AFD38307A78}.Release|x64.Build.0 = Release|Any CPU
		{6E461D11-05E5-480B-902F-2AFD38307A78}.Release|x86.ActiveCfg = Release|Any CPU
		{6E461D11-05E5-480B-902F-2AFD38307A78}.Release|x86.Build.0 = Release|Any CPU
		{6ACABAE2-F6C6-4542-BA83-8E297004D729}.Debug|Any CPU.ActiveCfg = Debug|Any CPU
		{6ACABAE2-F6C6-4542-BA83-8E297004D729}.Debug|Any CPU.Build.0 = Debug|Any CPU
		{6ACABAE2-F6C6-4542-BA83-8E297004D729}.Debug|x64.ActiveCfg = Debug|Any CPU
		{6ACABAE2-F6C6-4542-BA83-8E297004D729}.Debug|x64.Build.0 = Debug|Any CPU
		{6ACABAE2-F6C6-4542-BA83-8E297004D729}.Debug|x86.ActiveCfg = Debug|Any CPU
		{6ACABAE2-F6C6-4542-BA83-8E297004D729}.Debug|x86.Build.0 = Debug|Any CPU
		{6ACABAE2-F6C6-4542-BA83-8E297004D729}.Release|Any CPU.ActiveCfg = Release|Any CPU
		{6ACABAE2-F6C6-4542-BA83-8E297004D729}.Release|Any CPU.Build.0 = Release|Any CPU
		{6ACABAE2-F6C6-4542-BA83-8E297004D729}.Release|x64.ActiveCfg = Release|Any CPU
		{6ACABAE2-F6C6-4542-BA83-8E297004D729}.Release|x64.Build.0 = Release|Any CPU
		{6ACABAE2-F6C6-4542-BA83-8E297004D729}.Release|x86.ActiveCfg = Release|Any CPU
		{6ACABAE2-F6C6-4542-BA83-8E297004D729}.Release|x86.Build.0 = Release|Any CPU
		{5544F938-025D-4381-BE90-42070D44516B}.Debug|Any CPU.ActiveCfg = Debug|Any CPU
		{5544F938-025D-4381-BE90-42070D44516B}.Debug|Any CPU.Build.0 = Debug|Any CPU
		{5544F938-025D-4381-BE90-42070D44516B}.Debug|x64.ActiveCfg = Debug|Any CPU
		{5544F938-025D-4381-BE90-42070D44516B}.Debug|x64.Build.0 = Debug|Any CPU
		{5544F938-025D-4381-BE90-42070D44516B}.Debug|x86.ActiveCfg = Debug|Any CPU
		{5544F938-025D-4381-BE90-42070D44516B}.Debug|x86.Build.0 = Debug|Any CPU
		{5544F938-025D-4381-BE90-42070D44516B}.Release|Any CPU.ActiveCfg = Release|Any CPU
		{5544F938-025D-4381-BE90-42070D44516B}.Release|Any CPU.Build.0 = Release|Any CPU
		{5544F938-025D-4381-BE90-42070D44516B}.Release|x64.ActiveCfg = Release|Any CPU
		{5544F938-025D-4381-BE90-42070D44516B}.Release|x64.Build.0 = Release|Any CPU
		{5544F938-025D-4381-BE90-42070D44516B}.Release|x86.ActiveCfg = Release|Any CPU
		{5544F938-025D-4381-BE90-42070D44516B}.Release|x86.Build.0 = Release|Any CPU
		{46248A92-7249-4C4A-AFE2-F63B27ABFA81}.Debug|Any CPU.ActiveCfg = Debug|Any CPU
		{46248A92-7249-4C4A-AFE2-F63B27ABFA81}.Debug|Any CPU.Build.0 = Debug|Any CPU
		{46248A92-7249-4C4A-AFE2-F63B27ABFA81}.Debug|x64.ActiveCfg = Debug|Any CPU
		{46248A92-7249-4C4A-AFE2-F63B27ABFA81}.Debug|x64.Build.0 = Debug|Any CPU
		{46248A92-7249-4C4A-AFE2-F63B27ABFA81}.Debug|x86.ActiveCfg = Debug|Any CPU
		{46248A92-7249-4C4A-AFE2-F63B27ABFA81}.Debug|x86.Build.0 = Debug|Any CPU
		{46248A92-7249-4C4A-AFE2-F63B27ABFA81}.Release|Any CPU.ActiveCfg = Release|Any CPU
		{46248A92-7249-4C4A-AFE2-F63B27ABFA81}.Release|Any CPU.Build.0 = Release|Any CPU
		{46248A92-7249-4C4A-AFE2-F63B27ABFA81}.Release|x64.ActiveCfg = Release|Any CPU
		{46248A92-7249-4C4A-AFE2-F63B27ABFA81}.Release|x64.Build.0 = Release|Any CPU
		{46248A92-7249-4C4A-AFE2-F63B27ABFA81}.Release|x86.ActiveCfg = Release|Any CPU
		{46248A92-7249-4C4A-AFE2-F63B27ABFA81}.Release|x86.Build.0 = Release|Any CPU
		{F349337F-12E6-4F93-A2A5-6C2B0B15FAF9}.Debug|Any CPU.ActiveCfg = Debug|Any CPU
		{F349337F-12E6-4F93-A2A5-6C2B0B15FAF9}.Debug|Any CPU.Build.0 = Debug|Any CPU
		{F349337F-12E6-4F93-A2A5-6C2B0B15FAF9}.Debug|x64.ActiveCfg = Debug|Any CPU
		{F349337F-12E6-4F93-A2A5-6C2B0B15FAF9}.Debug|x64.Build.0 = Debug|Any CPU
		{F349337F-12E6-4F93-A2A5-6C2B0B15FAF9}.Debug|x86.ActiveCfg = Debug|Any CPU
		{F349337F-12E6-4F93-A2A5-6C2B0B15FAF9}.Debug|x86.Build.0 = Debug|Any CPU
		{F349337F-12E6-4F93-A2A5-6C2B0B15FAF9}.Release|Any CPU.ActiveCfg = Release|Any CPU
		{F349337F-12E6-4F93-A2A5-6C2B0B15FAF9}.Release|Any CPU.Build.0 = Release|Any CPU
		{F349337F-12E6-4F93-A2A5-6C2B0B15FAF9}.Release|x64.ActiveCfg = Release|Any CPU
		{F349337F-12E6-4F93-A2A5-6C2B0B15FAF9}.Release|x64.Build.0 = Release|Any CPU
		{F349337F-12E6-4F93-A2A5-6C2B0B15FAF9}.Release|x86.ActiveCfg = Release|Any CPU
		{F349337F-12E6-4F93-A2A5-6C2B0B15FAF9}.Release|x86.Build.0 = Release|Any CPU
		{4B026127-4A60-45CD-883F-D61509ECC171}.Debug|Any CPU.ActiveCfg = Debug|Any CPU
		{4B026127-4A60-45CD-883F-D61509ECC171}.Debug|Any CPU.Build.0 = Debug|Any CPU
		{4B026127-4A60-45CD-883F-D61509ECC171}.Debug|x64.ActiveCfg = Debug|Any CPU
		{4B026127-4A60-45CD-883F-D61509ECC171}.Debug|x64.Build.0 = Debug|Any CPU
		{4B026127-4A60-45CD-883F-D61509ECC171}.Debug|x86.ActiveCfg = Debug|Any CPU
		{4B026127-4A60-45CD-883F-D61509ECC171}.Debug|x86.Build.0 = Debug|Any CPU
		{4B026127-4A60-45CD-883F-D61509ECC171}.Release|Any CPU.ActiveCfg = Release|Any CPU
		{4B026127-4A60-45CD-883F-D61509ECC171}.Release|Any CPU.Build.0 = Release|Any CPU
		{4B026127-4A60-45CD-883F-D61509ECC171}.Release|x64.ActiveCfg = Release|Any CPU
		{4B026127-4A60-45CD-883F-D61509ECC171}.Release|x64.Build.0 = Release|Any CPU
		{4B026127-4A60-45CD-883F-D61509ECC171}.Release|x86.ActiveCfg = Release|Any CPU
		{4B026127-4A60-45CD-883F-D61509ECC171}.Release|x86.Build.0 = Release|Any CPU
		{1F4D4434-BC31-49D1-9E10-F168D852E84D}.Debug|Any CPU.ActiveCfg = Debug|Any CPU
		{1F4D4434-BC31-49D1-9E10-F168D852E84D}.Debug|Any CPU.Build.0 = Debug|Any CPU
		{1F4D4434-BC31-49D1-9E10-F168D852E84D}.Debug|x64.ActiveCfg = Debug|Any CPU
		{1F4D4434-BC31-49D1-9E10-F168D852E84D}.Debug|x64.Build.0 = Debug|Any CPU
		{1F4D4434-BC31-49D1-9E10-F168D852E84D}.Debug|x86.ActiveCfg = Debug|Any CPU
		{1F4D4434-BC31-49D1-9E10-F168D852E84D}.Debug|x86.Build.0 = Debug|Any CPU
		{1F4D4434-BC31-49D1-9E10-F168D852E84D}.Release|Any CPU.ActiveCfg = Release|Any CPU
		{1F4D4434-BC31-49D1-9E10-F168D852E84D}.Release|Any CPU.Build.0 = Release|Any CPU
		{1F4D4434-BC31-49D1-9E10-F168D852E84D}.Release|x64.ActiveCfg = Release|Any CPU
		{1F4D4434-BC31-49D1-9E10-F168D852E84D}.Release|x64.Build.0 = Release|Any CPU
		{1F4D4434-BC31-49D1-9E10-F168D852E84D}.Release|x86.ActiveCfg = Release|Any CPU
		{1F4D4434-BC31-49D1-9E10-F168D852E84D}.Release|x86.Build.0 = Release|Any CPU
		{46A0965B-BCAC-40C2-9D9B-52B68F361CE6}.Debug|Any CPU.ActiveCfg = Debug|Any CPU
		{46A0965B-BCAC-40C2-9D9B-52B68F361CE6}.Debug|Any CPU.Build.0 = Debug|Any CPU
		{46A0965B-BCAC-40C2-9D9B-52B68F361CE6}.Debug|x64.ActiveCfg = Debug|Any CPU
		{46A0965B-BCAC-40C2-9D9B-52B68F361CE6}.Debug|x64.Build.0 = Debug|Any CPU
		{46A0965B-BCAC-40C2-9D9B-52B68F361CE6}.Debug|x86.ActiveCfg = Debug|Any CPU
		{46A0965B-BCAC-40C2-9D9B-52B68F361CE6}.Debug|x86.Build.0 = Debug|Any CPU
		{46A0965B-BCAC-40C2-9D9B-52B68F361CE6}.Release|Any CPU.ActiveCfg = Release|Any CPU
		{46A0965B-BCAC-40C2-9D9B-52B68F361CE6}.Release|Any CPU.Build.0 = Release|Any CPU
		{46A0965B-BCAC-40C2-9D9B-52B68F361CE6}.Release|x64.ActiveCfg = Release|Any CPU
		{46A0965B-BCAC-40C2-9D9B-52B68F361CE6}.Release|x64.Build.0 = Release|Any CPU
		{46A0965B-BCAC-40C2-9D9B-52B68F361CE6}.Release|x86.ActiveCfg = Release|Any CPU
		{46A0965B-BCAC-40C2-9D9B-52B68F361CE6}.Release|x86.Build.0 = Release|Any CPU
		{92132C05-A8D8-42CD-84C0-F23C3F61D5FC}.Debug|Any CPU.ActiveCfg = Debug|Any CPU
		{92132C05-A8D8-42CD-84C0-F23C3F61D5FC}.Debug|Any CPU.Build.0 = Debug|Any CPU
		{92132C05-A8D8-42CD-84C0-F23C3F61D5FC}.Debug|x64.ActiveCfg = Debug|Any CPU
		{92132C05-A8D8-42CD-84C0-F23C3F61D5FC}.Debug|x64.Build.0 = Debug|Any CPU
		{92132C05-A8D8-42CD-84C0-F23C3F61D5FC}.Debug|x86.ActiveCfg = Debug|Any CPU
		{92132C05-A8D8-42CD-84C0-F23C3F61D5FC}.Debug|x86.Build.0 = Debug|Any CPU
		{92132C05-A8D8-42CD-84C0-F23C3F61D5FC}.Release|Any CPU.ActiveCfg = Release|Any CPU
		{92132C05-A8D8-42CD-84C0-F23C3F61D5FC}.Release|Any CPU.Build.0 = Release|Any CPU
		{92132C05-A8D8-42CD-84C0-F23C3F61D5FC}.Release|x64.ActiveCfg = Release|Any CPU
		{92132C05-A8D8-42CD-84C0-F23C3F61D5FC}.Release|x64.Build.0 = Release|Any CPU
		{92132C05-A8D8-42CD-84C0-F23C3F61D5FC}.Release|x86.ActiveCfg = Release|Any CPU
		{92132C05-A8D8-42CD-84C0-F23C3F61D5FC}.Release|x86.Build.0 = Release|Any CPU
		{1BC7A214-D414-45A1-95CC-0B61D4373782}.Debug|Any CPU.ActiveCfg = Debug|Any CPU
		{1BC7A214-D414-45A1-95CC-0B61D4373782}.Debug|Any CPU.Build.0 = Debug|Any CPU
		{1BC7A214-D414-45A1-95CC-0B61D4373782}.Debug|x64.ActiveCfg = Debug|Any CPU
		{1BC7A214-D414-45A1-95CC-0B61D4373782}.Debug|x64.Build.0 = Debug|Any CPU
		{1BC7A214-D414-45A1-95CC-0B61D4373782}.Debug|x86.ActiveCfg = Debug|Any CPU
		{1BC7A214-D414-45A1-95CC-0B61D4373782}.Debug|x86.Build.0 = Debug|Any CPU
		{1BC7A214-D414-45A1-95CC-0B61D4373782}.Release|Any CPU.ActiveCfg = Release|Any CPU
		{1BC7A214-D414-45A1-95CC-0B61D4373782}.Release|Any CPU.Build.0 = Release|Any CPU
		{1BC7A214-D414-45A1-95CC-0B61D4373782}.Release|x64.ActiveCfg = Release|Any CPU
		{1BC7A214-D414-45A1-95CC-0B61D4373782}.Release|x64.Build.0 = Release|Any CPU
		{1BC7A214-D414-45A1-95CC-0B61D4373782}.Release|x86.ActiveCfg = Release|Any CPU
		{1BC7A214-D414-45A1-95CC-0B61D4373782}.Release|x86.Build.0 = Release|Any CPU
		{C7171434-1D5B-4575-BA6C-6DAC7EC86929}.Debug|Any CPU.ActiveCfg = Debug|Any CPU
		{C7171434-1D5B-4575-BA6C-6DAC7EC86929}.Debug|Any CPU.Build.0 = Debug|Any CPU
		{C7171434-1D5B-4575-BA6C-6DAC7EC86929}.Debug|x64.ActiveCfg = Debug|Any CPU
		{C7171434-1D5B-4575-BA6C-6DAC7EC86929}.Debug|x64.Build.0 = Debug|Any CPU
		{C7171434-1D5B-4575-BA6C-6DAC7EC86929}.Debug|x86.ActiveCfg = Debug|Any CPU
		{C7171434-1D5B-4575-BA6C-6DAC7EC86929}.Debug|x86.Build.0 = Debug|Any CPU
		{C7171434-1D5B-4575-BA6C-6DAC7EC86929}.Release|Any CPU.ActiveCfg = Release|Any CPU
		{C7171434-1D5B-4575-BA6C-6DAC7EC86929}.Release|Any CPU.Build.0 = Release|Any CPU
		{C7171434-1D5B-4575-BA6C-6DAC7EC86929}.Release|x64.ActiveCfg = Release|Any CPU
		{C7171434-1D5B-4575-BA6C-6DAC7EC86929}.Release|x64.Build.0 = Release|Any CPU
		{C7171434-1D5B-4575-BA6C-6DAC7EC86929}.Release|x86.ActiveCfg = Release|Any CPU
		{C7171434-1D5B-4575-BA6C-6DAC7EC86929}.Release|x86.Build.0 = Release|Any CPU
		{0CF8A6A5-5765-4B02-A909-CB1725D0F58E}.Debug|Any CPU.ActiveCfg = Debug|Any CPU
		{0CF8A6A5-5765-4B02-A909-CB1725D0F58E}.Debug|Any CPU.Build.0 = Debug|Any CPU
		{0CF8A6A5-5765-4B02-A909-CB1725D0F58E}.Debug|x64.ActiveCfg = Debug|Any CPU
		{0CF8A6A5-5765-4B02-A909-CB1725D0F58E}.Debug|x64.Build.0 = Debug|Any CPU
		{0CF8A6A5-5765-4B02-A909-CB1725D0F58E}.Debug|x86.ActiveCfg = Debug|Any CPU
		{0CF8A6A5-5765-4B02-A909-CB1725D0F58E}.Debug|x86.Build.0 = Debug|Any CPU
		{0CF8A6A5-5765-4B02-A909-CB1725D0F58E}.Release|Any CPU.ActiveCfg = Release|Any CPU
		{0CF8A6A5-5765-4B02-A909-CB1725D0F58E}.Release|Any CPU.Build.0 = Release|Any CPU
		{0CF8A6A5-5765-4B02-A909-CB1725D0F58E}.Release|x64.ActiveCfg = Release|Any CPU
		{0CF8A6A5-5765-4B02-A909-CB1725D0F58E}.Release|x64.Build.0 = Release|Any CPU
		{0CF8A6A5-5765-4B02-A909-CB1725D0F58E}.Release|x86.ActiveCfg = Release|Any CPU
		{0CF8A6A5-5765-4B02-A909-CB1725D0F58E}.Release|x86.Build.0 = Release|Any CPU
		{5E1EC3EA-9A5F-4E79-9586-DE5B77969701}.Debug|Any CPU.ActiveCfg = Debug|Any CPU
		{5E1EC3EA-9A5F-4E79-9586-DE5B77969701}.Debug|Any CPU.Build.0 = Debug|Any CPU
		{5E1EC3EA-9A5F-4E79-9586-DE5B77969701}.Debug|x64.ActiveCfg = Debug|Any CPU
		{5E1EC3EA-9A5F-4E79-9586-DE5B77969701}.Debug|x64.Build.0 = Debug|Any CPU
		{5E1EC3EA-9A5F-4E79-9586-DE5B77969701}.Debug|x86.ActiveCfg = Debug|Any CPU
		{5E1EC3EA-9A5F-4E79-9586-DE5B77969701}.Debug|x86.Build.0 = Debug|Any CPU
		{5E1EC3EA-9A5F-4E79-9586-DE5B77969701}.Release|Any CPU.ActiveCfg = Release|Any CPU
		{5E1EC3EA-9A5F-4E79-9586-DE5B77969701}.Release|Any CPU.Build.0 = Release|Any CPU
		{5E1EC3EA-9A5F-4E79-9586-DE5B77969701}.Release|x64.ActiveCfg = Release|Any CPU
		{5E1EC3EA-9A5F-4E79-9586-DE5B77969701}.Release|x64.Build.0 = Release|Any CPU
		{5E1EC3EA-9A5F-4E79-9586-DE5B77969701}.Release|x86.ActiveCfg = Release|Any CPU
		{5E1EC3EA-9A5F-4E79-9586-DE5B77969701}.Release|x86.Build.0 = Release|Any CPU
		{A58BCD70-E21A-44FF-986D-BF5A7317F1C2}.Debug|Any CPU.ActiveCfg = Debug|Any CPU
		{A58BCD70-E21A-44FF-986D-BF5A7317F1C2}.Debug|Any CPU.Build.0 = Debug|Any CPU
		{A58BCD70-E21A-44FF-986D-BF5A7317F1C2}.Debug|x64.ActiveCfg = Debug|Any CPU
		{A58BCD70-E21A-44FF-986D-BF5A7317F1C2}.Debug|x64.Build.0 = Debug|Any CPU
		{A58BCD70-E21A-44FF-986D-BF5A7317F1C2}.Debug|x86.ActiveCfg = Debug|Any CPU
		{A58BCD70-E21A-44FF-986D-BF5A7317F1C2}.Debug|x86.Build.0 = Debug|Any CPU
		{A58BCD70-E21A-44FF-986D-BF5A7317F1C2}.Release|Any CPU.ActiveCfg = Release|Any CPU
		{A58BCD70-E21A-44FF-986D-BF5A7317F1C2}.Release|Any CPU.Build.0 = Release|Any CPU
		{A58BCD70-E21A-44FF-986D-BF5A7317F1C2}.Release|x64.ActiveCfg = Release|Any CPU
		{A58BCD70-E21A-44FF-986D-BF5A7317F1C2}.Release|x64.Build.0 = Release|Any CPU
		{A58BCD70-E21A-44FF-986D-BF5A7317F1C2}.Release|x86.ActiveCfg = Release|Any CPU
		{A58BCD70-E21A-44FF-986D-BF5A7317F1C2}.Release|x86.Build.0 = Release|Any CPU
		{6C70D387-EAD2-420B-BDAD-7471ECF9759C}.Debug|Any CPU.ActiveCfg = Debug|Any CPU
		{6C70D387-EAD2-420B-BDAD-7471ECF9759C}.Debug|Any CPU.Build.0 = Debug|Any CPU
		{6C70D387-EAD2-420B-BDAD-7471ECF9759C}.Debug|x64.ActiveCfg = Debug|Any CPU
		{6C70D387-EAD2-420B-BDAD-7471ECF9759C}.Debug|x64.Build.0 = Debug|Any CPU
		{6C70D387-EAD2-420B-BDAD-7471ECF9759C}.Debug|x86.ActiveCfg = Debug|Any CPU
		{6C70D387-EAD2-420B-BDAD-7471ECF9759C}.Debug|x86.Build.0 = Debug|Any CPU
		{6C70D387-EAD2-420B-BDAD-7471ECF9759C}.Release|Any CPU.ActiveCfg = Release|Any CPU
		{6C70D387-EAD2-420B-BDAD-7471ECF9759C}.Release|Any CPU.Build.0 = Release|Any CPU
		{6C70D387-EAD2-420B-BDAD-7471ECF9759C}.Release|x64.ActiveCfg = Release|Any CPU
		{6C70D387-EAD2-420B-BDAD-7471ECF9759C}.Release|x64.Build.0 = Release|Any CPU
		{6C70D387-EAD2-420B-BDAD-7471ECF9759C}.Release|x86.ActiveCfg = Release|Any CPU
		{6C70D387-EAD2-420B-BDAD-7471ECF9759C}.Release|x86.Build.0 = Release|Any CPU
		{156307F1-A4DD-4E93-ADA4-E2CE096E40C5}.Debug|Any CPU.ActiveCfg = Debug|Any CPU
		{156307F1-A4DD-4E93-ADA4-E2CE096E40C5}.Debug|Any CPU.Build.0 = Debug|Any CPU
		{156307F1-A4DD-4E93-ADA4-E2CE096E40C5}.Debug|x64.ActiveCfg = Debug|Any CPU
		{156307F1-A4DD-4E93-ADA4-E2CE096E40C5}.Debug|x64.Build.0 = Debug|Any CPU
		{156307F1-A4DD-4E93-ADA4-E2CE096E40C5}.Debug|x86.ActiveCfg = Debug|Any CPU
		{156307F1-A4DD-4E93-ADA4-E2CE096E40C5}.Debug|x86.Build.0 = Debug|Any CPU
		{156307F1-A4DD-4E93-ADA4-E2CE096E40C5}.Release|Any CPU.ActiveCfg = Release|Any CPU
		{156307F1-A4DD-4E93-ADA4-E2CE096E40C5}.Release|Any CPU.Build.0 = Release|Any CPU
		{156307F1-A4DD-4E93-ADA4-E2CE096E40C5}.Release|x64.ActiveCfg = Release|Any CPU
		{156307F1-A4DD-4E93-ADA4-E2CE096E40C5}.Release|x64.Build.0 = Release|Any CPU
		{156307F1-A4DD-4E93-ADA4-E2CE096E40C5}.Release|x86.ActiveCfg = Release|Any CPU
		{156307F1-A4DD-4E93-ADA4-E2CE096E40C5}.Release|x86.Build.0 = Release|Any CPU
		{D3C6E689-6674-4B3E-9ACE-C02FB5FC6688}.Debug|Any CPU.ActiveCfg = Debug|Any CPU
		{D3C6E689-6674-4B3E-9ACE-C02FB5FC6688}.Debug|Any CPU.Build.0 = Debug|Any CPU
		{D3C6E689-6674-4B3E-9ACE-C02FB5FC6688}.Debug|x64.ActiveCfg = Debug|Any CPU
		{D3C6E689-6674-4B3E-9ACE-C02FB5FC6688}.Debug|x64.Build.0 = Debug|Any CPU
		{D3C6E689-6674-4B3E-9ACE-C02FB5FC6688}.Debug|x86.ActiveCfg = Debug|Any CPU
		{D3C6E689-6674-4B3E-9ACE-C02FB5FC6688}.Debug|x86.Build.0 = Debug|Any CPU
		{D3C6E689-6674-4B3E-9ACE-C02FB5FC6688}.Release|Any CPU.ActiveCfg = Release|Any CPU
		{D3C6E689-6674-4B3E-9ACE-C02FB5FC6688}.Release|Any CPU.Build.0 = Release|Any CPU
		{D3C6E689-6674-4B3E-9ACE-C02FB5FC6688}.Release|x64.ActiveCfg = Release|Any CPU
		{D3C6E689-6674-4B3E-9ACE-C02FB5FC6688}.Release|x64.Build.0 = Release|Any CPU
		{D3C6E689-6674-4B3E-9ACE-C02FB5FC6688}.Release|x86.ActiveCfg = Release|Any CPU
		{D3C6E689-6674-4B3E-9ACE-C02FB5FC6688}.Release|x86.Build.0 = Release|Any CPU
		{EBD6E11C-83D3-409E-A440-1D4ECCF1272B}.Debug|Any CPU.ActiveCfg = Debug|Any CPU
		{EBD6E11C-83D3-409E-A440-1D4ECCF1272B}.Debug|Any CPU.Build.0 = Debug|Any CPU
		{EBD6E11C-83D3-409E-A440-1D4ECCF1272B}.Debug|x64.ActiveCfg = Debug|Any CPU
		{EBD6E11C-83D3-409E-A440-1D4ECCF1272B}.Debug|x64.Build.0 = Debug|Any CPU
		{EBD6E11C-83D3-409E-A440-1D4ECCF1272B}.Debug|x86.ActiveCfg = Debug|Any CPU
		{EBD6E11C-83D3-409E-A440-1D4ECCF1272B}.Debug|x86.Build.0 = Debug|Any CPU
		{EBD6E11C-83D3-409E-A440-1D4ECCF1272B}.Release|Any CPU.ActiveCfg = Release|Any CPU
		{EBD6E11C-83D3-409E-A440-1D4ECCF1272B}.Release|Any CPU.Build.0 = Release|Any CPU
		{EBD6E11C-83D3-409E-A440-1D4ECCF1272B}.Release|x64.ActiveCfg = Release|Any CPU
		{EBD6E11C-83D3-409E-A440-1D4ECCF1272B}.Release|x64.Build.0 = Release|Any CPU
		{EBD6E11C-83D3-409E-A440-1D4ECCF1272B}.Release|x86.ActiveCfg = Release|Any CPU
		{EBD6E11C-83D3-409E-A440-1D4ECCF1272B}.Release|x86.Build.0 = Release|Any CPU
		{4733DE1D-9695-423A-A67E-270D472A89E5}.Debug|Any CPU.ActiveCfg = Debug|Any CPU
		{4733DE1D-9695-423A-A67E-270D472A89E5}.Debug|Any CPU.Build.0 = Debug|Any CPU
		{4733DE1D-9695-423A-A67E-270D472A89E5}.Debug|x64.ActiveCfg = Debug|Any CPU
		{4733DE1D-9695-423A-A67E-270D472A89E5}.Debug|x64.Build.0 = Debug|Any CPU
		{4733DE1D-9695-423A-A67E-270D472A89E5}.Debug|x86.ActiveCfg = Debug|Any CPU
		{4733DE1D-9695-423A-A67E-270D472A89E5}.Debug|x86.Build.0 = Debug|Any CPU
		{4733DE1D-9695-423A-A67E-270D472A89E5}.Release|Any CPU.ActiveCfg = Release|Any CPU
		{4733DE1D-9695-423A-A67E-270D472A89E5}.Release|Any CPU.Build.0 = Release|Any CPU
		{4733DE1D-9695-423A-A67E-270D472A89E5}.Release|x64.ActiveCfg = Release|Any CPU
		{4733DE1D-9695-423A-A67E-270D472A89E5}.Release|x64.Build.0 = Release|Any CPU
		{4733DE1D-9695-423A-A67E-270D472A89E5}.Release|x86.ActiveCfg = Release|Any CPU
		{4733DE1D-9695-423A-A67E-270D472A89E5}.Release|x86.Build.0 = Release|Any CPU
		{95A5D2B2-760E-4278-8EBA-5466B7FBDF24}.Debug|Any CPU.ActiveCfg = Debug|Any CPU
		{95A5D2B2-760E-4278-8EBA-5466B7FBDF24}.Debug|Any CPU.Build.0 = Debug|Any CPU
		{95A5D2B2-760E-4278-8EBA-5466B7FBDF24}.Debug|x64.ActiveCfg = Debug|Any CPU
		{95A5D2B2-760E-4278-8EBA-5466B7FBDF24}.Debug|x64.Build.0 = Debug|Any CPU
		{95A5D2B2-760E-4278-8EBA-5466B7FBDF24}.Debug|x86.ActiveCfg = Debug|Any CPU
		{95A5D2B2-760E-4278-8EBA-5466B7FBDF24}.Debug|x86.Build.0 = Debug|Any CPU
		{95A5D2B2-760E-4278-8EBA-5466B7FBDF24}.Release|Any CPU.ActiveCfg = Release|Any CPU
		{95A5D2B2-760E-4278-8EBA-5466B7FBDF24}.Release|Any CPU.Build.0 = Release|Any CPU
		{95A5D2B2-760E-4278-8EBA-5466B7FBDF24}.Release|x64.ActiveCfg = Release|Any CPU
		{95A5D2B2-760E-4278-8EBA-5466B7FBDF24}.Release|x64.Build.0 = Release|Any CPU
		{95A5D2B2-760E-4278-8EBA-5466B7FBDF24}.Release|x86.ActiveCfg = Release|Any CPU
		{95A5D2B2-760E-4278-8EBA-5466B7FBDF24}.Release|x86.Build.0 = Release|Any CPU
		{D7F85BCB-1CA7-49E9-A3CD-EC11D6C4C972}.Debug|Any CPU.ActiveCfg = Debug|Any CPU
		{D7F85BCB-1CA7-49E9-A3CD-EC11D6C4C972}.Debug|Any CPU.Build.0 = Debug|Any CPU
		{D7F85BCB-1CA7-49E9-A3CD-EC11D6C4C972}.Debug|x64.ActiveCfg = Debug|Any CPU
		{D7F85BCB-1CA7-49E9-A3CD-EC11D6C4C972}.Debug|x64.Build.0 = Debug|Any CPU
		{D7F85BCB-1CA7-49E9-A3CD-EC11D6C4C972}.Debug|x86.ActiveCfg = Debug|Any CPU
		{D7F85BCB-1CA7-49E9-A3CD-EC11D6C4C972}.Debug|x86.Build.0 = Debug|Any CPU
		{D7F85BCB-1CA7-49E9-A3CD-EC11D6C4C972}.Release|Any CPU.ActiveCfg = Release|Any CPU
		{D7F85BCB-1CA7-49E9-A3CD-EC11D6C4C972}.Release|Any CPU.Build.0 = Release|Any CPU
		{D7F85BCB-1CA7-49E9-A3CD-EC11D6C4C972}.Release|x64.ActiveCfg = Release|Any CPU
		{D7F85BCB-1CA7-49E9-A3CD-EC11D6C4C972}.Release|x64.Build.0 = Release|Any CPU
		{D7F85BCB-1CA7-49E9-A3CD-EC11D6C4C972}.Release|x86.ActiveCfg = Release|Any CPU
		{D7F85BCB-1CA7-49E9-A3CD-EC11D6C4C972}.Release|x86.Build.0 = Release|Any CPU
		{9F920193-9C82-4549-8C6F-05B373E2EF1A}.Debug|Any CPU.ActiveCfg = Debug|Any CPU
		{9F920193-9C82-4549-8C6F-05B373E2EF1A}.Debug|Any CPU.Build.0 = Debug|Any CPU
		{9F920193-9C82-4549-8C6F-05B373E2EF1A}.Debug|x64.ActiveCfg = Debug|Any CPU
		{9F920193-9C82-4549-8C6F-05B373E2EF1A}.Debug|x64.Build.0 = Debug|Any CPU
		{9F920193-9C82-4549-8C6F-05B373E2EF1A}.Debug|x86.ActiveCfg = Debug|Any CPU
		{9F920193-9C82-4549-8C6F-05B373E2EF1A}.Debug|x86.Build.0 = Debug|Any CPU
		{9F920193-9C82-4549-8C6F-05B373E2EF1A}.Release|Any CPU.ActiveCfg = Release|Any CPU
		{9F920193-9C82-4549-8C6F-05B373E2EF1A}.Release|Any CPU.Build.0 = Release|Any CPU
		{9F920193-9C82-4549-8C6F-05B373E2EF1A}.Release|x64.ActiveCfg = Release|Any CPU
		{9F920193-9C82-4549-8C6F-05B373E2EF1A}.Release|x64.Build.0 = Release|Any CPU
		{9F920193-9C82-4549-8C6F-05B373E2EF1A}.Release|x86.ActiveCfg = Release|Any CPU
		{9F920193-9C82-4549-8C6F-05B373E2EF1A}.Release|x86.Build.0 = Release|Any CPU
		{79F3E16C-58BB-4BB7-9E8F-203349F6FC08}.Debug|Any CPU.ActiveCfg = Debug|Any CPU
		{79F3E16C-58BB-4BB7-9E8F-203349F6FC08}.Debug|Any CPU.Build.0 = Debug|Any CPU
		{79F3E16C-58BB-4BB7-9E8F-203349F6FC08}.Debug|x64.ActiveCfg = Debug|Any CPU
		{79F3E16C-58BB-4BB7-9E8F-203349F6FC08}.Debug|x64.Build.0 = Debug|Any CPU
		{79F3E16C-58BB-4BB7-9E8F-203349F6FC08}.Debug|x86.ActiveCfg = Debug|Any CPU
		{79F3E16C-58BB-4BB7-9E8F-203349F6FC08}.Debug|x86.Build.0 = Debug|Any CPU
		{79F3E16C-58BB-4BB7-9E8F-203349F6FC08}.Release|Any CPU.ActiveCfg = Release|Any CPU
		{79F3E16C-58BB-4BB7-9E8F-203349F6FC08}.Release|Any CPU.Build.0 = Release|Any CPU
		{79F3E16C-58BB-4BB7-9E8F-203349F6FC08}.Release|x64.ActiveCfg = Release|Any CPU
		{79F3E16C-58BB-4BB7-9E8F-203349F6FC08}.Release|x64.Build.0 = Release|Any CPU
		{79F3E16C-58BB-4BB7-9E8F-203349F6FC08}.Release|x86.ActiveCfg = Release|Any CPU
		{79F3E16C-58BB-4BB7-9E8F-203349F6FC08}.Release|x86.Build.0 = Release|Any CPU
		{989439FE-A700-45CD-8DC2-9C0AF4FDE37E}.Debug|Any CPU.ActiveCfg = Debug|Any CPU
		{989439FE-A700-45CD-8DC2-9C0AF4FDE37E}.Debug|Any CPU.Build.0 = Debug|Any CPU
		{989439FE-A700-45CD-8DC2-9C0AF4FDE37E}.Debug|x64.ActiveCfg = Debug|Any CPU
		{989439FE-A700-45CD-8DC2-9C0AF4FDE37E}.Debug|x64.Build.0 = Debug|Any CPU
		{989439FE-A700-45CD-8DC2-9C0AF4FDE37E}.Debug|x86.ActiveCfg = Debug|Any CPU
		{989439FE-A700-45CD-8DC2-9C0AF4FDE37E}.Debug|x86.Build.0 = Debug|Any CPU
		{989439FE-A700-45CD-8DC2-9C0AF4FDE37E}.Release|Any CPU.ActiveCfg = Release|Any CPU
		{989439FE-A700-45CD-8DC2-9C0AF4FDE37E}.Release|Any CPU.Build.0 = Release|Any CPU
		{989439FE-A700-45CD-8DC2-9C0AF4FDE37E}.Release|x64.ActiveCfg = Release|Any CPU
		{989439FE-A700-45CD-8DC2-9C0AF4FDE37E}.Release|x64.Build.0 = Release|Any CPU
		{989439FE-A700-45CD-8DC2-9C0AF4FDE37E}.Release|x86.ActiveCfg = Release|Any CPU
		{989439FE-A700-45CD-8DC2-9C0AF4FDE37E}.Release|x86.Build.0 = Release|Any CPU
		{3D5D0322-A3D6-4BF5-925E-39BCB6F802D9}.Debug|Any CPU.ActiveCfg = Debug|Any CPU
		{3D5D0322-A3D6-4BF5-925E-39BCB6F802D9}.Debug|Any CPU.Build.0 = Debug|Any CPU
		{3D5D0322-A3D6-4BF5-925E-39BCB6F802D9}.Debug|x64.ActiveCfg = Debug|Any CPU
		{3D5D0322-A3D6-4BF5-925E-39BCB6F802D9}.Debug|x64.Build.0 = Debug|Any CPU
		{3D5D0322-A3D6-4BF5-925E-39BCB6F802D9}.Debug|x86.ActiveCfg = Debug|Any CPU
		{3D5D0322-A3D6-4BF5-925E-39BCB6F802D9}.Debug|x86.Build.0 = Debug|Any CPU
		{3D5D0322-A3D6-4BF5-925E-39BCB6F802D9}.Release|Any CPU.ActiveCfg = Release|Any CPU
		{3D5D0322-A3D6-4BF5-925E-39BCB6F802D9}.Release|Any CPU.Build.0 = Release|Any CPU
		{3D5D0322-A3D6-4BF5-925E-39BCB6F802D9}.Release|x64.ActiveCfg = Release|Any CPU
		{3D5D0322-A3D6-4BF5-925E-39BCB6F802D9}.Release|x64.Build.0 = Release|Any CPU
		{3D5D0322-A3D6-4BF5-925E-39BCB6F802D9}.Release|x86.ActiveCfg = Release|Any CPU
		{3D5D0322-A3D6-4BF5-925E-39BCB6F802D9}.Release|x86.Build.0 = Release|Any CPU
		{6EE4295D-88AD-4617-9408-E06C19033F02}.Debug|Any CPU.ActiveCfg = Debug|Any CPU
		{6EE4295D-88AD-4617-9408-E06C19033F02}.Debug|Any CPU.Build.0 = Debug|Any CPU
		{6EE4295D-88AD-4617-9408-E06C19033F02}.Debug|x64.ActiveCfg = Debug|Any CPU
		{6EE4295D-88AD-4617-9408-E06C19033F02}.Debug|x64.Build.0 = Debug|Any CPU
		{6EE4295D-88AD-4617-9408-E06C19033F02}.Debug|x86.ActiveCfg = Debug|Any CPU
		{6EE4295D-88AD-4617-9408-E06C19033F02}.Debug|x86.Build.0 = Debug|Any CPU
		{6EE4295D-88AD-4617-9408-E06C19033F02}.Release|Any CPU.ActiveCfg = Release|Any CPU
		{6EE4295D-88AD-4617-9408-E06C19033F02}.Release|Any CPU.Build.0 = Release|Any CPU
		{6EE4295D-88AD-4617-9408-E06C19033F02}.Release|x64.ActiveCfg = Release|Any CPU
		{6EE4295D-88AD-4617-9408-E06C19033F02}.Release|x64.Build.0 = Release|Any CPU
		{6EE4295D-88AD-4617-9408-E06C19033F02}.Release|x86.ActiveCfg = Release|Any CPU
		{6EE4295D-88AD-4617-9408-E06C19033F02}.Release|x86.Build.0 = Release|Any CPU
		{E93E09A4-E642-4F5D-BFAA-7DF7CEBBBA7F}.Debug|Any CPU.ActiveCfg = Debug|Any CPU
		{E93E09A4-E642-4F5D-BFAA-7DF7CEBBBA7F}.Debug|Any CPU.Build.0 = Debug|Any CPU
		{E93E09A4-E642-4F5D-BFAA-7DF7CEBBBA7F}.Debug|x64.ActiveCfg = Debug|Any CPU
		{E93E09A4-E642-4F5D-BFAA-7DF7CEBBBA7F}.Debug|x64.Build.0 = Debug|Any CPU
		{E93E09A4-E642-4F5D-BFAA-7DF7CEBBBA7F}.Debug|x86.ActiveCfg = Debug|Any CPU
		{E93E09A4-E642-4F5D-BFAA-7DF7CEBBBA7F}.Debug|x86.Build.0 = Debug|Any CPU
		{E93E09A4-E642-4F5D-BFAA-7DF7CEBBBA7F}.Release|Any CPU.ActiveCfg = Release|Any CPU
		{E93E09A4-E642-4F5D-BFAA-7DF7CEBBBA7F}.Release|Any CPU.Build.0 = Release|Any CPU
		{E93E09A4-E642-4F5D-BFAA-7DF7CEBBBA7F}.Release|x64.ActiveCfg = Release|Any CPU
		{E93E09A4-E642-4F5D-BFAA-7DF7CEBBBA7F}.Release|x64.Build.0 = Release|Any CPU
		{E93E09A4-E642-4F5D-BFAA-7DF7CEBBBA7F}.Release|x86.ActiveCfg = Release|Any CPU
		{E93E09A4-E642-4F5D-BFAA-7DF7CEBBBA7F}.Release|x86.Build.0 = Release|Any CPU
		{1C924E92-9F30-4806-980B-B98E1A3F2D69}.Debug|Any CPU.ActiveCfg = Debug|Any CPU
		{1C924E92-9F30-4806-980B-B98E1A3F2D69}.Debug|Any CPU.Build.0 = Debug|Any CPU
		{1C924E92-9F30-4806-980B-B98E1A3F2D69}.Debug|x64.ActiveCfg = Debug|Any CPU
		{1C924E92-9F30-4806-980B-B98E1A3F2D69}.Debug|x64.Build.0 = Debug|Any CPU
		{1C924E92-9F30-4806-980B-B98E1A3F2D69}.Debug|x86.ActiveCfg = Debug|Any CPU
		{1C924E92-9F30-4806-980B-B98E1A3F2D69}.Debug|x86.Build.0 = Debug|Any CPU
		{1C924E92-9F30-4806-980B-B98E1A3F2D69}.Release|Any CPU.ActiveCfg = Release|Any CPU
		{1C924E92-9F30-4806-980B-B98E1A3F2D69}.Release|Any CPU.Build.0 = Release|Any CPU
		{1C924E92-9F30-4806-980B-B98E1A3F2D69}.Release|x64.ActiveCfg = Release|Any CPU
		{1C924E92-9F30-4806-980B-B98E1A3F2D69}.Release|x64.Build.0 = Release|Any CPU
		{1C924E92-9F30-4806-980B-B98E1A3F2D69}.Release|x86.ActiveCfg = Release|Any CPU
		{1C924E92-9F30-4806-980B-B98E1A3F2D69}.Release|x86.Build.0 = Release|Any CPU
		{D71D3808-0768-4028-B7E0-E430FCF54CD6}.Debug|Any CPU.ActiveCfg = Debug|Any CPU
		{D71D3808-0768-4028-B7E0-E430FCF54CD6}.Debug|Any CPU.Build.0 = Debug|Any CPU
		{D71D3808-0768-4028-B7E0-E430FCF54CD6}.Debug|x64.ActiveCfg = Debug|Any CPU
		{D71D3808-0768-4028-B7E0-E430FCF54CD6}.Debug|x64.Build.0 = Debug|Any CPU
		{D71D3808-0768-4028-B7E0-E430FCF54CD6}.Debug|x86.ActiveCfg = Debug|Any CPU
		{D71D3808-0768-4028-B7E0-E430FCF54CD6}.Debug|x86.Build.0 = Debug|Any CPU
		{D71D3808-0768-4028-B7E0-E430FCF54CD6}.Release|Any CPU.ActiveCfg = Release|Any CPU
		{D71D3808-0768-4028-B7E0-E430FCF54CD6}.Release|Any CPU.Build.0 = Release|Any CPU
		{D71D3808-0768-4028-B7E0-E430FCF54CD6}.Release|x64.ActiveCfg = Release|Any CPU
		{D71D3808-0768-4028-B7E0-E430FCF54CD6}.Release|x64.Build.0 = Release|Any CPU
		{D71D3808-0768-4028-B7E0-E430FCF54CD6}.Release|x86.ActiveCfg = Release|Any CPU
		{D71D3808-0768-4028-B7E0-E430FCF54CD6}.Release|x86.Build.0 = Release|Any CPU
	EndGlobalSection
EndGlobal
